// !$*UTF8*$!
{
	archiveVersion = 1;
	classes = {
	};
	objectVersion = 56;
	objects = {

/* Begin PBXBuildFile section */
		541878542D0E21620089F478 /* HTTPMethod.swift in Sources */ = {isa = PBXBuildFile; fileRef = 541878532D0E21620089F478 /* HTTPMethod.swift */; };
		541878572D0E22700089F478 /* NetworkError.swift in Sources */ = {isa = PBXBuildFile; fileRef = 541878562D0E22700089F478 /* NetworkError.swift */; };
		541878612D0EC2970089F478 /* HTTPHeaderField.swift in Sources */ = {isa = PBXBuildFile; fileRef = 541878602D0EC2970089F478 /* HTTPHeaderField.swift */; };
		548566492D123C94002BAEE3 /* NetworkRequest.swift in Sources */ = {isa = PBXBuildFile; fileRef = 548566482D123C94002BAEE3 /* NetworkRequest.swift */; };
		5485664B2D123FC2002BAEE3 /* Network.swift in Sources */ = {isa = PBXBuildFile; fileRef = 5485664A2D123FC2002BAEE3 /* Network.swift */; };
		548566502D1241A4002BAEE3 /* ExampleRequest.swift in Sources */ = {isa = PBXBuildFile; fileRef = 5485664F2D1241A4002BAEE3 /* ExampleRequest.swift */; };
		548566522D1241BA002BAEE3 /* ExampleResponse.swift in Sources */ = {isa = PBXBuildFile; fileRef = 548566512D1241BA002BAEE3 /* ExampleResponse.swift */; };
		548566552D124260002BAEE3 /* ExampleService.swift in Sources */ = {isa = PBXBuildFile; fileRef = 548566542D124260002BAEE3 /* ExampleService.swift */; };
		54BC61552D14AFB70094DC45 /* LoginInputView.swift in Sources */ = {isa = PBXBuildFile; fileRef = 54BC61542D14AFB70094DC45 /* LoginInputView.swift */; };
		54BC61572D18141B0094DC45 /* AccountOptionsView.swift in Sources */ = {isa = PBXBuildFile; fileRef = 54BC61562D18141B0094DC45 /* AccountOptionsView.swift */; };
		54BC61592D1823F50094DC45 /* SocialLoginView.swift in Sources */ = {isa = PBXBuildFile; fileRef = 54BC61582D1823F50094DC45 /* SocialLoginView.swift */; };
		54C7A3102D146190001175D9 /* LoginViewController.swift in Sources */ = {isa = PBXBuildFile; fileRef = 54C7A30F2D146190001175D9 /* LoginViewController.swift */; };
		54C7A3132D1461A6001175D9 /* LoginMainView.swift in Sources */ = {isa = PBXBuildFile; fileRef = 54C7A3122D1461A6001175D9 /* LoginMainView.swift */; };
		54C7A3162D14A5A6001175D9 /* LoginLogoView.swift in Sources */ = {isa = PBXBuildFile; fileRef = 54C7A3152D14A5A6001175D9 /* LoginLogoView.swift */; };
		54DB0D992D0950DE00ABD458 /* ViewModel.swift in Sources */ = {isa = PBXBuildFile; fileRef = 54DB0D982D0950DE00ABD458 /* ViewModel.swift */; };
		54DB0D9D2D09513300ABD458 /* AppCoordinator.swift in Sources */ = {isa = PBXBuildFile; fileRef = 54DB0D9C2D09513300ABD458 /* AppCoordinator.swift */; };
		54DB0DA12D0951C000ABD458 /* Font+.swift in Sources */ = {isa = PBXBuildFile; fileRef = 54DB0DA02D0951C000ABD458 /* Font+.swift */; };
		54DB0DA52D099D6700ABD458 /* Colors.xcassets in Resources */ = {isa = PBXBuildFile; fileRef = 54DB0DA42D099D6700ABD458 /* Colors.xcassets */; };
		54E91B762D18FACD00474D0A /* RoundButton.swift in Sources */ = {isa = PBXBuildFile; fileRef = 54E91B752D18FACD00474D0A /* RoundButton.swift */; };
		E23963092D083B900092B39B /* AppDelegate.swift in Sources */ = {isa = PBXBuildFile; fileRef = E23963082D083B900092B39B /* AppDelegate.swift */; };
		E239630B2D083B900092B39B /* SceneDelegate.swift in Sources */ = {isa = PBXBuildFile; fileRef = E239630A2D083B900092B39B /* SceneDelegate.swift */; };
		E239630D2D083B900092B39B /* ViewController.swift in Sources */ = {isa = PBXBuildFile; fileRef = E239630C2D083B900092B39B /* ViewController.swift */; };
		E23963122D083B900092B39B /* Assets.xcassets in Resources */ = {isa = PBXBuildFile; fileRef = E23963112D083B900092B39B /* Assets.xcassets */; };
		E23963202D083B910092B39B /* QRIZTests.swift in Sources */ = {isa = PBXBuildFile; fileRef = E239631F2D083B910092B39B /* QRIZTests.swift */; };
		E239632A2D083B910092B39B /* QRIZUITests.swift in Sources */ = {isa = PBXBuildFile; fileRef = E23963292D083B910092B39B /* QRIZUITests.swift */; };
		E239632C2D083B910092B39B /* QRIZUITestsLaunchTests.swift in Sources */ = {isa = PBXBuildFile; fileRef = E239632B2D083B910092B39B /* QRIZUITestsLaunchTests.swift */; };
/* End PBXBuildFile section */

/* Begin PBXContainerItemProxy section */
		E239631C2D083B910092B39B /* PBXContainerItemProxy */ = {
			isa = PBXContainerItemProxy;
			containerPortal = E23962FD2D083B8F0092B39B /* Project object */;
			proxyType = 1;
			remoteGlobalIDString = E23963042D083B8F0092B39B;
			remoteInfo = QRIZ;
		};
		E23963262D083B910092B39B /* PBXContainerItemProxy */ = {
			isa = PBXContainerItemProxy;
			containerPortal = E23962FD2D083B8F0092B39B /* Project object */;
			proxyType = 1;
			remoteGlobalIDString = E23963042D083B8F0092B39B;
			remoteInfo = QRIZ;
		};
		E23963402D083BC30092B39B /* PBXContainerItemProxy */ = {
			isa = PBXContainerItemProxy;
			containerPortal = E23962FD2D083B8F0092B39B /* Project object */;
			proxyType = 1;
			remoteGlobalIDString = E23963042D083B8F0092B39B;
			remoteInfo = QRIZ;
		};
/* End PBXContainerItemProxy section */

/* Begin PBXFileReference section */
		541878532D0E21620089F478 /* HTTPMethod.swift */ = {isa = PBXFileReference; lastKnownFileType = sourcecode.swift; path = HTTPMethod.swift; sourceTree = "<group>"; };
		541878562D0E22700089F478 /* NetworkError.swift */ = {isa = PBXFileReference; lastKnownFileType = sourcecode.swift; path = NetworkError.swift; sourceTree = "<group>"; };
		541878602D0EC2970089F478 /* HTTPHeaderField.swift */ = {isa = PBXFileReference; lastKnownFileType = sourcecode.swift; path = HTTPHeaderField.swift; sourceTree = "<group>"; };
		548566482D123C94002BAEE3 /* NetworkRequest.swift */ = {isa = PBXFileReference; lastKnownFileType = sourcecode.swift; path = NetworkRequest.swift; sourceTree = "<group>"; };
		5485664A2D123FC2002BAEE3 /* Network.swift */ = {isa = PBXFileReference; lastKnownFileType = sourcecode.swift; path = Network.swift; sourceTree = "<group>"; };
		5485664F2D1241A4002BAEE3 /* ExampleRequest.swift */ = {isa = PBXFileReference; lastKnownFileType = sourcecode.swift; path = ExampleRequest.swift; sourceTree = "<group>"; };
		548566512D1241BA002BAEE3 /* ExampleResponse.swift */ = {isa = PBXFileReference; lastKnownFileType = sourcecode.swift; path = ExampleResponse.swift; sourceTree = "<group>"; };
		548566542D124260002BAEE3 /* ExampleService.swift */ = {isa = PBXFileReference; lastKnownFileType = sourcecode.swift; path = ExampleService.swift; sourceTree = "<group>"; };
		54BC61542D14AFB70094DC45 /* LoginInputView.swift */ = {isa = PBXFileReference; lastKnownFileType = sourcecode.swift; path = LoginInputView.swift; sourceTree = "<group>"; };
		54BC61562D18141B0094DC45 /* AccountOptionsView.swift */ = {isa = PBXFileReference; lastKnownFileType = sourcecode.swift; path = AccountOptionsView.swift; sourceTree = "<group>"; };
		54BC61582D1823F50094DC45 /* SocialLoginView.swift */ = {isa = PBXFileReference; lastKnownFileType = sourcecode.swift; path = SocialLoginView.swift; sourceTree = "<group>"; };
		54C7A30F2D146190001175D9 /* LoginViewController.swift */ = {isa = PBXFileReference; lastKnownFileType = sourcecode.swift; path = LoginViewController.swift; sourceTree = "<group>"; };
		54C7A3122D1461A6001175D9 /* LoginMainView.swift */ = {isa = PBXFileReference; lastKnownFileType = sourcecode.swift; path = LoginMainView.swift; sourceTree = "<group>"; };
		54C7A3152D14A5A6001175D9 /* LoginLogoView.swift */ = {isa = PBXFileReference; lastKnownFileType = sourcecode.swift; path = LoginLogoView.swift; sourceTree = "<group>"; };
		54DB0D982D0950DE00ABD458 /* ViewModel.swift */ = {isa = PBXFileReference; lastKnownFileType = sourcecode.swift; path = ViewModel.swift; sourceTree = "<group>"; };
		54DB0D9C2D09513300ABD458 /* AppCoordinator.swift */ = {isa = PBXFileReference; lastKnownFileType = sourcecode.swift; path = AppCoordinator.swift; sourceTree = "<group>"; };
		54DB0DA02D0951C000ABD458 /* Font+.swift */ = {isa = PBXFileReference; lastKnownFileType = sourcecode.swift; path = "Font+.swift"; sourceTree = "<group>"; };
		54DB0DA42D099D6700ABD458 /* Colors.xcassets */ = {isa = PBXFileReference; lastKnownFileType = folder.assetcatalog; path = Colors.xcassets; sourceTree = "<group>"; };
		54E91B752D18FACD00474D0A /* RoundButton.swift */ = {isa = PBXFileReference; lastKnownFileType = sourcecode.swift; path = RoundButton.swift; sourceTree = "<group>"; };
		E23963052D083B8F0092B39B /* QRIZ.app */ = {isa = PBXFileReference; explicitFileType = wrapper.application; includeInIndex = 0; path = QRIZ.app; sourceTree = BUILT_PRODUCTS_DIR; };
		E23963082D083B900092B39B /* AppDelegate.swift */ = {isa = PBXFileReference; lastKnownFileType = sourcecode.swift; path = AppDelegate.swift; sourceTree = "<group>"; };
		E239630A2D083B900092B39B /* SceneDelegate.swift */ = {isa = PBXFileReference; lastKnownFileType = sourcecode.swift; path = SceneDelegate.swift; sourceTree = "<group>"; };
		E239630C2D083B900092B39B /* ViewController.swift */ = {isa = PBXFileReference; lastKnownFileType = sourcecode.swift; path = ViewController.swift; sourceTree = "<group>"; };
		E23963112D083B900092B39B /* Assets.xcassets */ = {isa = PBXFileReference; lastKnownFileType = folder.assetcatalog; path = Assets.xcassets; sourceTree = "<group>"; };
		E23963162D083B900092B39B /* Info.plist */ = {isa = PBXFileReference; lastKnownFileType = text.plist.xml; path = Info.plist; sourceTree = "<group>"; };
		E239631B2D083B910092B39B /* QRIZTests.xctest */ = {isa = PBXFileReference; explicitFileType = wrapper.cfbundle; includeInIndex = 0; path = QRIZTests.xctest; sourceTree = BUILT_PRODUCTS_DIR; };
		E239631F2D083B910092B39B /* QRIZTests.swift */ = {isa = PBXFileReference; lastKnownFileType = sourcecode.swift; path = QRIZTests.swift; sourceTree = "<group>"; };
		E23963252D083B910092B39B /* QRIZUITests.xctest */ = {isa = PBXFileReference; explicitFileType = wrapper.cfbundle; includeInIndex = 0; path = QRIZUITests.xctest; sourceTree = BUILT_PRODUCTS_DIR; };
		E23963292D083B910092B39B /* QRIZUITests.swift */ = {isa = PBXFileReference; lastKnownFileType = sourcecode.swift; path = QRIZUITests.swift; sourceTree = "<group>"; };
		E239632B2D083B910092B39B /* QRIZUITestsLaunchTests.swift */ = {isa = PBXFileReference; lastKnownFileType = sourcecode.swift; path = QRIZUITestsLaunchTests.swift; sourceTree = "<group>"; };
		E239633C2D083BC30092B39B /* QRIZUnitTests.xctest */ = {isa = PBXFileReference; explicitFileType = wrapper.cfbundle; includeInIndex = 0; path = QRIZUnitTests.xctest; sourceTree = BUILT_PRODUCTS_DIR; };
/* End PBXFileReference section */

/* Begin PBXFrameworksBuildPhase section */
		E23963022D083B8F0092B39B /* Frameworks */ = {
			isa = PBXFrameworksBuildPhase;
			buildActionMask = 2147483647;
			files = (
			);
			runOnlyForDeploymentPostprocessing = 0;
		};
		E23963182D083B910092B39B /* Frameworks */ = {
			isa = PBXFrameworksBuildPhase;
			buildActionMask = 2147483647;
			files = (
			);
			runOnlyForDeploymentPostprocessing = 0;
		};
		E23963222D083B910092B39B /* Frameworks */ = {
			isa = PBXFrameworksBuildPhase;
			buildActionMask = 2147483647;
			files = (
			);
			runOnlyForDeploymentPostprocessing = 0;
		};
		E23963392D083BC30092B39B /* Frameworks */ = {
			isa = PBXFrameworksBuildPhase;
			buildActionMask = 2147483647;
			files = (
			);
			runOnlyForDeploymentPostprocessing = 0;
		};
/* End PBXFrameworksBuildPhase section */

/* Begin PBXGroup section */
		541878522D0E21250089F478 /* Network */ = {
			isa = PBXGroup;
			children = (
				541878552D0E22080089F478 /* Base */,
				5485664D2D12411F002BAEE3 /* DTOs */,
				548566532D1241CB002BAEE3 /* Service */,
			);
			path = Network;
			sourceTree = "<group>";
		};
		541878552D0E22080089F478 /* Base */ = {
			isa = PBXGroup;
			children = (
				541878532D0E21620089F478 /* HTTPMethod.swift */,
				541878562D0E22700089F478 /* NetworkError.swift */,
				541878602D0EC2970089F478 /* HTTPHeaderField.swift */,
				548566482D123C94002BAEE3 /* NetworkRequest.swift */,
				5485664A2D123FC2002BAEE3 /* Network.swift */,
			);
			path = Base;
			sourceTree = "<group>";
		};
		5485664D2D12411F002BAEE3 /* DTOs */ = {
			isa = PBXGroup;
			children = (
				5485664E2D124150002BAEE3 /* Example */,
			);
			path = DTOs;
			sourceTree = "<group>";
		};
		5485664E2D124150002BAEE3 /* Example */ = {
			isa = PBXGroup;
			children = (
				5485664F2D1241A4002BAEE3 /* ExampleRequest.swift */,
				548566512D1241BA002BAEE3 /* ExampleResponse.swift */,
			);
			path = Example;
			sourceTree = "<group>";
		};
		548566532D1241CB002BAEE3 /* Service */ = {
			isa = PBXGroup;
			children = (
				548566542D124260002BAEE3 /* ExampleService.swift */,
			);
			path = Service;
            sourceTree = "<group>";
        };
		54C7A30E2D14613B001175D9 /* Login */ = {
			isa = PBXGroup;
			children = (
				54C7A3112D146193001175D9 /* View */,
				54C7A30F2D146190001175D9 /* LoginViewController.swift */,
			);
			path = Login;
			sourceTree = "<group>";
		};
		54C7A3112D146193001175D9 /* View */ = {
			isa = PBXGroup;
			children = (
				54C7A3142D1461B2001175D9 /* Components */,
				54C7A3122D1461A6001175D9 /* LoginMainView.swift */,
			);
			path = View;
			sourceTree = "<group>";
		};
		54C7A3142D1461B2001175D9 /* Components */ = {
			isa = PBXGroup;
			children = (
				54C7A3152D14A5A6001175D9 /* LoginLogoView.swift */,
				54BC61542D14AFB70094DC45 /* LoginInputView.swift */,
				54BC61562D18141B0094DC45 /* AccountOptionsView.swift */,
				54BC61582D1823F50094DC45 /* SocialLoginView.swift */,
			);
			path = Components;
			sourceTree = "<group>";
		};
		54DB0D952D094FAA00ABD458 /* App */ = {
			isa = PBXGroup;
			children = (
				E23963082D083B900092B39B /* AppDelegate.swift */,
				E239630A2D083B900092B39B /* SceneDelegate.swift */,
			);
			path = App;
			sourceTree = "<group>";
		};
		54DB0D962D09506C00ABD458 /* Feature */ = {
			isa = PBXGroup;
			children = (
				54E91B742D18FA9600474D0A /* CommonViews */,
				54C7A30E2D14613B001175D9 /* Login */,
				54DB0D972D0950A500ABD458 /* Home */,
			);
			path = Feature;
			sourceTree = "<group>";
		};
		54DB0D972D0950A500ABD458 /* Home */ = {
			isa = PBXGroup;
			children = (
				E239630C2D083B900092B39B /* ViewController.swift */,
				54DB0D982D0950DE00ABD458 /* ViewModel.swift */,
			);
			path = Home;
			sourceTree = "<group>";
		};
		54DB0D9B2D09510A00ABD458 /* Coordinator */ = {
			isa = PBXGroup;
			children = (
				54DB0D9C2D09513300ABD458 /* AppCoordinator.swift */,
			);
			path = Coordinator;
			sourceTree = "<group>";
		};
		54DB0D9E2D09514000ABD458 /* Utils */ = {
			isa = PBXGroup;
			children = (
				54DB0D9F2D09519D00ABD458 /* Extensions */,
			);
			path = Utils;
			sourceTree = "<group>";
		};
		54DB0D9F2D09519D00ABD458 /* Extensions */ = {
			isa = PBXGroup;
			children = (
				54DB0DA02D0951C000ABD458 /* Font+.swift */,
			);
			path = Extensions;
			sourceTree = "<group>";
		};
		54DB0DA22D0951D400ABD458 /* Resources */ = {
			isa = PBXGroup;
			children = (
				E23963112D083B900092B39B /* Assets.xcassets */,
				54DB0DA42D099D6700ABD458 /* Colors.xcassets */,
			);
			path = Resources;
			sourceTree = "<group>";
		};
		54DB0DA32D09524E00ABD458 /* SupportingFiles */ = {
			isa = PBXGroup;
			children = (
				E23963162D083B900092B39B /* Info.plist */,
			);
			path = SupportingFiles;
			sourceTree = "<group>";
		};
		54E91B742D18FA9600474D0A /* CommonViews */ = {
			isa = PBXGroup;
			children = (
				54E91B752D18FACD00474D0A /* RoundButton.swift */,
			);
			path = CommonViews;
			sourceTree = "<group>";
		};
		E23962FC2D083B8F0092B39B = {
			isa = PBXGroup;
			children = (
				541878522D0E21250089F478 /* Network */,
				E23963072D083B8F0092B39B /* QRIZ */,
				E239631E2D083B910092B39B /* QRIZTests */,
				E23963282D083B910092B39B /* QRIZUITests */,
				E23963062D083B8F0092B39B /* Products */,
			);
			sourceTree = "<group>";
		};
		E23963062D083B8F0092B39B /* Products */ = {
			isa = PBXGroup;
			children = (
				E23963052D083B8F0092B39B /* QRIZ.app */,
				E239631B2D083B910092B39B /* QRIZTests.xctest */,
				E23963252D083B910092B39B /* QRIZUITests.xctest */,
				E239633C2D083BC30092B39B /* QRIZUnitTests.xctest */,
			);
			name = Products;
			sourceTree = "<group>";
		};
		E23963072D083B8F0092B39B /* QRIZ */ = {
			isa = PBXGroup;
			children = (
				54DB0D952D094FAA00ABD458 /* App */,
				54DB0D962D09506C00ABD458 /* Feature */,
				54DB0D9B2D09510A00ABD458 /* Coordinator */,
				54DB0D9E2D09514000ABD458 /* Utils */,
				54DB0DA22D0951D400ABD458 /* Resources */,
				54DB0DA32D09524E00ABD458 /* SupportingFiles */,
			);
			path = QRIZ;
			sourceTree = "<group>";
		};
		E239631E2D083B910092B39B /* QRIZTests */ = {
			isa = PBXGroup;
			children = (
				E239631F2D083B910092B39B /* QRIZTests.swift */,
			);
			path = QRIZTests;
			sourceTree = "<group>";
		};
		E23963282D083B910092B39B /* QRIZUITests */ = {
			isa = PBXGroup;
			children = (
				E23963292D083B910092B39B /* QRIZUITests.swift */,
				E239632B2D083B910092B39B /* QRIZUITestsLaunchTests.swift */,
			);
			path = QRIZUITests;
			sourceTree = "<group>";
		};
/* End PBXGroup section */

/* Begin PBXNativeTarget section */
		E23963042D083B8F0092B39B /* QRIZ */ = {
			isa = PBXNativeTarget;
			buildConfigurationList = E239632F2D083B910092B39B /* Build configuration list for PBXNativeTarget "QRIZ" */;
			buildPhases = (
				E23963012D083B8F0092B39B /* Sources */,
				E23963022D083B8F0092B39B /* Frameworks */,
				E23963032D083B8F0092B39B /* Resources */,
			);
			buildRules = (
			);
			dependencies = (
			);
			name = QRIZ;
			productName = QRIZ;
			productReference = E23963052D083B8F0092B39B /* QRIZ.app */;
			productType = "com.apple.product-type.application";
		};
		E239631A2D083B910092B39B /* QRIZTests */ = {
			isa = PBXNativeTarget;
			buildConfigurationList = E23963322D083B910092B39B /* Build configuration list for PBXNativeTarget "QRIZTests" */;
			buildPhases = (
				E23963172D083B910092B39B /* Sources */,
				E23963182D083B910092B39B /* Frameworks */,
				E23963192D083B910092B39B /* Resources */,
			);
			buildRules = (
			);
			dependencies = (
				E239631D2D083B910092B39B /* PBXTargetDependency */,
			);
			name = QRIZTests;
			productName = QRIZTests;
			productReference = E239631B2D083B910092B39B /* QRIZTests.xctest */;
			productType = "com.apple.product-type.bundle.unit-test";
		};
		E23963242D083B910092B39B /* QRIZUITests */ = {
			isa = PBXNativeTarget;
			buildConfigurationList = E23963352D083B910092B39B /* Build configuration list for PBXNativeTarget "QRIZUITests" */;
			buildPhases = (
				E23963212D083B910092B39B /* Sources */,
				E23963222D083B910092B39B /* Frameworks */,
				E23963232D083B910092B39B /* Resources */,
			);
			buildRules = (
			);
			dependencies = (
				E23963272D083B910092B39B /* PBXTargetDependency */,
			);
			name = QRIZUITests;
			productName = QRIZUITests;
			productReference = E23963252D083B910092B39B /* QRIZUITests.xctest */;
			productType = "com.apple.product-type.bundle.ui-testing";
		};
		E239633B2D083BC30092B39B /* QRIZUnitTests */ = {
			isa = PBXNativeTarget;
			buildConfigurationList = E23963422D083BC30092B39B /* Build configuration list for PBXNativeTarget "QRIZUnitTests" */;
			buildPhases = (
				E23963382D083BC30092B39B /* Sources */,
				E23963392D083BC30092B39B /* Frameworks */,
				E239633A2D083BC30092B39B /* Resources */,
			);
			buildRules = (
			);
			dependencies = (
				E23963412D083BC30092B39B /* PBXTargetDependency */,
			);
			name = QRIZUnitTests;
			productName = QRIZUnitTests;
			productReference = E239633C2D083BC30092B39B /* QRIZUnitTests.xctest */;
			productType = "com.apple.product-type.bundle.unit-test";
		};
/* End PBXNativeTarget section */

/* Begin PBXProject section */
		E23962FD2D083B8F0092B39B /* Project object */ = {
			isa = PBXProject;
			attributes = {
				BuildIndependentTargetsInParallel = 1;
				LastSwiftUpdateCheck = 1540;
				LastUpgradeCheck = 1540;
				TargetAttributes = {
					E23963042D083B8F0092B39B = {
						CreatedOnToolsVersion = 15.4;
					};
					E239631A2D083B910092B39B = {
						CreatedOnToolsVersion = 15.4;
						TestTargetID = E23963042D083B8F0092B39B;
					};
					E23963242D083B910092B39B = {
						CreatedOnToolsVersion = 15.4;
						TestTargetID = E23963042D083B8F0092B39B;
					};
					E239633B2D083BC30092B39B = {
						CreatedOnToolsVersion = 15.4;
						TestTargetID = E23963042D083B8F0092B39B;
					};
				};
			};
			buildConfigurationList = E23963002D083B8F0092B39B /* Build configuration list for PBXProject "QRIZ" */;
			compatibilityVersion = "Xcode 14.0";
			developmentRegion = en;
			hasScannedForEncodings = 0;
			knownRegions = (
				en,
				Base,
			);
			mainGroup = E23962FC2D083B8F0092B39B;
			productRefGroup = E23963062D083B8F0092B39B /* Products */;
			projectDirPath = "";
			projectRoot = "";
			targets = (
				E23963042D083B8F0092B39B /* QRIZ */,
				E239631A2D083B910092B39B /* QRIZTests */,
				E23963242D083B910092B39B /* QRIZUITests */,
				E239633B2D083BC30092B39B /* QRIZUnitTests */,
			);
		};
/* End PBXProject section */

/* Begin PBXResourcesBuildPhase section */
		E23963032D083B8F0092B39B /* Resources */ = {
			isa = PBXResourcesBuildPhase;
			buildActionMask = 2147483647;
			files = (
				E23963122D083B900092B39B /* Assets.xcassets in Resources */,
				54DB0DA52D099D6700ABD458 /* Colors.xcassets in Resources */,
			);
			runOnlyForDeploymentPostprocessing = 0;
		};
		E23963192D083B910092B39B /* Resources */ = {
			isa = PBXResourcesBuildPhase;
			buildActionMask = 2147483647;
			files = (
			);
			runOnlyForDeploymentPostprocessing = 0;
		};
		E23963232D083B910092B39B /* Resources */ = {
			isa = PBXResourcesBuildPhase;
			buildActionMask = 2147483647;
			files = (
			);
			runOnlyForDeploymentPostprocessing = 0;
		};
		E239633A2D083BC30092B39B /* Resources */ = {
			isa = PBXResourcesBuildPhase;
			buildActionMask = 2147483647;
			files = (
			);
			runOnlyForDeploymentPostprocessing = 0;
		};
/* End PBXResourcesBuildPhase section */

/* Begin PBXSourcesBuildPhase section */
		E23963012D083B8F0092B39B /* Sources */ = {
			isa = PBXSourcesBuildPhase;
			buildActionMask = 2147483647;
			files = (
				54C7A3102D146190001175D9 /* LoginViewController.swift in Sources */,
				54DB0DA12D0951C000ABD458 /* Font+.swift in Sources */,
				541878572D0E22700089F478 /* NetworkError.swift in Sources */,
				E239630D2D083B900092B39B /* ViewController.swift in Sources */,
				541878542D0E21620089F478 /* HTTPMethod.swift in Sources */,
				548566502D1241A4002BAEE3 /* ExampleRequest.swift in Sources */,
				548566522D1241BA002BAEE3 /* ExampleResponse.swift in Sources */,
				548566492D123C94002BAEE3 /* NetworkRequest.swift in Sources */,
				5485664B2D123FC2002BAEE3 /* Network.swift in Sources */,
				54BC61592D1823F50094DC45 /* SocialLoginView.swift in Sources */,
				E23963092D083B900092B39B /* AppDelegate.swift in Sources */,
				54DB0D9D2D09513300ABD458 /* AppCoordinator.swift in Sources */,
				54E91B762D18FACD00474D0A /* RoundButton.swift in Sources */,
				54DB0D992D0950DE00ABD458 /* ViewModel.swift in Sources */,
				541878612D0EC2970089F478 /* HTTPHeaderField.swift in Sources */,
				548566552D124260002BAEE3 /* ExampleService.swift in Sources */,
				E239630B2D083B900092B39B /* SceneDelegate.swift in Sources */,
				54BC61572D18141B0094DC45 /* AccountOptionsView.swift in Sources */,
				54BC61552D14AFB70094DC45 /* LoginInputView.swift in Sources */,
				54C7A3162D14A5A6001175D9 /* LoginLogoView.swift in Sources */,
				54C7A3132D1461A6001175D9 /* LoginMainView.swift in Sources */,
			);
			runOnlyForDeploymentPostprocessing = 0;
		};
		E23963172D083B910092B39B /* Sources */ = {
			isa = PBXSourcesBuildPhase;
			buildActionMask = 2147483647;
			files = (
				E23963202D083B910092B39B /* QRIZTests.swift in Sources */,
			);
			runOnlyForDeploymentPostprocessing = 0;
		};
		E23963212D083B910092B39B /* Sources */ = {
			isa = PBXSourcesBuildPhase;
			buildActionMask = 2147483647;
			files = (
				E239632C2D083B910092B39B /* QRIZUITestsLaunchTests.swift in Sources */,
				E239632A2D083B910092B39B /* QRIZUITests.swift in Sources */,
			);
			runOnlyForDeploymentPostprocessing = 0;
		};
		E23963382D083BC30092B39B /* Sources */ = {
			isa = PBXSourcesBuildPhase;
			buildActionMask = 2147483647;
			files = (
			);
			runOnlyForDeploymentPostprocessing = 0;
		};
/* End PBXSourcesBuildPhase section */

/* Begin PBXTargetDependency section */
		E239631D2D083B910092B39B /* PBXTargetDependency */ = {
			isa = PBXTargetDependency;
			target = E23963042D083B8F0092B39B /* QRIZ */;
			targetProxy = E239631C2D083B910092B39B /* PBXContainerItemProxy */;
		};
		E23963272D083B910092B39B /* PBXTargetDependency */ = {
			isa = PBXTargetDependency;
			target = E23963042D083B8F0092B39B /* QRIZ */;
			targetProxy = E23963262D083B910092B39B /* PBXContainerItemProxy */;
		};
		E23963412D083BC30092B39B /* PBXTargetDependency */ = {
			isa = PBXTargetDependency;
			target = E23963042D083B8F0092B39B /* QRIZ */;
			targetProxy = E23963402D083BC30092B39B /* PBXContainerItemProxy */;
		};
/* End PBXTargetDependency section */

/* Begin XCBuildConfiguration section */
		E239632D2D083B910092B39B /* Debug */ = {
			isa = XCBuildConfiguration;
			buildSettings = {
				ALWAYS_SEARCH_USER_PATHS = NO;
				ASSETCATALOG_COMPILER_GENERATE_SWIFT_ASSET_SYMBOL_EXTENSIONS = YES;
				CLANG_ANALYZER_NONNULL = YES;
				CLANG_ANALYZER_NUMBER_OBJECT_CONVERSION = YES_AGGRESSIVE;
				CLANG_CXX_LANGUAGE_STANDARD = "gnu++20";
				CLANG_ENABLE_MODULES = YES;
				CLANG_ENABLE_OBJC_ARC = YES;
				CLANG_ENABLE_OBJC_WEAK = YES;
				CLANG_WARN_BLOCK_CAPTURE_AUTORELEASING = YES;
				CLANG_WARN_BOOL_CONVERSION = YES;
				CLANG_WARN_COMMA = YES;
				CLANG_WARN_CONSTANT_CONVERSION = YES;
				CLANG_WARN_DEPRECATED_OBJC_IMPLEMENTATIONS = YES;
				CLANG_WARN_DIRECT_OBJC_ISA_USAGE = YES_ERROR;
				CLANG_WARN_DOCUMENTATION_COMMENTS = YES;
				CLANG_WARN_EMPTY_BODY = YES;
				CLANG_WARN_ENUM_CONVERSION = YES;
				CLANG_WARN_INFINITE_RECURSION = YES;
				CLANG_WARN_INT_CONVERSION = YES;
				CLANG_WARN_NON_LITERAL_NULL_CONVERSION = YES;
				CLANG_WARN_OBJC_IMPLICIT_RETAIN_SELF = YES;
				CLANG_WARN_OBJC_LITERAL_CONVERSION = YES;
				CLANG_WARN_OBJC_ROOT_CLASS = YES_ERROR;
				CLANG_WARN_QUOTED_INCLUDE_IN_FRAMEWORK_HEADER = YES;
				CLANG_WARN_RANGE_LOOP_ANALYSIS = YES;
				CLANG_WARN_STRICT_PROTOTYPES = YES;
				CLANG_WARN_SUSPICIOUS_MOVE = YES;
				CLANG_WARN_UNGUARDED_AVAILABILITY = YES_AGGRESSIVE;
				CLANG_WARN_UNREACHABLE_CODE = YES;
				CLANG_WARN__DUPLICATE_METHOD_MATCH = YES;
				COPY_PHASE_STRIP = NO;
				DEBUG_INFORMATION_FORMAT = dwarf;
				ENABLE_STRICT_OBJC_MSGSEND = YES;
				ENABLE_TESTABILITY = YES;
				ENABLE_USER_SCRIPT_SANDBOXING = YES;
				GCC_C_LANGUAGE_STANDARD = gnu17;
				GCC_DYNAMIC_NO_PIC = NO;
				GCC_NO_COMMON_BLOCKS = YES;
				GCC_OPTIMIZATION_LEVEL = 0;
				GCC_PREPROCESSOR_DEFINITIONS = (
					"DEBUG=1",
					"$(inherited)",
				);
				GCC_WARN_64_TO_32_BIT_CONVERSION = YES;
				GCC_WARN_ABOUT_RETURN_TYPE = YES_ERROR;
				GCC_WARN_UNDECLARED_SELECTOR = YES;
				GCC_WARN_UNINITIALIZED_AUTOS = YES_AGGRESSIVE;
				GCC_WARN_UNUSED_FUNCTION = YES;
				GCC_WARN_UNUSED_VARIABLE = YES;
				IPHONEOS_DEPLOYMENT_TARGET = 17.5;
				LOCALIZATION_PREFERS_STRING_CATALOGS = YES;
				MTL_ENABLE_DEBUG_INFO = INCLUDE_SOURCE;
				MTL_FAST_MATH = YES;
				ONLY_ACTIVE_ARCH = YES;
				SDKROOT = iphoneos;
				SWIFT_ACTIVE_COMPILATION_CONDITIONS = "DEBUG $(inherited)";
				SWIFT_OPTIMIZATION_LEVEL = "-Onone";
			};
			name = Debug;
		};
		E239632E2D083B910092B39B /* Release */ = {
			isa = XCBuildConfiguration;
			buildSettings = {
				ALWAYS_SEARCH_USER_PATHS = NO;
				ASSETCATALOG_COMPILER_GENERATE_SWIFT_ASSET_SYMBOL_EXTENSIONS = YES;
				CLANG_ANALYZER_NONNULL = YES;
				CLANG_ANALYZER_NUMBER_OBJECT_CONVERSION = YES_AGGRESSIVE;
				CLANG_CXX_LANGUAGE_STANDARD = "gnu++20";
				CLANG_ENABLE_MODULES = YES;
				CLANG_ENABLE_OBJC_ARC = YES;
				CLANG_ENABLE_OBJC_WEAK = YES;
				CLANG_WARN_BLOCK_CAPTURE_AUTORELEASING = YES;
				CLANG_WARN_BOOL_CONVERSION = YES;
				CLANG_WARN_COMMA = YES;
				CLANG_WARN_CONSTANT_CONVERSION = YES;
				CLANG_WARN_DEPRECATED_OBJC_IMPLEMENTATIONS = YES;
				CLANG_WARN_DIRECT_OBJC_ISA_USAGE = YES_ERROR;
				CLANG_WARN_DOCUMENTATION_COMMENTS = YES;
				CLANG_WARN_EMPTY_BODY = YES;
				CLANG_WARN_ENUM_CONVERSION = YES;
				CLANG_WARN_INFINITE_RECURSION = YES;
				CLANG_WARN_INT_CONVERSION = YES;
				CLANG_WARN_NON_LITERAL_NULL_CONVERSION = YES;
				CLANG_WARN_OBJC_IMPLICIT_RETAIN_SELF = YES;
				CLANG_WARN_OBJC_LITERAL_CONVERSION = YES;
				CLANG_WARN_OBJC_ROOT_CLASS = YES_ERROR;
				CLANG_WARN_QUOTED_INCLUDE_IN_FRAMEWORK_HEADER = YES;
				CLANG_WARN_RANGE_LOOP_ANALYSIS = YES;
				CLANG_WARN_STRICT_PROTOTYPES = YES;
				CLANG_WARN_SUSPICIOUS_MOVE = YES;
				CLANG_WARN_UNGUARDED_AVAILABILITY = YES_AGGRESSIVE;
				CLANG_WARN_UNREACHABLE_CODE = YES;
				CLANG_WARN__DUPLICATE_METHOD_MATCH = YES;
				COPY_PHASE_STRIP = NO;
				DEBUG_INFORMATION_FORMAT = "dwarf-with-dsym";
				ENABLE_NS_ASSERTIONS = NO;
				ENABLE_STRICT_OBJC_MSGSEND = YES;
				ENABLE_USER_SCRIPT_SANDBOXING = YES;
				GCC_C_LANGUAGE_STANDARD = gnu17;
				GCC_NO_COMMON_BLOCKS = YES;
				GCC_WARN_64_TO_32_BIT_CONVERSION = YES;
				GCC_WARN_ABOUT_RETURN_TYPE = YES_ERROR;
				GCC_WARN_UNDECLARED_SELECTOR = YES;
				GCC_WARN_UNINITIALIZED_AUTOS = YES_AGGRESSIVE;
				GCC_WARN_UNUSED_FUNCTION = YES;
				GCC_WARN_UNUSED_VARIABLE = YES;
				IPHONEOS_DEPLOYMENT_TARGET = 17.5;
				LOCALIZATION_PREFERS_STRING_CATALOGS = YES;
				MTL_ENABLE_DEBUG_INFO = NO;
				MTL_FAST_MATH = YES;
				SDKROOT = iphoneos;
				SWIFT_COMPILATION_MODE = wholemodule;
				VALIDATE_PRODUCT = YES;
			};
			name = Release;
		};
		E23963302D083B910092B39B /* Debug */ = {
			isa = XCBuildConfiguration;
			buildSettings = {
				ASSETCATALOG_COMPILER_APPICON_NAME = AppIcon;
				ASSETCATALOG_COMPILER_GLOBAL_ACCENT_COLOR_NAME = AccentColor;
				CODE_SIGN_STYLE = Automatic;
				CURRENT_PROJECT_VERSION = 1;
				DEVELOPMENT_TEAM = 876W82FDBV;
				GENERATE_INFOPLIST_FILE = YES;
				INFOPLIST_FILE = QRIZ/SupportingFiles/Info.plist;
				INFOPLIST_KEY_UIApplicationSupportsIndirectInputEvents = YES;
				INFOPLIST_KEY_UILaunchStoryboardName = LaunchScreen;
				INFOPLIST_KEY_UISupportedInterfaceOrientations_iPad = "UIInterfaceOrientationPortrait UIInterfaceOrientationPortraitUpsideDown UIInterfaceOrientationLandscapeLeft UIInterfaceOrientationLandscapeRight";
				INFOPLIST_KEY_UISupportedInterfaceOrientations_iPhone = "UIInterfaceOrientationPortrait UIInterfaceOrientationLandscapeLeft UIInterfaceOrientationLandscapeRight";
				IPHONEOS_DEPLOYMENT_TARGET = 15.0;
				LD_RUNPATH_SEARCH_PATHS = (
					"$(inherited)",
					"@executable_path/Frameworks",
				);
				MARKETING_VERSION = 1.0;
				PRODUCT_BUNDLE_IDENTIFIER = kr.QRIZ;
				PRODUCT_NAME = "$(TARGET_NAME)";
				SWIFT_EMIT_LOC_STRINGS = YES;
				SWIFT_VERSION = 5.0;
				TARGETED_DEVICE_FAMILY = "1,2";
			};
			name = Debug;
		};
		E23963312D083B910092B39B /* Release */ = {
			isa = XCBuildConfiguration;
			buildSettings = {
				ASSETCATALOG_COMPILER_APPICON_NAME = AppIcon;
				ASSETCATALOG_COMPILER_GLOBAL_ACCENT_COLOR_NAME = AccentColor;
				CODE_SIGN_STYLE = Automatic;
				CURRENT_PROJECT_VERSION = 1;
				DEVELOPMENT_TEAM = 876W82FDBV;
				GENERATE_INFOPLIST_FILE = YES;
				INFOPLIST_FILE = QRIZ/SupportingFiles/Info.plist;
				INFOPLIST_KEY_UIApplicationSupportsIndirectInputEvents = YES;
				INFOPLIST_KEY_UILaunchStoryboardName = LaunchScreen;
				INFOPLIST_KEY_UISupportedInterfaceOrientations_iPad = "UIInterfaceOrientationPortrait UIInterfaceOrientationPortraitUpsideDown UIInterfaceOrientationLandscapeLeft UIInterfaceOrientationLandscapeRight";
				INFOPLIST_KEY_UISupportedInterfaceOrientations_iPhone = "UIInterfaceOrientationPortrait UIInterfaceOrientationLandscapeLeft UIInterfaceOrientationLandscapeRight";
				IPHONEOS_DEPLOYMENT_TARGET = 15.0;
				LD_RUNPATH_SEARCH_PATHS = (
					"$(inherited)",
					"@executable_path/Frameworks",
				);
				MARKETING_VERSION = 1.0;
				PRODUCT_BUNDLE_IDENTIFIER = kr.QRIZ;
				PRODUCT_NAME = "$(TARGET_NAME)";
				SWIFT_EMIT_LOC_STRINGS = YES;
				SWIFT_VERSION = 5.0;
				TARGETED_DEVICE_FAMILY = "1,2";
			};
			name = Release;
		};
		E23963332D083B910092B39B /* Debug */ = {
			isa = XCBuildConfiguration;
			buildSettings = {
				ALWAYS_EMBED_SWIFT_STANDARD_LIBRARIES = YES;
				BUNDLE_LOADER = "$(TEST_HOST)";
				CODE_SIGN_STYLE = Automatic;
				CURRENT_PROJECT_VERSION = 1;
				DEVELOPMENT_TEAM = 876W82FDBV;
				GENERATE_INFOPLIST_FILE = YES;
				IPHONEOS_DEPLOYMENT_TARGET = 17.5;
				MARKETING_VERSION = 1.0;
				PRODUCT_BUNDLE_IDENTIFIER = kr.QRIZTests;
				PRODUCT_NAME = "$(TARGET_NAME)";
				SWIFT_EMIT_LOC_STRINGS = NO;
				SWIFT_VERSION = 5.0;
				TARGETED_DEVICE_FAMILY = "1,2";
				TEST_HOST = "$(BUILT_PRODUCTS_DIR)/QRIZ.app/$(BUNDLE_EXECUTABLE_FOLDER_PATH)/QRIZ";
			};
			name = Debug;
		};
		E23963342D083B910092B39B /* Release */ = {
			isa = XCBuildConfiguration;
			buildSettings = {
				ALWAYS_EMBED_SWIFT_STANDARD_LIBRARIES = YES;
				BUNDLE_LOADER = "$(TEST_HOST)";
				CODE_SIGN_STYLE = Automatic;
				CURRENT_PROJECT_VERSION = 1;
				DEVELOPMENT_TEAM = 876W82FDBV;
				GENERATE_INFOPLIST_FILE = YES;
				IPHONEOS_DEPLOYMENT_TARGET = 17.5;
				MARKETING_VERSION = 1.0;
				PRODUCT_BUNDLE_IDENTIFIER = kr.QRIZTests;
				PRODUCT_NAME = "$(TARGET_NAME)";
				SWIFT_EMIT_LOC_STRINGS = NO;
				SWIFT_VERSION = 5.0;
				TARGETED_DEVICE_FAMILY = "1,2";
				TEST_HOST = "$(BUILT_PRODUCTS_DIR)/QRIZ.app/$(BUNDLE_EXECUTABLE_FOLDER_PATH)/QRIZ";
			};
			name = Release;
		};
		E23963362D083B910092B39B /* Debug */ = {
			isa = XCBuildConfiguration;
			buildSettings = {
				ALWAYS_EMBED_SWIFT_STANDARD_LIBRARIES = YES;
				CODE_SIGN_STYLE = Automatic;
				CURRENT_PROJECT_VERSION = 1;
				DEVELOPMENT_TEAM = 876W82FDBV;
				GENERATE_INFOPLIST_FILE = YES;
				MARKETING_VERSION = 1.0;
				PRODUCT_BUNDLE_IDENTIFIER = kr.QRIZUITests;
				PRODUCT_NAME = "$(TARGET_NAME)";
				SWIFT_EMIT_LOC_STRINGS = NO;
				SWIFT_VERSION = 5.0;
				TARGETED_DEVICE_FAMILY = "1,2";
				TEST_TARGET_NAME = QRIZ;
			};
			name = Debug;
		};
		E23963372D083B910092B39B /* Release */ = {
			isa = XCBuildConfiguration;
			buildSettings = {
				ALWAYS_EMBED_SWIFT_STANDARD_LIBRARIES = YES;
				CODE_SIGN_STYLE = Automatic;
				CURRENT_PROJECT_VERSION = 1;
				DEVELOPMENT_TEAM = 876W82FDBV;
				GENERATE_INFOPLIST_FILE = YES;
				MARKETING_VERSION = 1.0;
				PRODUCT_BUNDLE_IDENTIFIER = kr.QRIZUITests;
				PRODUCT_NAME = "$(TARGET_NAME)";
				SWIFT_EMIT_LOC_STRINGS = NO;
				SWIFT_VERSION = 5.0;
				TARGETED_DEVICE_FAMILY = "1,2";
				TEST_TARGET_NAME = QRIZ;
			};
			name = Release;
		};
		E23963432D083BC30092B39B /* Debug */ = {
			isa = XCBuildConfiguration;
			buildSettings = {
				BUNDLE_LOADER = "$(TEST_HOST)";
				CODE_SIGN_STYLE = Automatic;
				CURRENT_PROJECT_VERSION = 1;
				DEVELOPMENT_TEAM = 876W82FDBV;
				GENERATE_INFOPLIST_FILE = YES;
				MARKETING_VERSION = 1.0;
				PRODUCT_BUNDLE_IDENTIFIER = kr.QRIZUnitTests;
				PRODUCT_NAME = "$(TARGET_NAME)";
				SWIFT_EMIT_LOC_STRINGS = NO;
				SWIFT_VERSION = 5.0;
				TARGETED_DEVICE_FAMILY = "1,2";
				TEST_HOST = "$(BUILT_PRODUCTS_DIR)/QRIZ.app/$(BUNDLE_EXECUTABLE_FOLDER_PATH)/QRIZ";
			};
			name = Debug;
		};
		E23963442D083BC30092B39B /* Release */ = {
			isa = XCBuildConfiguration;
			buildSettings = {
				BUNDLE_LOADER = "$(TEST_HOST)";
				CODE_SIGN_STYLE = Automatic;
				CURRENT_PROJECT_VERSION = 1;
				DEVELOPMENT_TEAM = 876W82FDBV;
				GENERATE_INFOPLIST_FILE = YES;
				MARKETING_VERSION = 1.0;
				PRODUCT_BUNDLE_IDENTIFIER = kr.QRIZUnitTests;
				PRODUCT_NAME = "$(TARGET_NAME)";
				SWIFT_EMIT_LOC_STRINGS = NO;
				SWIFT_VERSION = 5.0;
				TARGETED_DEVICE_FAMILY = "1,2";
				TEST_HOST = "$(BUILT_PRODUCTS_DIR)/QRIZ.app/$(BUNDLE_EXECUTABLE_FOLDER_PATH)/QRIZ";
			};
			name = Release;
		};
/* End XCBuildConfiguration section */

/* Begin XCConfigurationList section */
		E23963002D083B8F0092B39B /* Build configuration list for PBXProject "QRIZ" */ = {
			isa = XCConfigurationList;
			buildConfigurations = (
				E239632D2D083B910092B39B /* Debug */,
				E239632E2D083B910092B39B /* Release */,
			);
			defaultConfigurationIsVisible = 0;
			defaultConfigurationName = Release;
		};
		E239632F2D083B910092B39B /* Build configuration list for PBXNativeTarget "QRIZ" */ = {
			isa = XCConfigurationList;
			buildConfigurations = (
				E23963302D083B910092B39B /* Debug */,
				E23963312D083B910092B39B /* Release */,
			);
			defaultConfigurationIsVisible = 0;
			defaultConfigurationName = Release;
		};
		E23963322D083B910092B39B /* Build configuration list for PBXNativeTarget "QRIZTests" */ = {
			isa = XCConfigurationList;
			buildConfigurations = (
				E23963332D083B910092B39B /* Debug */,
				E23963342D083B910092B39B /* Release */,
			);
			defaultConfigurationIsVisible = 0;
			defaultConfigurationName = Release;
		};
		E23963352D083B910092B39B /* Build configuration list for PBXNativeTarget "QRIZUITests" */ = {
			isa = XCConfigurationList;
			buildConfigurations = (
				E23963362D083B910092B39B /* Debug */,
				E23963372D083B910092B39B /* Release */,
			);
			defaultConfigurationIsVisible = 0;
			defaultConfigurationName = Release;
		};
		E23963422D083BC30092B39B /* Build configuration list for PBXNativeTarget "QRIZUnitTests" */ = {
			isa = XCConfigurationList;
			buildConfigurations = (
				E23963432D083BC30092B39B /* Debug */,
				E23963442D083BC30092B39B /* Release */,
			);
			defaultConfigurationIsVisible = 0;
			defaultConfigurationName = Release;
		};
/* End XCConfigurationList section */
	};
	rootObject = E23962FD2D083B8F0092B39B /* Project object */;
}
