// !$*UTF8*$!
{
	archiveVersion = 1;
	classes = {
	};
	objectVersion = 56;
	objects = {

/* Begin PBXBuildFile section */
		541878542D0E21620089F478 /* HTTPMethod.swift in Sources */ = {isa = PBXBuildFile; fileRef = 541878532D0E21620089F478 /* HTTPMethod.swift */; };
		541878572D0E22700089F478 /* NetworkError.swift in Sources */ = {isa = PBXBuildFile; fileRef = 541878562D0E22700089F478 /* NetworkError.swift */; };
		541878612D0EC2970089F478 /* HTTPHeaderField.swift in Sources */ = {isa = PBXBuildFile; fileRef = 541878602D0EC2970089F478 /* HTTPHeaderField.swift */; };
		548566492D123C94002BAEE3 /* NetworkRequest.swift in Sources */ = {isa = PBXBuildFile; fileRef = 548566482D123C94002BAEE3 /* NetworkRequest.swift */; };
		5485664B2D123FC2002BAEE3 /* Network.swift in Sources */ = {isa = PBXBuildFile; fileRef = 5485664A2D123FC2002BAEE3 /* Network.swift */; };
		548566502D1241A4002BAEE3 /* ExampleRequest.swift in Sources */ = {isa = PBXBuildFile; fileRef = 5485664F2D1241A4002BAEE3 /* ExampleRequest.swift */; };
		548566522D1241BA002BAEE3 /* ExampleResponse.swift in Sources */ = {isa = PBXBuildFile; fileRef = 548566512D1241BA002BAEE3 /* ExampleResponse.swift */; };
		548566552D124260002BAEE3 /* ExampleService.swift in Sources */ = {isa = PBXBuildFile; fileRef = 548566542D124260002BAEE3 /* ExampleService.swift */; };
		54BC61552D14AFB70094DC45 /* LoginInputView.swift in Sources */ = {isa = PBXBuildFile; fileRef = 54BC61542D14AFB70094DC45 /* LoginInputView.swift */; };
		54BC61572D18141B0094DC45 /* AccountOptionsView.swift in Sources */ = {isa = PBXBuildFile; fileRef = 54BC61562D18141B0094DC45 /* AccountOptionsView.swift */; };
		54BC61592D1823F50094DC45 /* SocialLoginView.swift in Sources */ = {isa = PBXBuildFile; fileRef = 54BC61582D1823F50094DC45 /* SocialLoginView.swift */; };
		54C7A3102D146190001175D9 /* LoginViewController.swift in Sources */ = {isa = PBXBuildFile; fileRef = 54C7A30F2D146190001175D9 /* LoginViewController.swift */; };
		54C7A3132D1461A6001175D9 /* LoginMainView.swift in Sources */ = {isa = PBXBuildFile; fileRef = 54C7A3122D1461A6001175D9 /* LoginMainView.swift */; };
		54C7A3162D14A5A6001175D9 /* LoginLogoView.swift in Sources */ = {isa = PBXBuildFile; fileRef = 54C7A3152D14A5A6001175D9 /* LoginLogoView.swift */; };
		54DB0D992D0950DE00ABD458 /* ViewModel.swift in Sources */ = {isa = PBXBuildFile; fileRef = 54DB0D982D0950DE00ABD458 /* ViewModel.swift */; };
		54DB0D9D2D09513300ABD458 /* AppCoordinator.swift in Sources */ = {isa = PBXBuildFile; fileRef = 54DB0D9C2D09513300ABD458 /* AppCoordinator.swift */; };
		54DB0DA12D0951C000ABD458 /* Font+.swift in Sources */ = {isa = PBXBuildFile; fileRef = 54DB0DA02D0951C000ABD458 /* Font+.swift */; };
		54DB0DA52D099D6700ABD458 /* Colors.xcassets in Resources */ = {isa = PBXBuildFile; fileRef = 54DB0DA42D099D6700ABD458 /* Colors.xcassets */; };
		54E91B762D18FACD00474D0A /* RoundButton.swift in Sources */ = {isa = PBXBuildFile; fileRef = 54E91B752D18FACD00474D0A /* RoundButton.swift */; };
		B16288182D2CDB85008057D0 /* NameInputViewModel.swift in Sources */ = {isa = PBXBuildFile; fileRef = B16288172D2CDB85008057D0 /* NameInputViewModel.swift */; };
		B162881C2D2CFC63008057D0 /* UIView+.swift in Sources */ = {isa = PBXBuildFile; fileRef = B162881B2D2CFC63008057D0 /* UIView+.swift */; };
		B162881E2D2D6624008057D0 /* UIViewController+.swift in Sources */ = {isa = PBXBuildFile; fileRef = B162881D2D2D6624008057D0 /* UIViewController+.swift */; };
		B16288202D2E2595008057D0 /* EmailInputViewModel.swift in Sources */ = {isa = PBXBuildFile; fileRef = B162881F2D2E2595008057D0 /* EmailInputViewModel.swift */; };
		B16288222D2E3CAB008057D0 /* UINavigationBar+.swift in Sources */ = {isa = PBXBuildFile; fileRef = B16288212D2E3CAB008057D0 /* UINavigationBar+.swift */; };
		B16288242D2E8914008057D0 /* IdInputViewModel.swift in Sources */ = {isa = PBXBuildFile; fileRef = B16288232D2E8914008057D0 /* IdInputViewModel.swift */; };
		B16288262D300CBA008057D0 /* PasswordInputViewModel.swift in Sources */ = {isa = PBXBuildFile; fileRef = B16288252D300CBA008057D0 /* PasswordInputViewModel.swift */; };
		B16288282D30EB45008057D0 /* VerificationCodeViewModel.swift in Sources */ = {isa = PBXBuildFile; fileRef = B16288272D30EB45008057D0 /* VerificationCodeViewModel.swift */; };
		B168B75F2D28073C0000F32E /* SignupFooterView.swift in Sources */ = {isa = PBXBuildFile; fileRef = B168B7572D28073C0000F32E /* SignupFooterView.swift */; };
		B168B7602D28073C0000F32E /* SignupHeaderView.swift in Sources */ = {isa = PBXBuildFile; fileRef = B168B7582D28073C0000F32E /* SignupHeaderView.swift */; };
		B168B7612D28073C0000F32E /* SingleInputView.swift in Sources */ = {isa = PBXBuildFile; fileRef = B168B7592D28073C0000F32E /* SingleInputView.swift */; };
		B168B7622D28073C0000F32E /* VerificationCodeInputView.swift in Sources */ = {isa = PBXBuildFile; fileRef = B168B75A2D28073C0000F32E /* VerificationCodeInputView.swift */; };
		B168B7632D28073C0000F32E /* SingleInputMainView.swift in Sources */ = {isa = PBXBuildFile; fileRef = B168B75C2D28073C0000F32E /* SingleInputMainView.swift */; };
		B168B7642D28073C0000F32E /* VerificationCodeMainView.swift in Sources */ = {isa = PBXBuildFile; fileRef = B168B75D2D28073C0000F32E /* VerificationCodeMainView.swift */; };
		B168B7692D2807470000F32E /* EmailInputViewController.swift in Sources */ = {isa = PBXBuildFile; fileRef = B168B7652D2807470000F32E /* EmailInputViewController.swift */; };
		B168B76A2D2807470000F32E /* NameInputViewController.swift in Sources */ = {isa = PBXBuildFile; fileRef = B168B7662D2807470000F32E /* NameInputViewController.swift */; };
		B168B76B2D2807470000F32E /* VerificationCodeViewController.swift in Sources */ = {isa = PBXBuildFile; fileRef = B168B7672D2807470000F32E /* VerificationCodeViewController.swift */; };
		B168B76D2D2824BD0000F32E /* IdInputViewController.swift in Sources */ = {isa = PBXBuildFile; fileRef = B168B76C2D2824BD0000F32E /* IdInputViewController.swift */; };
		B168B76F2D2826010000F32E /* IdInputMainView.swift in Sources */ = {isa = PBXBuildFile; fileRef = B168B76E2D2826010000F32E /* IdInputMainView.swift */; };
		B168B7712D28276F0000F32E /* IdInputView.swift in Sources */ = {isa = PBXBuildFile; fileRef = B168B7702D28276F0000F32E /* IdInputView.swift */; };
		B168B7732D2846C80000F32E /* PasswordInputViewController.swift in Sources */ = {isa = PBXBuildFile; fileRef = B168B7722D2846C80000F32E /* PasswordInputViewController.swift */; };
		B168B7752D2846DD0000F32E /* PasswordInputMainView.swift in Sources */ = {isa = PBXBuildFile; fileRef = B168B7742D2846DD0000F32E /* PasswordInputMainView.swift */; };
		B168B7772D28481D0000F32E /* PasswordInputView.swift in Sources */ = {isa = PBXBuildFile; fileRef = B168B7762D28481D0000F32E /* PasswordInputView.swift */; };
		B17FE3062D27F85C002EC7D7 /* LoginViewModel.swift in Sources */ = {isa = PBXBuildFile; fileRef = B17FE3052D27F85C002EC7D7 /* LoginViewModel.swift */; };
		B17FE3082D27F87E002EC7D7 /* String+.swift in Sources */ = {isa = PBXBuildFile; fileRef = B17FE3072D27F87E002EC7D7 /* String+.swift */; };
		B17FE30A2D27F8E9002EC7D7 /* UITextField+.swift in Sources */ = {isa = PBXBuildFile; fileRef = B17FE3092D27F8E9002EC7D7 /* UITextField+.swift */; };
		B17FE30C2D27F931002EC7D7 /* CustomTextField.swift in Sources */ = {isa = PBXBuildFile; fileRef = B17FE30B2D27F931002EC7D7 /* CustomTextField.swift */; };
		B18F450A2D39901D0030F7DB /* FindIdViewController.swift in Sources */ = {isa = PBXBuildFile; fileRef = B18F45092D39901D0030F7DB /* FindIdViewController.swift */; };
		B18F450D2D3994380030F7DB /* FindAccountMainView.swift in Sources */ = {isa = PBXBuildFile; fileRef = B18F450C2D3994380030F7DB /* FindAccountMainView.swift */; };
		B18F45102D3997280030F7DB /* FindAccountHeaderView.swift in Sources */ = {isa = PBXBuildFile; fileRef = B18F450F2D3997280030F7DB /* FindAccountHeaderView.swift */; };
		B1D9A0E72D3686BA00E84934 /* CountdownTimer.swift in Sources */ = {isa = PBXBuildFile; fileRef = B1D9A0E62D3686BA00E84934 /* CountdownTimer.swift */; };
		E230669A2D2126B9001B509A /* PreviewScoresData.swift in Sources */ = {isa = PBXBuildFile; fileRef = E23066992D2126B9001B509A /* PreviewScoresData.swift */; };
		E23824E12D0C3157009E7989 /* BeginOnboardingViewController.swift in Sources */ = {isa = PBXBuildFile; fileRef = E23824E02D0C3157009E7989 /* BeginOnboardingViewController.swift */; };
		E23963092D083B900092B39B /* AppDelegate.swift in Sources */ = {isa = PBXBuildFile; fileRef = E23963082D083B900092B39B /* AppDelegate.swift */; };
		E239630B2D083B900092B39B /* SceneDelegate.swift in Sources */ = {isa = PBXBuildFile; fileRef = E239630A2D083B900092B39B /* SceneDelegate.swift */; };
		E239630D2D083B900092B39B /* ViewController.swift in Sources */ = {isa = PBXBuildFile; fileRef = E239630C2D083B900092B39B /* ViewController.swift */; };
		E23963122D083B900092B39B /* Assets.xcassets in Resources */ = {isa = PBXBuildFile; fileRef = E23963112D083B900092B39B /* Assets.xcassets */; };
		E23963202D083B910092B39B /* QRIZTests.swift in Sources */ = {isa = PBXBuildFile; fileRef = E239631F2D083B910092B39B /* QRIZTests.swift */; };
		E239632A2D083B910092B39B /* QRIZUITests.swift in Sources */ = {isa = PBXBuildFile; fileRef = E23963292D083B910092B39B /* QRIZUITests.swift */; };
		E239632C2D083B910092B39B /* QRIZUITestsLaunchTests.swift in Sources */ = {isa = PBXBuildFile; fileRef = E239632B2D083B910092B39B /* QRIZUITestsLaunchTests.swift */; };
		E25856D42D0D766900355667 /* CheckConceptViewController.swift in Sources */ = {isa = PBXBuildFile; fileRef = E25856D32D0D766900355667 /* CheckConceptViewController.swift */; };
		E25856DE2D0DADD300355667 /* BeginOnboardingViewModel.swift in Sources */ = {isa = PBXBuildFile; fileRef = E25856DD2D0DADD300355667 /* BeginOnboardingViewModel.swift */; };
		E25F94C82D0CAF1B00BA765F /* BeginTestViewController.swift in Sources */ = {isa = PBXBuildFile; fileRef = E25F94C72D0CAF1B00BA765F /* BeginTestViewController.swift */; };
		E25F94CB2D0CB1DB00BA765F /* OnboardingTitleLabel.swift in Sources */ = {isa = PBXBuildFile; fileRef = E25F94CA2D0CB1DB00BA765F /* OnboardingTitleLabel.swift */; };
		E25F94CD2D0CB50F00BA765F /* OnboardingSubtitleLabel.swift in Sources */ = {isa = PBXBuildFile; fileRef = E25F94CC2D0CB50F00BA765F /* OnboardingSubtitleLabel.swift */; };
		E25F94D12D0CB74700BA765F /* OnboardingButton.swift in Sources */ = {isa = PBXBuildFile; fileRef = E25F94D02D0CB74700BA765F /* OnboardingButton.swift */; };
		E28BAD772D2C111100B8388D /* CustomAlertView.swift in Sources */ = {isa = PBXBuildFile; fileRef = E28BAD762D2C111100B8388D /* CustomAlertView.swift */; };
		E28BAD792D2C2DEB00B8388D /* CustomAlertViewController.swift in Sources */ = {isa = PBXBuildFile; fileRef = E28BAD782D2C2DEB00B8388D /* CustomAlertViewController.swift */; };
		E28BAD7C2D2C339100B8388D /* AlertType.swift in Sources */ = {isa = PBXBuildFile; fileRef = E28BAD7B2D2C339100B8388D /* AlertType.swift */; };
		E29BF8552D117CF1006DC6D0 /* SurveyCheckList.swift in Sources */ = {isa = PBXBuildFile; fileRef = E29BF8542D117CF1006DC6D0 /* SurveyCheckList.swift */; };
		E29BF86D2D16895B006DC6D0 /* QuestionData.swift in Sources */ = {isa = PBXBuildFile; fileRef = E29BF86C2D16895B006DC6D0 /* QuestionData.swift */; };
		E29CCD1C2D298303004AA30A /* PreviewTestViewController.swift in Sources */ = {isa = PBXBuildFile; fileRef = E29CCD1B2D298303004AA30A /* PreviewTestViewController.swift */; };
		E29CCD1E2D298316004AA30A /* PreviewTestViewModel.swift in Sources */ = {isa = PBXBuildFile; fileRef = E29CCD1D2D298316004AA30A /* PreviewTestViewModel.swift */; };
		E29CCD292D29855B004AA30A /* QuestionNumberLabel.swift in Sources */ = {isa = PBXBuildFile; fileRef = E29CCD202D29855B004AA30A /* QuestionNumberLabel.swift */; };
		E29CCD2A2D29855B004AA30A /* QuestionOptionLabel.swift in Sources */ = {isa = PBXBuildFile; fileRef = E29CCD212D29855B004AA30A /* QuestionOptionLabel.swift */; };
		E29CCD2B2D29855B004AA30A /* QuestionTitleLabel.swift in Sources */ = {isa = PBXBuildFile; fileRef = E29CCD222D29855B004AA30A /* QuestionTitleLabel.swift */; };
		E29CCD2C2D29855B004AA30A /* TestButton.swift in Sources */ = {isa = PBXBuildFile; fileRef = E29CCD232D29855B004AA30A /* TestButton.swift */; };
		E29CCD2D2D29855B004AA30A /* TestPageIndicatorLabel.swift in Sources */ = {isa = PBXBuildFile; fileRef = E29CCD242D29855B004AA30A /* TestPageIndicatorLabel.swift */; };
		E29CCD2E2D29855B004AA30A /* TestProgressView.swift in Sources */ = {isa = PBXBuildFile; fileRef = E29CCD252D29855B004AA30A /* TestProgressView.swift */; };
		E29CCD2F2D29855B004AA30A /* TestTimeLabel.swift in Sources */ = {isa = PBXBuildFile; fileRef = E29CCD262D29855B004AA30A /* TestTimeLabel.swift */; };
		E29CCD302D29855B004AA30A /* TestTotalTimeRemainingLabel.swift in Sources */ = {isa = PBXBuildFile; fileRef = E29CCD272D29855B004AA30A /* TestTotalTimeRemainingLabel.swift */; };
		E29CCD3C2D298656004AA30A /* BarGraphsView.swift in Sources */ = {isa = PBXBuildFile; fileRef = E29CCD312D298656004AA30A /* BarGraphsView.swift */; };
		E29CCD3D2D298656004AA30A /* ConceptBarGraphHostingController.swift in Sources */ = {isa = PBXBuildFile; fileRef = E29CCD322D298656004AA30A /* ConceptBarGraphHostingController.swift */; };
		E29CCD3E2D298656004AA30A /* ConceptBarGraphView.swift in Sources */ = {isa = PBXBuildFile; fileRef = E29CCD332D298656004AA30A /* ConceptBarGraphView.swift */; };
		E29CCD3F2D298656004AA30A /* IncorrectRankView.swift in Sources */ = {isa = PBXBuildFile; fileRef = E29CCD342D298656004AA30A /* IncorrectRankView.swift */; };
		E29CCD402D298656004AA30A /* PreviewResultTitleLabel.swift in Sources */ = {isa = PBXBuildFile; fileRef = E29CCD352D298656004AA30A /* PreviewResultTitleLabel.swift */; };
		E29CCD412D298656004AA30A /* PreviewResultViewController.swift in Sources */ = {isa = PBXBuildFile; fileRef = E29CCD362D298656004AA30A /* PreviewResultViewController.swift */; };
		E29CCD422D298656004AA30A /* PreviewResultViewModel.swift in Sources */ = {isa = PBXBuildFile; fileRef = E29CCD372D298656004AA30A /* PreviewResultViewModel.swift */; };
		E29CCD432D298656004AA30A /* ScoreCircularChartHostingController.swift in Sources */ = {isa = PBXBuildFile; fileRef = E29CCD382D298656004AA30A /* ScoreCircularChartHostingController.swift */; };
		E29CCD442D298656004AA30A /* ScoreCircularChartView.swift in Sources */ = {isa = PBXBuildFile; fileRef = E29CCD392D298656004AA30A /* ScoreCircularChartView.swift */; };
		E29CCD452D298656004AA30A /* SingleSupplementConceptView.swift in Sources */ = {isa = PBXBuildFile; fileRef = E29CCD3A2D298656004AA30A /* SingleSupplementConceptView.swift */; };
		E29CCD492D29867F004AA30A /* GreetingViewController.swift in Sources */ = {isa = PBXBuildFile; fileRef = E29CCD462D29867F004AA30A /* GreetingViewController.swift */; };
		E29CCD4A2D29867F004AA30A /* GreetingViewModel.swift in Sources */ = {isa = PBXBuildFile; fileRef = E29CCD472D29867F004AA30A /* GreetingViewModel.swift */; };
		E29CCD4C2D299297004AA30A /* SwiftUIViews+.swift in Sources */ = {isa = PBXBuildFile; fileRef = E29CCD4B2D299297004AA30A /* SwiftUIViews+.swift */; };
		E29CCD522D299AD5004AA30A /* IncorrectConceptsRankView.swift in Sources */ = {isa = PBXBuildFile; fileRef = E29CCD512D299AD5004AA30A /* IncorrectConceptsRankView.swift */; };
		E2D70FE82D0DD322005A3F51 /* BeginTestViewModel.swift in Sources */ = {isa = PBXBuildFile; fileRef = E2D70FE72D0DD322005A3F51 /* BeginTestViewModel.swift */; };
		E2D70FEC2D0EBDDD005A3F51 /* CheckListCell.swift in Sources */ = {isa = PBXBuildFile; fileRef = E2D70FEB2D0EBDDD005A3F51 /* CheckListCell.swift */; };
		E2D70FEE2D0EC037005A3F51 /* CheckConceptViewModel.swift in Sources */ = {isa = PBXBuildFile; fileRef = E2D70FED2D0EC037005A3F51 /* CheckConceptViewModel.swift */; };
		E2DD0E842D2144D000DA3D18 /* PreviewConceptsData.swift in Sources */ = {isa = PBXBuildFile; fileRef = E2DD0E832D2144D000DA3D18 /* PreviewConceptsData.swift */; };
		E2DD0E862D2146D900DA3D18 /* IncorrectCountData.swift in Sources */ = {isa = PBXBuildFile; fileRef = E2DD0E852D2146D900DA3D18 /* IncorrectCountData.swift */; };
/* End PBXBuildFile section */

/* Begin PBXContainerItemProxy section */
		E239631C2D083B910092B39B /* PBXContainerItemProxy */ = {
			isa = PBXContainerItemProxy;
			containerPortal = E23962FD2D083B8F0092B39B /* Project object */;
			proxyType = 1;
			remoteGlobalIDString = E23963042D083B8F0092B39B;
			remoteInfo = QRIZ;
		};
		E23963262D083B910092B39B /* PBXContainerItemProxy */ = {
			isa = PBXContainerItemProxy;
			containerPortal = E23962FD2D083B8F0092B39B /* Project object */;
			proxyType = 1;
			remoteGlobalIDString = E23963042D083B8F0092B39B;
			remoteInfo = QRIZ;
		};
		E23963402D083BC30092B39B /* PBXContainerItemProxy */ = {
			isa = PBXContainerItemProxy;
			containerPortal = E23962FD2D083B8F0092B39B /* Project object */;
			proxyType = 1;
			remoteGlobalIDString = E23963042D083B8F0092B39B;
			remoteInfo = QRIZ;
		};
/* End PBXContainerItemProxy section */

/* Begin PBXFileReference section */
		541878532D0E21620089F478 /* HTTPMethod.swift */ = {isa = PBXFileReference; lastKnownFileType = sourcecode.swift; path = HTTPMethod.swift; sourceTree = "<group>"; };
		541878562D0E22700089F478 /* NetworkError.swift */ = {isa = PBXFileReference; lastKnownFileType = sourcecode.swift; path = NetworkError.swift; sourceTree = "<group>"; };
		541878602D0EC2970089F478 /* HTTPHeaderField.swift */ = {isa = PBXFileReference; lastKnownFileType = sourcecode.swift; path = HTTPHeaderField.swift; sourceTree = "<group>"; };
		548566482D123C94002BAEE3 /* NetworkRequest.swift */ = {isa = PBXFileReference; lastKnownFileType = sourcecode.swift; path = NetworkRequest.swift; sourceTree = "<group>"; };
		5485664A2D123FC2002BAEE3 /* Network.swift */ = {isa = PBXFileReference; lastKnownFileType = sourcecode.swift; path = Network.swift; sourceTree = "<group>"; };
		5485664F2D1241A4002BAEE3 /* ExampleRequest.swift */ = {isa = PBXFileReference; lastKnownFileType = sourcecode.swift; path = ExampleRequest.swift; sourceTree = "<group>"; };
		548566512D1241BA002BAEE3 /* ExampleResponse.swift */ = {isa = PBXFileReference; lastKnownFileType = sourcecode.swift; path = ExampleResponse.swift; sourceTree = "<group>"; };
		548566542D124260002BAEE3 /* ExampleService.swift */ = {isa = PBXFileReference; lastKnownFileType = sourcecode.swift; path = ExampleService.swift; sourceTree = "<group>"; };
		54BC61542D14AFB70094DC45 /* LoginInputView.swift */ = {isa = PBXFileReference; lastKnownFileType = sourcecode.swift; path = LoginInputView.swift; sourceTree = "<group>"; };
		54BC61562D18141B0094DC45 /* AccountOptionsView.swift */ = {isa = PBXFileReference; lastKnownFileType = sourcecode.swift; path = AccountOptionsView.swift; sourceTree = "<group>"; };
		54BC61582D1823F50094DC45 /* SocialLoginView.swift */ = {isa = PBXFileReference; lastKnownFileType = sourcecode.swift; path = SocialLoginView.swift; sourceTree = "<group>"; };
		54C7A30F2D146190001175D9 /* LoginViewController.swift */ = {isa = PBXFileReference; lastKnownFileType = sourcecode.swift; path = LoginViewController.swift; sourceTree = "<group>"; };
		54C7A3122D1461A6001175D9 /* LoginMainView.swift */ = {isa = PBXFileReference; lastKnownFileType = sourcecode.swift; path = LoginMainView.swift; sourceTree = "<group>"; };
		54C7A3152D14A5A6001175D9 /* LoginLogoView.swift */ = {isa = PBXFileReference; lastKnownFileType = sourcecode.swift; path = LoginLogoView.swift; sourceTree = "<group>"; };
		54DB0D982D0950DE00ABD458 /* ViewModel.swift */ = {isa = PBXFileReference; lastKnownFileType = sourcecode.swift; path = ViewModel.swift; sourceTree = "<group>"; };
		54DB0D9C2D09513300ABD458 /* AppCoordinator.swift */ = {isa = PBXFileReference; lastKnownFileType = sourcecode.swift; path = AppCoordinator.swift; sourceTree = "<group>"; };
		54DB0DA02D0951C000ABD458 /* Font+.swift */ = {isa = PBXFileReference; lastKnownFileType = sourcecode.swift; path = "Font+.swift"; sourceTree = "<group>"; };
		54DB0DA42D099D6700ABD458 /* Colors.xcassets */ = {isa = PBXFileReference; lastKnownFileType = folder.assetcatalog; path = Colors.xcassets; sourceTree = "<group>"; };
		54E91B752D18FACD00474D0A /* RoundButton.swift */ = {isa = PBXFileReference; lastKnownFileType = sourcecode.swift; path = RoundButton.swift; sourceTree = "<group>"; };
		B16288172D2CDB85008057D0 /* NameInputViewModel.swift */ = {isa = PBXFileReference; lastKnownFileType = sourcecode.swift; path = NameInputViewModel.swift; sourceTree = "<group>"; };
		B162881B2D2CFC63008057D0 /* UIView+.swift */ = {isa = PBXFileReference; lastKnownFileType = sourcecode.swift; path = "UIView+.swift"; sourceTree = "<group>"; };
		B162881D2D2D6624008057D0 /* UIViewController+.swift */ = {isa = PBXFileReference; lastKnownFileType = sourcecode.swift; path = "UIViewController+.swift"; sourceTree = "<group>"; };
		B162881F2D2E2595008057D0 /* EmailInputViewModel.swift */ = {isa = PBXFileReference; lastKnownFileType = sourcecode.swift; path = EmailInputViewModel.swift; sourceTree = "<group>"; };
		B16288212D2E3CAB008057D0 /* UINavigationBar+.swift */ = {isa = PBXFileReference; lastKnownFileType = sourcecode.swift; path = "UINavigationBar+.swift"; sourceTree = "<group>"; };
		B16288232D2E8914008057D0 /* IdInputViewModel.swift */ = {isa = PBXFileReference; lastKnownFileType = sourcecode.swift; path = IdInputViewModel.swift; sourceTree = "<group>"; };
		B16288252D300CBA008057D0 /* PasswordInputViewModel.swift */ = {isa = PBXFileReference; lastKnownFileType = sourcecode.swift; path = PasswordInputViewModel.swift; sourceTree = "<group>"; };
		B16288272D30EB45008057D0 /* VerificationCodeViewModel.swift */ = {isa = PBXFileReference; lastKnownFileType = sourcecode.swift; path = VerificationCodeViewModel.swift; sourceTree = "<group>"; };
		B168B7572D28073C0000F32E /* SignupFooterView.swift */ = {isa = PBXFileReference; fileEncoding = 4; lastKnownFileType = sourcecode.swift; path = SignupFooterView.swift; sourceTree = "<group>"; };
		B168B7582D28073C0000F32E /* SignupHeaderView.swift */ = {isa = PBXFileReference; fileEncoding = 4; lastKnownFileType = sourcecode.swift; path = SignupHeaderView.swift; sourceTree = "<group>"; };
		B168B7592D28073C0000F32E /* SingleInputView.swift */ = {isa = PBXFileReference; fileEncoding = 4; lastKnownFileType = sourcecode.swift; path = SingleInputView.swift; sourceTree = "<group>"; };
		B168B75A2D28073C0000F32E /* VerificationCodeInputView.swift */ = {isa = PBXFileReference; fileEncoding = 4; lastKnownFileType = sourcecode.swift; path = VerificationCodeInputView.swift; sourceTree = "<group>"; };
		B168B75C2D28073C0000F32E /* SingleInputMainView.swift */ = {isa = PBXFileReference; fileEncoding = 4; lastKnownFileType = sourcecode.swift; path = SingleInputMainView.swift; sourceTree = "<group>"; };
		B168B75D2D28073C0000F32E /* VerificationCodeMainView.swift */ = {isa = PBXFileReference; fileEncoding = 4; lastKnownFileType = sourcecode.swift; path = VerificationCodeMainView.swift; sourceTree = "<group>"; };
		B168B7652D2807470000F32E /* EmailInputViewController.swift */ = {isa = PBXFileReference; fileEncoding = 4; lastKnownFileType = sourcecode.swift; path = EmailInputViewController.swift; sourceTree = "<group>"; };
		B168B7662D2807470000F32E /* NameInputViewController.swift */ = {isa = PBXFileReference; fileEncoding = 4; lastKnownFileType = sourcecode.swift; path = NameInputViewController.swift; sourceTree = "<group>"; };
		B168B7672D2807470000F32E /* VerificationCodeViewController.swift */ = {isa = PBXFileReference; fileEncoding = 4; lastKnownFileType = sourcecode.swift; path = VerificationCodeViewController.swift; sourceTree = "<group>"; };
		B168B76C2D2824BD0000F32E /* IdInputViewController.swift */ = {isa = PBXFileReference; lastKnownFileType = sourcecode.swift; path = IdInputViewController.swift; sourceTree = "<group>"; };
		B168B76E2D2826010000F32E /* IdInputMainView.swift */ = {isa = PBXFileReference; lastKnownFileType = sourcecode.swift; path = IdInputMainView.swift; sourceTree = "<group>"; };
		B168B7702D28276F0000F32E /* IdInputView.swift */ = {isa = PBXFileReference; lastKnownFileType = sourcecode.swift; path = IdInputView.swift; sourceTree = "<group>"; };
		B168B7722D2846C80000F32E /* PasswordInputViewController.swift */ = {isa = PBXFileReference; lastKnownFileType = sourcecode.swift; path = PasswordInputViewController.swift; sourceTree = "<group>"; };
		B168B7742D2846DD0000F32E /* PasswordInputMainView.swift */ = {isa = PBXFileReference; lastKnownFileType = sourcecode.swift; path = PasswordInputMainView.swift; sourceTree = "<group>"; };
		B168B7762D28481D0000F32E /* PasswordInputView.swift */ = {isa = PBXFileReference; lastKnownFileType = sourcecode.swift; path = PasswordInputView.swift; sourceTree = "<group>"; };
		B17FE3052D27F85C002EC7D7 /* LoginViewModel.swift */ = {isa = PBXFileReference; lastKnownFileType = sourcecode.swift; path = LoginViewModel.swift; sourceTree = "<group>"; };
		B17FE3072D27F87E002EC7D7 /* String+.swift */ = {isa = PBXFileReference; lastKnownFileType = sourcecode.swift; path = "String+.swift"; sourceTree = "<group>"; };
		B17FE3092D27F8E9002EC7D7 /* UITextField+.swift */ = {isa = PBXFileReference; lastKnownFileType = sourcecode.swift; path = "UITextField+.swift"; sourceTree = "<group>"; };
		B17FE30B2D27F931002EC7D7 /* CustomTextField.swift */ = {isa = PBXFileReference; lastKnownFileType = sourcecode.swift; path = CustomTextField.swift; sourceTree = "<group>"; };
		B18F45092D39901D0030F7DB /* FindIdViewController.swift */ = {isa = PBXFileReference; lastKnownFileType = sourcecode.swift; path = FindIdViewController.swift; sourceTree = "<group>"; };
		B18F450C2D3994380030F7DB /* FindAccountMainView.swift */ = {isa = PBXFileReference; lastKnownFileType = sourcecode.swift; path = FindAccountMainView.swift; sourceTree = "<group>"; };
		B18F450F2D3997280030F7DB /* FindAccountHeaderView.swift */ = {isa = PBXFileReference; lastKnownFileType = sourcecode.swift; path = FindAccountHeaderView.swift; sourceTree = "<group>"; };
		B1D9A0E62D3686BA00E84934 /* CountdownTimer.swift */ = {isa = PBXFileReference; lastKnownFileType = sourcecode.swift; path = CountdownTimer.swift; sourceTree = "<group>"; };
		E23066992D2126B9001B509A /* PreviewScoresData.swift */ = {isa = PBXFileReference; lastKnownFileType = sourcecode.swift; path = PreviewScoresData.swift; sourceTree = "<group>"; };
		E23824E02D0C3157009E7989 /* BeginOnboardingViewController.swift */ = {isa = PBXFileReference; lastKnownFileType = sourcecode.swift; path = BeginOnboardingViewController.swift; sourceTree = "<group>"; };
		E23963052D083B8F0092B39B /* QRIZ.app */ = {isa = PBXFileReference; explicitFileType = wrapper.application; includeInIndex = 0; path = QRIZ.app; sourceTree = BUILT_PRODUCTS_DIR; };
		E23963082D083B900092B39B /* AppDelegate.swift */ = {isa = PBXFileReference; lastKnownFileType = sourcecode.swift; path = AppDelegate.swift; sourceTree = "<group>"; };
		E239630A2D083B900092B39B /* SceneDelegate.swift */ = {isa = PBXFileReference; lastKnownFileType = sourcecode.swift; path = SceneDelegate.swift; sourceTree = "<group>"; };
		E239630C2D083B900092B39B /* ViewController.swift */ = {isa = PBXFileReference; lastKnownFileType = sourcecode.swift; path = ViewController.swift; sourceTree = "<group>"; };
		E23963112D083B900092B39B /* Assets.xcassets */ = {isa = PBXFileReference; lastKnownFileType = folder.assetcatalog; path = Assets.xcassets; sourceTree = "<group>"; };
		E23963162D083B900092B39B /* Info.plist */ = {isa = PBXFileReference; lastKnownFileType = text.plist.xml; path = Info.plist; sourceTree = "<group>"; };
		E239631B2D083B910092B39B /* QRIZTests.xctest */ = {isa = PBXFileReference; explicitFileType = wrapper.cfbundle; includeInIndex = 0; path = QRIZTests.xctest; sourceTree = BUILT_PRODUCTS_DIR; };
		E239631F2D083B910092B39B /* QRIZTests.swift */ = {isa = PBXFileReference; lastKnownFileType = sourcecode.swift; path = QRIZTests.swift; sourceTree = "<group>"; };
		E23963252D083B910092B39B /* QRIZUITests.xctest */ = {isa = PBXFileReference; explicitFileType = wrapper.cfbundle; includeInIndex = 0; path = QRIZUITests.xctest; sourceTree = BUILT_PRODUCTS_DIR; };
		E23963292D083B910092B39B /* QRIZUITests.swift */ = {isa = PBXFileReference; lastKnownFileType = sourcecode.swift; path = QRIZUITests.swift; sourceTree = "<group>"; };
		E239632B2D083B910092B39B /* QRIZUITestsLaunchTests.swift */ = {isa = PBXFileReference; lastKnownFileType = sourcecode.swift; path = QRIZUITestsLaunchTests.swift; sourceTree = "<group>"; };
		E239633C2D083BC30092B39B /* QRIZUnitTests.xctest */ = {isa = PBXFileReference; explicitFileType = wrapper.cfbundle; includeInIndex = 0; path = QRIZUnitTests.xctest; sourceTree = BUILT_PRODUCTS_DIR; };
		E25856D32D0D766900355667 /* CheckConceptViewController.swift */ = {isa = PBXFileReference; lastKnownFileType = sourcecode.swift; name = CheckConceptViewController.swift; path = QRIZ/Feature/Onboarding/CheckConcept/ViewController/CheckConceptViewController.swift; sourceTree = SOURCE_ROOT; };
		E25856DD2D0DADD300355667 /* BeginOnboardingViewModel.swift */ = {isa = PBXFileReference; lastKnownFileType = sourcecode.swift; path = BeginOnboardingViewModel.swift; sourceTree = "<group>"; };
		E25F94C72D0CAF1B00BA765F /* BeginTestViewController.swift */ = {isa = PBXFileReference; lastKnownFileType = sourcecode.swift; path = BeginTestViewController.swift; sourceTree = "<group>"; };
		E25F94CA2D0CB1DB00BA765F /* OnboardingTitleLabel.swift */ = {isa = PBXFileReference; lastKnownFileType = sourcecode.swift; path = OnboardingTitleLabel.swift; sourceTree = "<group>"; };
		E25F94CC2D0CB50F00BA765F /* OnboardingSubtitleLabel.swift */ = {isa = PBXFileReference; lastKnownFileType = sourcecode.swift; path = OnboardingSubtitleLabel.swift; sourceTree = "<group>"; };
		E25F94D02D0CB74700BA765F /* OnboardingButton.swift */ = {isa = PBXFileReference; lastKnownFileType = sourcecode.swift; path = OnboardingButton.swift; sourceTree = "<group>"; };
		E28BAD762D2C111100B8388D /* CustomAlertView.swift */ = {isa = PBXFileReference; lastKnownFileType = sourcecode.swift; path = CustomAlertView.swift; sourceTree = "<group>"; };
		E28BAD782D2C2DEB00B8388D /* CustomAlertViewController.swift */ = {isa = PBXFileReference; lastKnownFileType = sourcecode.swift; path = CustomAlertViewController.swift; sourceTree = "<group>"; };
		E28BAD7B2D2C339100B8388D /* AlertType.swift */ = {isa = PBXFileReference; lastKnownFileType = sourcecode.swift; path = AlertType.swift; sourceTree = "<group>"; };
		E29BF8542D117CF1006DC6D0 /* SurveyCheckList.swift */ = {isa = PBXFileReference; lastKnownFileType = sourcecode.swift; path = SurveyCheckList.swift; sourceTree = "<group>"; };
		E29BF86C2D16895B006DC6D0 /* QuestionData.swift */ = {isa = PBXFileReference; lastKnownFileType = sourcecode.swift; path = QuestionData.swift; sourceTree = "<group>"; };
		E29CCD1B2D298303004AA30A /* PreviewTestViewController.swift */ = {isa = PBXFileReference; lastKnownFileType = sourcecode.swift; path = PreviewTestViewController.swift; sourceTree = "<group>"; };
		E29CCD1D2D298316004AA30A /* PreviewTestViewModel.swift */ = {isa = PBXFileReference; lastKnownFileType = sourcecode.swift; path = PreviewTestViewModel.swift; sourceTree = "<group>"; };
		E29CCD202D29855B004AA30A /* QuestionNumberLabel.swift */ = {isa = PBXFileReference; fileEncoding = 4; lastKnownFileType = sourcecode.swift; path = QuestionNumberLabel.swift; sourceTree = "<group>"; };
		E29CCD212D29855B004AA30A /* QuestionOptionLabel.swift */ = {isa = PBXFileReference; fileEncoding = 4; lastKnownFileType = sourcecode.swift; path = QuestionOptionLabel.swift; sourceTree = "<group>"; };
		E29CCD222D29855B004AA30A /* QuestionTitleLabel.swift */ = {isa = PBXFileReference; fileEncoding = 4; lastKnownFileType = sourcecode.swift; path = QuestionTitleLabel.swift; sourceTree = "<group>"; };
		E29CCD232D29855B004AA30A /* TestButton.swift */ = {isa = PBXFileReference; fileEncoding = 4; lastKnownFileType = sourcecode.swift; path = TestButton.swift; sourceTree = "<group>"; };
		E29CCD242D29855B004AA30A /* TestPageIndicatorLabel.swift */ = {isa = PBXFileReference; fileEncoding = 4; lastKnownFileType = sourcecode.swift; path = TestPageIndicatorLabel.swift; sourceTree = "<group>"; };
		E29CCD252D29855B004AA30A /* TestProgressView.swift */ = {isa = PBXFileReference; fileEncoding = 4; lastKnownFileType = sourcecode.swift; path = TestProgressView.swift; sourceTree = "<group>"; };
		E29CCD262D29855B004AA30A /* TestTimeLabel.swift */ = {isa = PBXFileReference; fileEncoding = 4; lastKnownFileType = sourcecode.swift; path = TestTimeLabel.swift; sourceTree = "<group>"; };
		E29CCD272D29855B004AA30A /* TestTotalTimeRemainingLabel.swift */ = {isa = PBXFileReference; fileEncoding = 4; lastKnownFileType = sourcecode.swift; path = TestTotalTimeRemainingLabel.swift; sourceTree = "<group>"; };
		E29CCD312D298656004AA30A /* BarGraphsView.swift */ = {isa = PBXFileReference; fileEncoding = 4; lastKnownFileType = sourcecode.swift; path = BarGraphsView.swift; sourceTree = "<group>"; };
		E29CCD322D298656004AA30A /* ConceptBarGraphHostingController.swift */ = {isa = PBXFileReference; fileEncoding = 4; lastKnownFileType = sourcecode.swift; path = ConceptBarGraphHostingController.swift; sourceTree = "<group>"; };
		E29CCD332D298656004AA30A /* ConceptBarGraphView.swift */ = {isa = PBXFileReference; fileEncoding = 4; lastKnownFileType = sourcecode.swift; path = ConceptBarGraphView.swift; sourceTree = "<group>"; };
		E29CCD342D298656004AA30A /* IncorrectRankView.swift */ = {isa = PBXFileReference; fileEncoding = 4; lastKnownFileType = sourcecode.swift; path = IncorrectRankView.swift; sourceTree = "<group>"; };
		E29CCD352D298656004AA30A /* PreviewResultTitleLabel.swift */ = {isa = PBXFileReference; fileEncoding = 4; lastKnownFileType = sourcecode.swift; path = PreviewResultTitleLabel.swift; sourceTree = "<group>"; };
		E29CCD362D298656004AA30A /* PreviewResultViewController.swift */ = {isa = PBXFileReference; fileEncoding = 4; lastKnownFileType = sourcecode.swift; path = PreviewResultViewController.swift; sourceTree = "<group>"; };
		E29CCD372D298656004AA30A /* PreviewResultViewModel.swift */ = {isa = PBXFileReference; fileEncoding = 4; lastKnownFileType = sourcecode.swift; path = PreviewResultViewModel.swift; sourceTree = "<group>"; };
		E29CCD382D298656004AA30A /* ScoreCircularChartHostingController.swift */ = {isa = PBXFileReference; fileEncoding = 4; lastKnownFileType = sourcecode.swift; path = ScoreCircularChartHostingController.swift; sourceTree = "<group>"; };
		E29CCD392D298656004AA30A /* ScoreCircularChartView.swift */ = {isa = PBXFileReference; fileEncoding = 4; lastKnownFileType = sourcecode.swift; path = ScoreCircularChartView.swift; sourceTree = "<group>"; };
		E29CCD3A2D298656004AA30A /* SingleSupplementConceptView.swift */ = {isa = PBXFileReference; fileEncoding = 4; lastKnownFileType = sourcecode.swift; path = SingleSupplementConceptView.swift; sourceTree = "<group>"; };
		E29CCD462D29867F004AA30A /* GreetingViewController.swift */ = {isa = PBXFileReference; fileEncoding = 4; lastKnownFileType = sourcecode.swift; path = GreetingViewController.swift; sourceTree = "<group>"; };
		E29CCD472D29867F004AA30A /* GreetingViewModel.swift */ = {isa = PBXFileReference; fileEncoding = 4; lastKnownFileType = sourcecode.swift; path = GreetingViewModel.swift; sourceTree = "<group>"; };
		E29CCD4B2D299297004AA30A /* SwiftUIViews+.swift */ = {isa = PBXFileReference; fileEncoding = 4; lastKnownFileType = sourcecode.swift; path = "SwiftUIViews+.swift"; sourceTree = "<group>"; };
		E29CCD512D299AD5004AA30A /* IncorrectConceptsRankView.swift */ = {isa = PBXFileReference; lastKnownFileType = sourcecode.swift; path = IncorrectConceptsRankView.swift; sourceTree = "<group>"; };
		E2D70FE72D0DD322005A3F51 /* BeginTestViewModel.swift */ = {isa = PBXFileReference; lastKnownFileType = sourcecode.swift; path = BeginTestViewModel.swift; sourceTree = "<group>"; };
		E2D70FEB2D0EBDDD005A3F51 /* CheckListCell.swift */ = {isa = PBXFileReference; lastKnownFileType = sourcecode.swift; path = CheckListCell.swift; sourceTree = "<group>"; };
		E2D70FED2D0EC037005A3F51 /* CheckConceptViewModel.swift */ = {isa = PBXFileReference; lastKnownFileType = sourcecode.swift; path = CheckConceptViewModel.swift; sourceTree = "<group>"; };
		E2DD0E832D2144D000DA3D18 /* PreviewConceptsData.swift */ = {isa = PBXFileReference; lastKnownFileType = sourcecode.swift; path = PreviewConceptsData.swift; sourceTree = "<group>"; };
		E2DD0E852D2146D900DA3D18 /* IncorrectCountData.swift */ = {isa = PBXFileReference; lastKnownFileType = sourcecode.swift; path = IncorrectCountData.swift; sourceTree = "<group>"; };
/* End PBXFileReference section */

/* Begin PBXFrameworksBuildPhase section */
		E23963022D083B8F0092B39B /* Frameworks */ = {
			isa = PBXFrameworksBuildPhase;
			buildActionMask = 2147483647;
			files = (
			);
			runOnlyForDeploymentPostprocessing = 0;
		};
		E23963182D083B910092B39B /* Frameworks */ = {
			isa = PBXFrameworksBuildPhase;
			buildActionMask = 2147483647;
			files = (
			);
			runOnlyForDeploymentPostprocessing = 0;
		};
		E23963222D083B910092B39B /* Frameworks */ = {
			isa = PBXFrameworksBuildPhase;
			buildActionMask = 2147483647;
			files = (
			);
			runOnlyForDeploymentPostprocessing = 0;
		};
		E23963392D083BC30092B39B /* Frameworks */ = {
			isa = PBXFrameworksBuildPhase;
			buildActionMask = 2147483647;
			files = (
			);
			runOnlyForDeploymentPostprocessing = 0;
		};
/* End PBXFrameworksBuildPhase section */

/* Begin PBXGroup section */
		541878522D0E21250089F478 /* Network */ = {
			isa = PBXGroup;
			children = (
				541878552D0E22080089F478 /* Base */,
				5485664D2D12411F002BAEE3 /* DTOs */,
				548566532D1241CB002BAEE3 /* Service */,
			);
			path = Network;
			sourceTree = "<group>";
		};
		541878552D0E22080089F478 /* Base */ = {
			isa = PBXGroup;
			children = (
				541878532D0E21620089F478 /* HTTPMethod.swift */,
				541878562D0E22700089F478 /* NetworkError.swift */,
				541878602D0EC2970089F478 /* HTTPHeaderField.swift */,
				548566482D123C94002BAEE3 /* NetworkRequest.swift */,
				5485664A2D123FC2002BAEE3 /* Network.swift */,
			);
			path = Base;
			sourceTree = "<group>";
		};
		5485664D2D12411F002BAEE3 /* DTOs */ = {
			isa = PBXGroup;
			children = (
				5485664E2D124150002BAEE3 /* Example */,
			);
			path = DTOs;
			sourceTree = "<group>";
		};
		5485664E2D124150002BAEE3 /* Example */ = {
			isa = PBXGroup;
			children = (
				5485664F2D1241A4002BAEE3 /* ExampleRequest.swift */,
				548566512D1241BA002BAEE3 /* ExampleResponse.swift */,
			);
			path = Example;
			sourceTree = "<group>";
		};
		548566532D1241CB002BAEE3 /* Service */ = {
			isa = PBXGroup;
			children = (
				548566542D124260002BAEE3 /* ExampleService.swift */,
			);
			path = Service;
			sourceTree = "<group>";
		};
		54C7A30E2D14613B001175D9 /* Login */ = {
			isa = PBXGroup;
			children = (
				54C7A3112D146193001175D9 /* View */,
				B17FE3032D27F813002EC7D7 /* ViewController */,
				B17FE3042D27F849002EC7D7 /* ViewModel */,
			);
			path = Login;
			sourceTree = "<group>";
		};
		54C7A3112D146193001175D9 /* View */ = {
			isa = PBXGroup;
			children = (
				54C7A3142D1461B2001175D9 /* Components */,
				54C7A3122D1461A6001175D9 /* LoginMainView.swift */,
			);
			path = View;
			sourceTree = "<group>";
		};
		54C7A3142D1461B2001175D9 /* Components */ = {
			isa = PBXGroup;
			children = (
				54C7A3152D14A5A6001175D9 /* LoginLogoView.swift */,
				54BC61542D14AFB70094DC45 /* LoginInputView.swift */,
				54BC61562D18141B0094DC45 /* AccountOptionsView.swift */,
				54BC61582D1823F50094DC45 /* SocialLoginView.swift */,
			);
			path = Components;
			sourceTree = "<group>";
		};
		54DB0D952D094FAA00ABD458 /* App */ = {
			isa = PBXGroup;
			children = (
				E23963082D083B900092B39B /* AppDelegate.swift */,
				E239630A2D083B900092B39B /* SceneDelegate.swift */,
			);
			path = App;
			sourceTree = "<group>";
		};
		54DB0D962D09506C00ABD458 /* Feature */ = {
			isa = PBXGroup;
			children = (
				E29CCD282D29855B004AA30A /* TestComponents */,
				E23824DF2D0C1FA7009E7989 /* Onboarding */,
				54E91B742D18FA9600474D0A /* CommonViews */,
				54C7A30E2D14613B001175D9 /* Login */,
				B168B7552D2806E50000F32E /* Signup */,
				B18F45072D398D3C0030F7DB /* FindAccount */,
				54DB0D972D0950A500ABD458 /* Home */,
			);
			path = Feature;
			sourceTree = "<group>";
		};
		54DB0D972D0950A500ABD458 /* Home */ = {
			isa = PBXGroup;
			children = (
				E239630C2D083B900092B39B /* ViewController.swift */,
				54DB0D982D0950DE00ABD458 /* ViewModel.swift */,
			);
			path = Home;
			sourceTree = "<group>";
		};
		54DB0D9B2D09510A00ABD458 /* Coordinator */ = {
			isa = PBXGroup;
			children = (
				54DB0D9C2D09513300ABD458 /* AppCoordinator.swift */,
			);
			path = Coordinator;
			sourceTree = "<group>";
		};
		54DB0D9E2D09514000ABD458 /* Utils */ = {
			isa = PBXGroup;
			children = (
				B1D9A0E52D3686A100E84934 /* Manager */,
				E29BF8532D117CD5006DC6D0 /* Model */,
				54DB0D9F2D09519D00ABD458 /* Extensions */,
			);
			path = Utils;
			sourceTree = "<group>";
		};
		54DB0D9F2D09519D00ABD458 /* Extensions */ = {
			isa = PBXGroup;
			children = (
				E29CCD4B2D299297004AA30A /* SwiftUIViews+.swift */,
				54DB0DA02D0951C000ABD458 /* Font+.swift */,
				B17FE3072D27F87E002EC7D7 /* String+.swift */,
				B17FE3092D27F8E9002EC7D7 /* UITextField+.swift */,
				B162881B2D2CFC63008057D0 /* UIView+.swift */,
				B162881D2D2D6624008057D0 /* UIViewController+.swift */,
				B16288212D2E3CAB008057D0 /* UINavigationBar+.swift */,
			);
			path = Extensions;
			sourceTree = "<group>";
		};
		54DB0DA22D0951D400ABD458 /* Resources */ = {
			isa = PBXGroup;
			children = (
				E23963112D083B900092B39B /* Assets.xcassets */,
				54DB0DA42D099D6700ABD458 /* Colors.xcassets */,
			);
			path = Resources;
			sourceTree = "<group>";
		};
		54DB0DA32D09524E00ABD458 /* SupportingFiles */ = {
			isa = PBXGroup;
			children = (
				E23963162D083B900092B39B /* Info.plist */,
			);
			path = SupportingFiles;
			sourceTree = "<group>";
		};
		54E91B742D18FA9600474D0A /* CommonViews */ = {
			isa = PBXGroup;
			children = (
				E28BAD7A2D2C326400B8388D /* CustomAlert */,
				54E91B752D18FACD00474D0A /* RoundButton.swift */,
				B17FE30B2D27F931002EC7D7 /* CustomTextField.swift */,
			);
			path = CommonViews;
			sourceTree = "<group>";
		};
		B16288162D2CDB4D008057D0 /* ViewModel */ = {
			isa = PBXGroup;
			children = (
				B16288172D2CDB85008057D0 /* NameInputViewModel.swift */,
				B162881F2D2E2595008057D0 /* EmailInputViewModel.swift */,
				B16288272D30EB45008057D0 /* VerificationCodeViewModel.swift */,
				B16288232D2E8914008057D0 /* IdInputViewModel.swift */,
				B16288252D300CBA008057D0 /* PasswordInputViewModel.swift */,
			);
			path = ViewModel;
			sourceTree = "<group>";
		};
		B168B7552D2806E50000F32E /* Signup */ = {
			isa = PBXGroup;
			children = (
				B168B75E2D28073C0000F32E /* View */,
				B168B7682D2807470000F32E /* ViewController */,
				B16288162D2CDB4D008057D0 /* ViewModel */,
			);
			path = Signup;
			sourceTree = "<group>";
		};
		B168B75B2D28073C0000F32E /* Components */ = {
			isa = PBXGroup;
			children = (
				B168B7582D28073C0000F32E /* SignupHeaderView.swift */,
				B168B7592D28073C0000F32E /* SingleInputView.swift */,
				B168B75A2D28073C0000F32E /* VerificationCodeInputView.swift */,
				B168B7702D28276F0000F32E /* IdInputView.swift */,
				B168B7762D28481D0000F32E /* PasswordInputView.swift */,
				B168B7572D28073C0000F32E /* SignupFooterView.swift */,
			);
			path = Components;
			sourceTree = "<group>";
		};
		B168B75E2D28073C0000F32E /* View */ = {
			isa = PBXGroup;
			children = (
				B168B75B2D28073C0000F32E /* Components */,
				B168B75C2D28073C0000F32E /* SingleInputMainView.swift */,
				B168B75D2D28073C0000F32E /* VerificationCodeMainView.swift */,
				B168B76E2D2826010000F32E /* IdInputMainView.swift */,
				B168B7742D2846DD0000F32E /* PasswordInputMainView.swift */,
			);
			path = View;
			sourceTree = "<group>";
		};
		B168B7682D2807470000F32E /* ViewController */ = {
			isa = PBXGroup;
			children = (
				B168B7662D2807470000F32E /* NameInputViewController.swift */,
				B168B7652D2807470000F32E /* EmailInputViewController.swift */,
				B168B7672D2807470000F32E /* VerificationCodeViewController.swift */,
				B168B76C2D2824BD0000F32E /* IdInputViewController.swift */,
				B168B7722D2846C80000F32E /* PasswordInputViewController.swift */,
			);
			path = ViewController;
			sourceTree = "<group>";
		};
		B17FE3032D27F813002EC7D7 /* ViewController */ = {
			isa = PBXGroup;
			children = (
				54C7A30F2D146190001175D9 /* LoginViewController.swift */,
			);
			path = ViewController;
			sourceTree = "<group>";
		};
		B17FE3042D27F849002EC7D7 /* ViewModel */ = {
			isa = PBXGroup;
			children = (
				B17FE3052D27F85C002EC7D7 /* LoginViewModel.swift */,
			);
			path = ViewModel;
			sourceTree = "<group>";
		};
		B18F45072D398D3C0030F7DB /* FindAccount */ = {
			isa = PBXGroup;
			children = (
				B18F450B2D3992C10030F7DB /* View */,
				B18F45082D398FFD0030F7DB /* ViewController */,
			);
			path = FindAccount;
			sourceTree = "<group>";
		};
		B18F45082D398FFD0030F7DB /* ViewController */ = {
			isa = PBXGroup;
			children = (
				B18F45092D39901D0030F7DB /* FindIdViewController.swift */,
			);
			path = ViewController;
			sourceTree = "<group>";
		};
		B18F450B2D3992C10030F7DB /* View */ = {
			isa = PBXGroup;
			children = (
				B18F450E2D3996F80030F7DB /* Components */,
				B18F450C2D3994380030F7DB /* FindAccountMainView.swift */,
			);
			path = View;
			sourceTree = "<group>";
		};
		B18F450E2D3996F80030F7DB /* Components */ = {
			isa = PBXGroup;
			children = (
				B18F450F2D3997280030F7DB /* FindAccountHeaderView.swift */,
			);
			path = Components;
			sourceTree = "<group>";
		};
		B1D9A0E52D3686A100E84934 /* Manager */ = {
			isa = PBXGroup;
			children = (
				B1D9A0E62D3686BA00E84934 /* CountdownTimer.swift */,
			);
			path = Manager;
			sourceTree = "<group>";
		};
		E23824DF2D0C1FA7009E7989 /* Onboarding */ = {
			isa = PBXGroup;
			children = (
				E25F94C92D0CB1BF00BA765F /* OnboardingComponents */,
				E25856D72D0DA97400355667 /* BeginOnboarding */,
				E25856D82D0DAA0400355667 /* CheckConcept */,
				E25856D92D0DAA2800355667 /* BeginTest */,
				E29CCD182D2982AD004AA30A /* PreviewTest */,
				E29CCD3B2D298656004AA30A /* PreviewResult */,
				E29CCD482D29867F004AA30A /* Greeting */,
			);
			path = Onboarding;
			sourceTree = "<group>";
		};
		E23962FC2D083B8F0092B39B = {
			isa = PBXGroup;
			children = (
				541878522D0E21250089F478 /* Network */,
				E23963072D083B8F0092B39B /* QRIZ */,
				E239631E2D083B910092B39B /* QRIZTests */,
				E23963282D083B910092B39B /* QRIZUITests */,
				E23963062D083B8F0092B39B /* Products */,
			);
			sourceTree = "<group>";
		};
		E23963062D083B8F0092B39B /* Products */ = {
			isa = PBXGroup;
			children = (
				E23963052D083B8F0092B39B /* QRIZ.app */,
				E239631B2D083B910092B39B /* QRIZTests.xctest */,
				E23963252D083B910092B39B /* QRIZUITests.xctest */,
				E239633C2D083BC30092B39B /* QRIZUnitTests.xctest */,
			);
			name = Products;
			sourceTree = "<group>";
		};
		E23963072D083B8F0092B39B /* QRIZ */ = {
			isa = PBXGroup;
			children = (
				54DB0D952D094FAA00ABD458 /* App */,
				54DB0D962D09506C00ABD458 /* Feature */,
				54DB0D9B2D09510A00ABD458 /* Coordinator */,
				54DB0D9E2D09514000ABD458 /* Utils */,
				54DB0DA22D0951D400ABD458 /* Resources */,
				54DB0DA32D09524E00ABD458 /* SupportingFiles */,
			);
			path = QRIZ;
			sourceTree = "<group>";
		};
		E239631E2D083B910092B39B /* QRIZTests */ = {
			isa = PBXGroup;
			children = (
				E239631F2D083B910092B39B /* QRIZTests.swift */,
			);
			path = QRIZTests;
			sourceTree = "<group>";
		};
		E23963282D083B910092B39B /* QRIZUITests */ = {
			isa = PBXGroup;
			children = (
				E23963292D083B910092B39B /* QRIZUITests.swift */,
				E239632B2D083B910092B39B /* QRIZUITestsLaunchTests.swift */,
			);
			path = QRIZUITests;
			sourceTree = "<group>";
		};
		E25856D72D0DA97400355667 /* BeginOnboarding */ = {
			isa = PBXGroup;
			children = (
				E29CCD122D2980B9004AA30A /* ViewModel */,
				E29CCD112D2980A3004AA30A /* ViewController */,
			);
			path = BeginOnboarding;
			sourceTree = "<group>";
		};
		E25856D82D0DAA0400355667 /* CheckConcept */ = {
			isa = PBXGroup;
			children = (
				E29CCD152D298124004AA30A /* View */,
				E29CCD142D29811E004AA30A /* ViewModel */,
				E29CCD132D298116004AA30A /* ViewController */,
			);
			path = CheckConcept;
			sourceTree = "<group>";
		};
		E25856D92D0DAA2800355667 /* BeginTest */ = {
			isa = PBXGroup;
			children = (
				E29CCD172D298152004AA30A /* ViewModel */,
				E29CCD162D29814A004AA30A /* ViewController */,
			);
			path = BeginTest;
			sourceTree = "<group>";
		};
		E25F94C92D0CB1BF00BA765F /* OnboardingComponents */ = {
			isa = PBXGroup;
			children = (
				E25F94CA2D0CB1DB00BA765F /* OnboardingTitleLabel.swift */,
				E25F94CC2D0CB50F00BA765F /* OnboardingSubtitleLabel.swift */,
				E25F94D02D0CB74700BA765F /* OnboardingButton.swift */,
			);
			path = OnboardingComponents;
			sourceTree = "<group>";
		};
		E28BAD7A2D2C326400B8388D /* CustomAlert */ = {
			isa = PBXGroup;
			children = (
				E28BAD762D2C111100B8388D /* CustomAlertView.swift */,
				E28BAD782D2C2DEB00B8388D /* CustomAlertViewController.swift */,
			);
			path = CustomAlert;
			sourceTree = "<group>";
		};
		E29BF8532D117CD5006DC6D0 /* Model */ = {
			isa = PBXGroup;
			children = (
				E29BF86B2D16894C006DC6D0 /* TestModel */,
				E29BF85A2D11D3B2006DC6D0 /* OnboardingModel */,
				E28BAD7B2D2C339100B8388D /* AlertType.swift */,
			);
			path = Model;
			sourceTree = "<group>";
		};
		E29BF85A2D11D3B2006DC6D0 /* OnboardingModel */ = {
			isa = PBXGroup;
			children = (
				E29BF8542D117CF1006DC6D0 /* SurveyCheckList.swift */,
				E23066992D2126B9001B509A /* PreviewScoresData.swift */,
				E2DD0E832D2144D000DA3D18 /* PreviewConceptsData.swift */,
				E2DD0E852D2146D900DA3D18 /* IncorrectCountData.swift */,
			);
			path = OnboardingModel;
			sourceTree = "<group>";
		};
		E29BF86B2D16894C006DC6D0 /* TestModel */ = {
			isa = PBXGroup;
			children = (
				E29BF86C2D16895B006DC6D0 /* QuestionData.swift */,
			);
			path = TestModel;
			sourceTree = "<group>";
		};
		E29CCD112D2980A3004AA30A /* ViewController */ = {
			isa = PBXGroup;
			children = (
				E23824E02D0C3157009E7989 /* BeginOnboardingViewController.swift */,
			);
			path = ViewController;
			sourceTree = "<group>";
		};
		E29CCD122D2980B9004AA30A /* ViewModel */ = {
			isa = PBXGroup;
			children = (
				E25856DD2D0DADD300355667 /* BeginOnboardingViewModel.swift */,
			);
			path = ViewModel;
			sourceTree = "<group>";
		};
		E29CCD132D298116004AA30A /* ViewController */ = {
			isa = PBXGroup;
			children = (
				E25856D32D0D766900355667 /* CheckConceptViewController.swift */,
			);
			path = ViewController;
			sourceTree = "<group>";
		};
		E29CCD142D29811E004AA30A /* ViewModel */ = {
			isa = PBXGroup;
			children = (
				E2D70FED2D0EC037005A3F51 /* CheckConceptViewModel.swift */,
			);
			path = ViewModel;
			sourceTree = "<group>";
		};
		E29CCD152D298124004AA30A /* View */ = {
			isa = PBXGroup;
			children = (
				E2D70FEB2D0EBDDD005A3F51 /* CheckListCell.swift */,
			);
			path = View;
			sourceTree = "<group>";
		};
		E29CCD162D29814A004AA30A /* ViewController */ = {
			isa = PBXGroup;
			children = (
				E25F94C72D0CAF1B00BA765F /* BeginTestViewController.swift */,
			);
			path = ViewController;
			sourceTree = "<group>";
		};
		E29CCD172D298152004AA30A /* ViewModel */ = {
			isa = PBXGroup;
			children = (
				E2D70FE72D0DD322005A3F51 /* BeginTestViewModel.swift */,
			);
			path = ViewModel;
			sourceTree = "<group>";
		};
		E29CCD182D2982AD004AA30A /* PreviewTest */ = {
			isa = PBXGroup;
			children = (
				E29CCD1A2D2982D1004AA30A /* ViewModel */,
				E29CCD192D2982C9004AA30A /* ViewController */,
			);
			path = PreviewTest;
			sourceTree = "<group>";
		};
		E29CCD192D2982C9004AA30A /* ViewController */ = {
			isa = PBXGroup;
			children = (
				E29CCD1B2D298303004AA30A /* PreviewTestViewController.swift */,
			);
			path = ViewController;
			sourceTree = "<group>";
		};
		E29CCD1A2D2982D1004AA30A /* ViewModel */ = {
			isa = PBXGroup;
			children = (
				E29CCD1D2D298316004AA30A /* PreviewTestViewModel.swift */,
			);
			path = ViewModel;
			sourceTree = "<group>";
		};
		E29CCD282D29855B004AA30A /* TestComponents */ = {
			isa = PBXGroup;
			children = (
				E29CCD202D29855B004AA30A /* QuestionNumberLabel.swift */,
				E29CCD212D29855B004AA30A /* QuestionOptionLabel.swift */,
				E29CCD222D29855B004AA30A /* QuestionTitleLabel.swift */,
				E29CCD232D29855B004AA30A /* TestButton.swift */,
				E29CCD242D29855B004AA30A /* TestPageIndicatorLabel.swift */,
				E29CCD252D29855B004AA30A /* TestProgressView.swift */,
				E29CCD262D29855B004AA30A /* TestTimeLabel.swift */,
				E29CCD272D29855B004AA30A /* TestTotalTimeRemainingLabel.swift */,
			);
			path = TestComponents;
			sourceTree = "<group>";
		};
		E29CCD3B2D298656004AA30A /* PreviewResult */ = {
			isa = PBXGroup;
			children = (
				E29CCD502D2995F5004AA30A /* HostingController */,
				E29CCD4F2D2995BC004AA30A /* ViewController */,
				E29CCD4E2D2995B7004AA30A /* ViewModel */,
				E29CCD4D2D2995B2004AA30A /* View */,
			);
			path = PreviewResult;
			sourceTree = "<group>";
		};
		E29CCD482D29867F004AA30A /* Greeting */ = {
			isa = PBXGroup;
			children = (
				E29CCD462D29867F004AA30A /* GreetingViewController.swift */,
				E29CCD472D29867F004AA30A /* GreetingViewModel.swift */,
			);
			path = Greeting;
			sourceTree = "<group>";
		};
		E29CCD4D2D2995B2004AA30A /* View */ = {
			isa = PBXGroup;
			children = (
				E29CCD312D298656004AA30A /* BarGraphsView.swift */,
				E29CCD332D298656004AA30A /* ConceptBarGraphView.swift */,
				E29CCD512D299AD5004AA30A /* IncorrectConceptsRankView.swift */,
				E29CCD342D298656004AA30A /* IncorrectRankView.swift */,
				E29CCD352D298656004AA30A /* PreviewResultTitleLabel.swift */,
				E29CCD392D298656004AA30A /* ScoreCircularChartView.swift */,
				E29CCD3A2D298656004AA30A /* SingleSupplementConceptView.swift */,
			);
			path = View;
			sourceTree = "<group>";
		};
		E29CCD4E2D2995B7004AA30A /* ViewModel */ = {
			isa = PBXGroup;
			children = (
				E29CCD372D298656004AA30A /* PreviewResultViewModel.swift */,
			);
			path = ViewModel;
			sourceTree = "<group>";
		};
		E29CCD4F2D2995BC004AA30A /* ViewController */ = {
			isa = PBXGroup;
			children = (
				E29CCD362D298656004AA30A /* PreviewResultViewController.swift */,
			);
			path = ViewController;
			sourceTree = "<group>";
		};
		E29CCD502D2995F5004AA30A /* HostingController */ = {
			isa = PBXGroup;
			children = (
				E29CCD322D298656004AA30A /* ConceptBarGraphHostingController.swift */,
				E29CCD382D298656004AA30A /* ScoreCircularChartHostingController.swift */,
			);
			path = HostingController;
			sourceTree = "<group>";
		};
/* End PBXGroup section */

/* Begin PBXNativeTarget section */
		E23963042D083B8F0092B39B /* QRIZ */ = {
			isa = PBXNativeTarget;
			buildConfigurationList = E239632F2D083B910092B39B /* Build configuration list for PBXNativeTarget "QRIZ" */;
			buildPhases = (
				E23963012D083B8F0092B39B /* Sources */,
				E23963022D083B8F0092B39B /* Frameworks */,
				E23963032D083B8F0092B39B /* Resources */,
			);
			buildRules = (
			);
			dependencies = (
			);
			name = QRIZ;
			productName = QRIZ;
			productReference = E23963052D083B8F0092B39B /* QRIZ.app */;
			productType = "com.apple.product-type.application";
		};
		E239631A2D083B910092B39B /* QRIZTests */ = {
			isa = PBXNativeTarget;
			buildConfigurationList = E23963322D083B910092B39B /* Build configuration list for PBXNativeTarget "QRIZTests" */;
			buildPhases = (
				E23963172D083B910092B39B /* Sources */,
				E23963182D083B910092B39B /* Frameworks */,
				E23963192D083B910092B39B /* Resources */,
			);
			buildRules = (
			);
			dependencies = (
				E239631D2D083B910092B39B /* PBXTargetDependency */,
			);
			name = QRIZTests;
			productName = QRIZTests;
			productReference = E239631B2D083B910092B39B /* QRIZTests.xctest */;
			productType = "com.apple.product-type.bundle.unit-test";
		};
		E23963242D083B910092B39B /* QRIZUITests */ = {
			isa = PBXNativeTarget;
			buildConfigurationList = E23963352D083B910092B39B /* Build configuration list for PBXNativeTarget "QRIZUITests" */;
			buildPhases = (
				E23963212D083B910092B39B /* Sources */,
				E23963222D083B910092B39B /* Frameworks */,
				E23963232D083B910092B39B /* Resources */,
			);
			buildRules = (
			);
			dependencies = (
				E23963272D083B910092B39B /* PBXTargetDependency */,
			);
			name = QRIZUITests;
			productName = QRIZUITests;
			productReference = E23963252D083B910092B39B /* QRIZUITests.xctest */;
			productType = "com.apple.product-type.bundle.ui-testing";
		};
		E239633B2D083BC30092B39B /* QRIZUnitTests */ = {
			isa = PBXNativeTarget;
			buildConfigurationList = E23963422D083BC30092B39B /* Build configuration list for PBXNativeTarget "QRIZUnitTests" */;
			buildPhases = (
				E23963382D083BC30092B39B /* Sources */,
				E23963392D083BC30092B39B /* Frameworks */,
				E239633A2D083BC30092B39B /* Resources */,
			);
			buildRules = (
			);
			dependencies = (
				E23963412D083BC30092B39B /* PBXTargetDependency */,
			);
			name = QRIZUnitTests;
			productName = QRIZUnitTests;
			productReference = E239633C2D083BC30092B39B /* QRIZUnitTests.xctest */;
			productType = "com.apple.product-type.bundle.unit-test";
		};
/* End PBXNativeTarget section */

/* Begin PBXProject section */
		E23962FD2D083B8F0092B39B /* Project object */ = {
			isa = PBXProject;
			attributes = {
				BuildIndependentTargetsInParallel = 1;
				LastSwiftUpdateCheck = 1540;
				LastUpgradeCheck = 1540;
				TargetAttributes = {
					E23963042D083B8F0092B39B = {
						CreatedOnToolsVersion = 15.4;
					};
					E239631A2D083B910092B39B = {
						CreatedOnToolsVersion = 15.4;
						TestTargetID = E23963042D083B8F0092B39B;
					};
					E23963242D083B910092B39B = {
						CreatedOnToolsVersion = 15.4;
						TestTargetID = E23963042D083B8F0092B39B;
					};
					E239633B2D083BC30092B39B = {
						CreatedOnToolsVersion = 15.4;
						TestTargetID = E23963042D083B8F0092B39B;
					};
				};
			};
			buildConfigurationList = E23963002D083B8F0092B39B /* Build configuration list for PBXProject "QRIZ" */;
			compatibilityVersion = "Xcode 14.0";
			developmentRegion = en;
			hasScannedForEncodings = 0;
			knownRegions = (
				en,
				Base,
			);
			mainGroup = E23962FC2D083B8F0092B39B;
			productRefGroup = E23963062D083B8F0092B39B /* Products */;
			projectDirPath = "";
			projectRoot = "";
			targets = (
				E23963042D083B8F0092B39B /* QRIZ */,
				E239631A2D083B910092B39B /* QRIZTests */,
				E23963242D083B910092B39B /* QRIZUITests */,
				E239633B2D083BC30092B39B /* QRIZUnitTests */,
			);
		};
/* End PBXProject section */

/* Begin PBXResourcesBuildPhase section */
		E23963032D083B8F0092B39B /* Resources */ = {
			isa = PBXResourcesBuildPhase;
			buildActionMask = 2147483647;
			files = (
				E23963122D083B900092B39B /* Assets.xcassets in Resources */,
				54DB0DA52D099D6700ABD458 /* Colors.xcassets in Resources */,
			);
			runOnlyForDeploymentPostprocessing = 0;
		};
		E23963192D083B910092B39B /* Resources */ = {
			isa = PBXResourcesBuildPhase;
			buildActionMask = 2147483647;
			files = (
			);
			runOnlyForDeploymentPostprocessing = 0;
		};
		E23963232D083B910092B39B /* Resources */ = {
			isa = PBXResourcesBuildPhase;
			buildActionMask = 2147483647;
			files = (
			);
			runOnlyForDeploymentPostprocessing = 0;
		};
		E239633A2D083BC30092B39B /* Resources */ = {
			isa = PBXResourcesBuildPhase;
			buildActionMask = 2147483647;
			files = (
			);
			runOnlyForDeploymentPostprocessing = 0;
		};
/* End PBXResourcesBuildPhase section */

/* Begin PBXSourcesBuildPhase section */
		E23963012D083B8F0092B39B /* Sources */ = {
			isa = PBXSourcesBuildPhase;
			buildActionMask = 2147483647;
			files = (
				E25F94CB2D0CB1DB00BA765F /* OnboardingTitleLabel.swift in Sources */,
				B16288242D2E8914008057D0 /* IdInputViewModel.swift in Sources */,
				E25F94D12D0CB74700BA765F /* OnboardingButton.swift in Sources */,
				E29CCD452D298656004AA30A /* SingleSupplementConceptView.swift in Sources */,
				B168B76B2D2807470000F32E /* VerificationCodeViewController.swift in Sources */,
				B16288222D2E3CAB008057D0 /* UINavigationBar+.swift in Sources */,
				B18F450A2D39901D0030F7DB /* FindIdViewController.swift in Sources */,
				B168B7602D28073C0000F32E /* SignupHeaderView.swift in Sources */,
				B168B7712D28276F0000F32E /* IdInputView.swift in Sources */,
				54C7A3102D146190001175D9 /* LoginViewController.swift in Sources */,
				E29CCD432D298656004AA30A /* ScoreCircularChartHostingController.swift in Sources */,
				E29CCD3C2D298656004AA30A /* BarGraphsView.swift in Sources */,
				54DB0DA12D0951C000ABD458 /* Font+.swift in Sources */,
				B168B76D2D2824BD0000F32E /* IdInputViewController.swift in Sources */,
				B17FE3062D27F85C002EC7D7 /* LoginViewModel.swift in Sources */,
				E28BAD792D2C2DEB00B8388D /* CustomAlertViewController.swift in Sources */,
				541878572D0E22700089F478 /* NetworkError.swift in Sources */,
				E29CCD522D299AD5004AA30A /* IncorrectConceptsRankView.swift in Sources */,
				E29CCD492D29867F004AA30A /* GreetingViewController.swift in Sources */,
				E29CCD1C2D298303004AA30A /* PreviewTestViewController.swift in Sources */,
				E29CCD4A2D29867F004AA30A /* GreetingViewModel.swift in Sources */,
				E29CCD3D2D298656004AA30A /* ConceptBarGraphHostingController.swift in Sources */,
				E29CCD2F2D29855B004AA30A /* TestTimeLabel.swift in Sources */,
				B168B7732D2846C80000F32E /* PasswordInputViewController.swift in Sources */,
				E239630D2D083B900092B39B /* ViewController.swift in Sources */,
				B16288262D300CBA008057D0 /* PasswordInputViewModel.swift in Sources */,
				E23824E12D0C3157009E7989 /* BeginOnboardingViewController.swift in Sources */,
				E29CCD292D29855B004AA30A /* QuestionNumberLabel.swift in Sources */,
				E2D70FEE2D0EC037005A3F51 /* CheckConceptViewModel.swift in Sources */,
				E29CCD2C2D29855B004AA30A /* TestButton.swift in Sources */,
				B168B75F2D28073C0000F32E /* SignupFooterView.swift in Sources */,
				B162881C2D2CFC63008057D0 /* UIView+.swift in Sources */,
				541878542D0E21620089F478 /* HTTPMethod.swift in Sources */,
				548566502D1241A4002BAEE3 /* ExampleRequest.swift in Sources */,
				E29CCD422D298656004AA30A /* PreviewResultViewModel.swift in Sources */,
				548566522D1241BA002BAEE3 /* ExampleResponse.swift in Sources */,
				B168B7622D28073C0000F32E /* VerificationCodeInputView.swift in Sources */,
				548566492D123C94002BAEE3 /* NetworkRequest.swift in Sources */,
				B168B7772D28481D0000F32E /* PasswordInputView.swift in Sources */,
				B17FE30C2D27F931002EC7D7 /* CustomTextField.swift in Sources */,
				E29CCD412D298656004AA30A /* PreviewResultViewController.swift in Sources */,
				5485664B2D123FC2002BAEE3 /* Network.swift in Sources */,
				B162881E2D2D6624008057D0 /* UIViewController+.swift in Sources */,
				54BC61592D1823F50094DC45 /* SocialLoginView.swift in Sources */,
				E23963092D083B900092B39B /* AppDelegate.swift in Sources */,
				E2D70FE82D0DD322005A3F51 /* BeginTestViewModel.swift in Sources */,
				E29BF86D2D16895B006DC6D0 /* QuestionData.swift in Sources */,
				E29CCD2A2D29855B004AA30A /* QuestionOptionLabel.swift in Sources */,
				E25856D42D0D766900355667 /* CheckConceptViewController.swift in Sources */,
				E25F94C82D0CAF1B00BA765F /* BeginTestViewController.swift in Sources */,
				B18F450D2D3994380030F7DB /* FindAccountMainView.swift in Sources */,
				B168B7692D2807470000F32E /* EmailInputViewController.swift in Sources */,
				54DB0D9D2D09513300ABD458 /* AppCoordinator.swift in Sources */,
				54E91B762D18FACD00474D0A /* RoundButton.swift in Sources */,
				54DB0D992D0950DE00ABD458 /* ViewModel.swift in Sources */,
				B17FE30A2D27F8E9002EC7D7 /* UITextField+.swift in Sources */,
				E29CCD4C2D299297004AA30A /* SwiftUIViews+.swift in Sources */,
				E29CCD402D298656004AA30A /* PreviewResultTitleLabel.swift in Sources */,
				541878612D0EC2970089F478 /* HTTPHeaderField.swift in Sources */,
				B168B7642D28073C0000F32E /* VerificationCodeMainView.swift in Sources */,
				B168B76A2D2807470000F32E /* NameInputViewController.swift in Sources */,
				548566552D124260002BAEE3 /* ExampleService.swift in Sources */,
				E29CCD3F2D298656004AA30A /* IncorrectRankView.swift in Sources */,
				E239630B2D083B900092B39B /* SceneDelegate.swift in Sources */,
				E2D70FEC2D0EBDDD005A3F51 /* CheckListCell.swift in Sources */,
				E28BAD772D2C111100B8388D /* CustomAlertView.swift in Sources */,
				E29CCD2E2D29855B004AA30A /* TestProgressView.swift in Sources */,
				E28BAD7C2D2C339100B8388D /* AlertType.swift in Sources */,
				E29CCD2B2D29855B004AA30A /* QuestionTitleLabel.swift in Sources */,
				E2DD0E842D2144D000DA3D18 /* PreviewConceptsData.swift in Sources */,
				E29CCD302D29855B004AA30A /* TestTotalTimeRemainingLabel.swift in Sources */,
				E29CCD2D2D29855B004AA30A /* TestPageIndicatorLabel.swift in Sources */,
				E25856DE2D0DADD300355667 /* BeginOnboardingViewModel.swift in Sources */,
				B16288282D30EB45008057D0 /* VerificationCodeViewModel.swift in Sources */,
				E230669A2D2126B9001B509A /* PreviewScoresData.swift in Sources */,
				B1D9A0E72D3686BA00E84934 /* CountdownTimer.swift in Sources */,
				B18F45102D3997280030F7DB /* FindAccountHeaderView.swift in Sources */,
				E29BF8552D117CF1006DC6D0 /* SurveyCheckList.swift in Sources */,
				E2DD0E862D2146D900DA3D18 /* IncorrectCountData.swift in Sources */,
				E29CCD3E2D298656004AA30A /* ConceptBarGraphView.swift in Sources */,
				E25F94CD2D0CB50F00BA765F /* OnboardingSubtitleLabel.swift in Sources */,
				54BC61572D18141B0094DC45 /* AccountOptionsView.swift in Sources */,
				E29CCD1E2D298316004AA30A /* PreviewTestViewModel.swift in Sources */,
				E29CCD442D298656004AA30A /* ScoreCircularChartView.swift in Sources */,
				B168B76F2D2826010000F32E /* IdInputMainView.swift in Sources */,
				B16288182D2CDB85008057D0 /* NameInputViewModel.swift in Sources */,
				B168B7632D28073C0000F32E /* SingleInputMainView.swift in Sources */,
				54BC61552D14AFB70094DC45 /* LoginInputView.swift in Sources */,
				B168B7752D2846DD0000F32E /* PasswordInputMainView.swift in Sources */,
				B16288202D2E2595008057D0 /* EmailInputViewModel.swift in Sources */,
				B17FE3082D27F87E002EC7D7 /* String+.swift in Sources */,
				B168B7612D28073C0000F32E /* SingleInputView.swift in Sources */,
				54C7A3162D14A5A6001175D9 /* LoginLogoView.swift in Sources */,
				54C7A3132D1461A6001175D9 /* LoginMainView.swift in Sources */,
			);
			runOnlyForDeploymentPostprocessing = 0;
		};
		E23963172D083B910092B39B /* Sources */ = {
			isa = PBXSourcesBuildPhase;
			buildActionMask = 2147483647;
			files = (
				E23963202D083B910092B39B /* QRIZTests.swift in Sources */,
			);
			runOnlyForDeploymentPostprocessing = 0;
		};
		E23963212D083B910092B39B /* Sources */ = {
			isa = PBXSourcesBuildPhase;
			buildActionMask = 2147483647;
			files = (
				E239632C2D083B910092B39B /* QRIZUITestsLaunchTests.swift in Sources */,
				E239632A2D083B910092B39B /* QRIZUITests.swift in Sources */,
			);
			runOnlyForDeploymentPostprocessing = 0;
		};
		E23963382D083BC30092B39B /* Sources */ = {
			isa = PBXSourcesBuildPhase;
			buildActionMask = 2147483647;
			files = (
			);
			runOnlyForDeploymentPostprocessing = 0;
		};
/* End PBXSourcesBuildPhase section */

/* Begin PBXTargetDependency section */
		E239631D2D083B910092B39B /* PBXTargetDependency */ = {
			isa = PBXTargetDependency;
			target = E23963042D083B8F0092B39B /* QRIZ */;
			targetProxy = E239631C2D083B910092B39B /* PBXContainerItemProxy */;
		};
		E23963272D083B910092B39B /* PBXTargetDependency */ = {
			isa = PBXTargetDependency;
			target = E23963042D083B8F0092B39B /* QRIZ */;
			targetProxy = E23963262D083B910092B39B /* PBXContainerItemProxy */;
		};
		E23963412D083BC30092B39B /* PBXTargetDependency */ = {
			isa = PBXTargetDependency;
			target = E23963042D083B8F0092B39B /* QRIZ */;
			targetProxy = E23963402D083BC30092B39B /* PBXContainerItemProxy */;
		};
/* End PBXTargetDependency section */

/* Begin XCBuildConfiguration section */
		E239632D2D083B910092B39B /* Debug */ = {
			isa = XCBuildConfiguration;
			buildSettings = {
				ALWAYS_SEARCH_USER_PATHS = NO;
				ASSETCATALOG_COMPILER_GENERATE_SWIFT_ASSET_SYMBOL_EXTENSIONS = YES;
				CLANG_ANALYZER_NONNULL = YES;
				CLANG_ANALYZER_NUMBER_OBJECT_CONVERSION = YES_AGGRESSIVE;
				CLANG_CXX_LANGUAGE_STANDARD = "gnu++20";
				CLANG_ENABLE_MODULES = YES;
				CLANG_ENABLE_OBJC_ARC = YES;
				CLANG_ENABLE_OBJC_WEAK = YES;
				CLANG_WARN_BLOCK_CAPTURE_AUTORELEASING = YES;
				CLANG_WARN_BOOL_CONVERSION = YES;
				CLANG_WARN_COMMA = YES;
				CLANG_WARN_CONSTANT_CONVERSION = YES;
				CLANG_WARN_DEPRECATED_OBJC_IMPLEMENTATIONS = YES;
				CLANG_WARN_DIRECT_OBJC_ISA_USAGE = YES_ERROR;
				CLANG_WARN_DOCUMENTATION_COMMENTS = YES;
				CLANG_WARN_EMPTY_BODY = YES;
				CLANG_WARN_ENUM_CONVERSION = YES;
				CLANG_WARN_INFINITE_RECURSION = YES;
				CLANG_WARN_INT_CONVERSION = YES;
				CLANG_WARN_NON_LITERAL_NULL_CONVERSION = YES;
				CLANG_WARN_OBJC_IMPLICIT_RETAIN_SELF = YES;
				CLANG_WARN_OBJC_LITERAL_CONVERSION = YES;
				CLANG_WARN_OBJC_ROOT_CLASS = YES_ERROR;
				CLANG_WARN_QUOTED_INCLUDE_IN_FRAMEWORK_HEADER = YES;
				CLANG_WARN_RANGE_LOOP_ANALYSIS = YES;
				CLANG_WARN_STRICT_PROTOTYPES = YES;
				CLANG_WARN_SUSPICIOUS_MOVE = YES;
				CLANG_WARN_UNGUARDED_AVAILABILITY = YES_AGGRESSIVE;
				CLANG_WARN_UNREACHABLE_CODE = YES;
				CLANG_WARN__DUPLICATE_METHOD_MATCH = YES;
				COPY_PHASE_STRIP = NO;
				DEBUG_INFORMATION_FORMAT = dwarf;
				ENABLE_STRICT_OBJC_MSGSEND = YES;
				ENABLE_TESTABILITY = YES;
				ENABLE_USER_SCRIPT_SANDBOXING = YES;
				GCC_C_LANGUAGE_STANDARD = gnu17;
				GCC_DYNAMIC_NO_PIC = NO;
				GCC_NO_COMMON_BLOCKS = YES;
				GCC_OPTIMIZATION_LEVEL = 0;
				GCC_PREPROCESSOR_DEFINITIONS = (
					"DEBUG=1",
					"$(inherited)",
				);
				GCC_WARN_64_TO_32_BIT_CONVERSION = YES;
				GCC_WARN_ABOUT_RETURN_TYPE = YES_ERROR;
				GCC_WARN_UNDECLARED_SELECTOR = YES;
				GCC_WARN_UNINITIALIZED_AUTOS = YES_AGGRESSIVE;
				GCC_WARN_UNUSED_FUNCTION = YES;
				GCC_WARN_UNUSED_VARIABLE = YES;
				IPHONEOS_DEPLOYMENT_TARGET = 15.0;
				LOCALIZATION_PREFERS_STRING_CATALOGS = YES;
				MTL_ENABLE_DEBUG_INFO = INCLUDE_SOURCE;
				MTL_FAST_MATH = YES;
				ONLY_ACTIVE_ARCH = YES;
				SDKROOT = iphoneos;
				SWIFT_ACTIVE_COMPILATION_CONDITIONS = "DEBUG $(inherited)";
				SWIFT_OPTIMIZATION_LEVEL = "-Onone";
			};
			name = Debug;
		};
		E239632E2D083B910092B39B /* Release */ = {
			isa = XCBuildConfiguration;
			buildSettings = {
				ALWAYS_SEARCH_USER_PATHS = NO;
				ASSETCATALOG_COMPILER_GENERATE_SWIFT_ASSET_SYMBOL_EXTENSIONS = YES;
				CLANG_ANALYZER_NONNULL = YES;
				CLANG_ANALYZER_NUMBER_OBJECT_CONVERSION = YES_AGGRESSIVE;
				CLANG_CXX_LANGUAGE_STANDARD = "gnu++20";
				CLANG_ENABLE_MODULES = YES;
				CLANG_ENABLE_OBJC_ARC = YES;
				CLANG_ENABLE_OBJC_WEAK = YES;
				CLANG_WARN_BLOCK_CAPTURE_AUTORELEASING = YES;
				CLANG_WARN_BOOL_CONVERSION = YES;
				CLANG_WARN_COMMA = YES;
				CLANG_WARN_CONSTANT_CONVERSION = YES;
				CLANG_WARN_DEPRECATED_OBJC_IMPLEMENTATIONS = YES;
				CLANG_WARN_DIRECT_OBJC_ISA_USAGE = YES_ERROR;
				CLANG_WARN_DOCUMENTATION_COMMENTS = YES;
				CLANG_WARN_EMPTY_BODY = YES;
				CLANG_WARN_ENUM_CONVERSION = YES;
				CLANG_WARN_INFINITE_RECURSION = YES;
				CLANG_WARN_INT_CONVERSION = YES;
				CLANG_WARN_NON_LITERAL_NULL_CONVERSION = YES;
				CLANG_WARN_OBJC_IMPLICIT_RETAIN_SELF = YES;
				CLANG_WARN_OBJC_LITERAL_CONVERSION = YES;
				CLANG_WARN_OBJC_ROOT_CLASS = YES_ERROR;
				CLANG_WARN_QUOTED_INCLUDE_IN_FRAMEWORK_HEADER = YES;
				CLANG_WARN_RANGE_LOOP_ANALYSIS = YES;
				CLANG_WARN_STRICT_PROTOTYPES = YES;
				CLANG_WARN_SUSPICIOUS_MOVE = YES;
				CLANG_WARN_UNGUARDED_AVAILABILITY = YES_AGGRESSIVE;
				CLANG_WARN_UNREACHABLE_CODE = YES;
				CLANG_WARN__DUPLICATE_METHOD_MATCH = YES;
				COPY_PHASE_STRIP = NO;
				DEBUG_INFORMATION_FORMAT = "dwarf-with-dsym";
				ENABLE_NS_ASSERTIONS = NO;
				ENABLE_STRICT_OBJC_MSGSEND = YES;
				ENABLE_USER_SCRIPT_SANDBOXING = YES;
				GCC_C_LANGUAGE_STANDARD = gnu17;
				GCC_NO_COMMON_BLOCKS = YES;
				GCC_WARN_64_TO_32_BIT_CONVERSION = YES;
				GCC_WARN_ABOUT_RETURN_TYPE = YES_ERROR;
				GCC_WARN_UNDECLARED_SELECTOR = YES;
				GCC_WARN_UNINITIALIZED_AUTOS = YES_AGGRESSIVE;
				GCC_WARN_UNUSED_FUNCTION = YES;
				GCC_WARN_UNUSED_VARIABLE = YES;
				IPHONEOS_DEPLOYMENT_TARGET = 15.0;
				LOCALIZATION_PREFERS_STRING_CATALOGS = YES;
				MTL_ENABLE_DEBUG_INFO = NO;
				MTL_FAST_MATH = YES;
				SDKROOT = iphoneos;
				SWIFT_COMPILATION_MODE = wholemodule;
				VALIDATE_PRODUCT = YES;
			};
			name = Release;
		};
		E23963302D083B910092B39B /* Debug */ = {
			isa = XCBuildConfiguration;
			buildSettings = {
				ASSETCATALOG_COMPILER_APPICON_NAME = AppIcon;
				ASSETCATALOG_COMPILER_GLOBAL_ACCENT_COLOR_NAME = AccentColor;
				CODE_SIGN_STYLE = Automatic;
				CURRENT_PROJECT_VERSION = 1;
				DEVELOPMENT_TEAM = 876W82FDBV;
				GENERATE_INFOPLIST_FILE = YES;
				INFOPLIST_FILE = QRIZ/SupportingFiles/Info.plist;
				INFOPLIST_KEY_UIApplicationSupportsIndirectInputEvents = YES;
				INFOPLIST_KEY_UILaunchStoryboardName = LaunchScreen;
				INFOPLIST_KEY_UISupportedInterfaceOrientations_iPad = "UIInterfaceOrientationPortrait UIInterfaceOrientationPortraitUpsideDown UIInterfaceOrientationLandscapeLeft UIInterfaceOrientationLandscapeRight";
				INFOPLIST_KEY_UISupportedInterfaceOrientations_iPhone = "UIInterfaceOrientationPortrait UIInterfaceOrientationLandscapeLeft UIInterfaceOrientationLandscapeRight";
				IPHONEOS_DEPLOYMENT_TARGET = 15.0;
				LD_RUNPATH_SEARCH_PATHS = (
					"$(inherited)",
					"@executable_path/Frameworks",
				);
				MARKETING_VERSION = 1.0;
				PRODUCT_BUNDLE_IDENTIFIER = kr.QRIZ;
				PRODUCT_NAME = "$(TARGET_NAME)";
				SWIFT_EMIT_LOC_STRINGS = YES;
				SWIFT_VERSION = 5.0;
				TARGETED_DEVICE_FAMILY = "1,2";
			};
			name = Debug;
		};
		E23963312D083B910092B39B /* Release */ = {
			isa = XCBuildConfiguration;
			buildSettings = {
				ASSETCATALOG_COMPILER_APPICON_NAME = AppIcon;
				ASSETCATALOG_COMPILER_GLOBAL_ACCENT_COLOR_NAME = AccentColor;
				CODE_SIGN_STYLE = Automatic;
				CURRENT_PROJECT_VERSION = 1;
				DEVELOPMENT_TEAM = 876W82FDBV;
				GENERATE_INFOPLIST_FILE = YES;
				INFOPLIST_FILE = QRIZ/SupportingFiles/Info.plist;
				INFOPLIST_KEY_UIApplicationSupportsIndirectInputEvents = YES;
				INFOPLIST_KEY_UILaunchStoryboardName = LaunchScreen;
				INFOPLIST_KEY_UISupportedInterfaceOrientations_iPad = "UIInterfaceOrientationPortrait UIInterfaceOrientationPortraitUpsideDown UIInterfaceOrientationLandscapeLeft UIInterfaceOrientationLandscapeRight";
				INFOPLIST_KEY_UISupportedInterfaceOrientations_iPhone = "UIInterfaceOrientationPortrait UIInterfaceOrientationLandscapeLeft UIInterfaceOrientationLandscapeRight";
				IPHONEOS_DEPLOYMENT_TARGET = 15.0;
				LD_RUNPATH_SEARCH_PATHS = (
					"$(inherited)",
					"@executable_path/Frameworks",
				);
				MARKETING_VERSION = 1.0;
				PRODUCT_BUNDLE_IDENTIFIER = kr.QRIZ;
				PRODUCT_NAME = "$(TARGET_NAME)";
				SWIFT_EMIT_LOC_STRINGS = YES;
				SWIFT_VERSION = 5.0;
				TARGETED_DEVICE_FAMILY = "1,2";
			};
			name = Release;
		};
		E23963332D083B910092B39B /* Debug */ = {
			isa = XCBuildConfiguration;
			buildSettings = {
				ALWAYS_EMBED_SWIFT_STANDARD_LIBRARIES = YES;
				BUNDLE_LOADER = "$(TEST_HOST)";
				CODE_SIGN_STYLE = Automatic;
				CURRENT_PROJECT_VERSION = 1;
				DEVELOPMENT_TEAM = 876W82FDBV;
				GENERATE_INFOPLIST_FILE = YES;
				IPHONEOS_DEPLOYMENT_TARGET = 17.5;
				MARKETING_VERSION = 1.0;
				PRODUCT_BUNDLE_IDENTIFIER = kr.QRIZTests;
				PRODUCT_NAME = "$(TARGET_NAME)";
				SWIFT_EMIT_LOC_STRINGS = NO;
				SWIFT_VERSION = 5.0;
				TARGETED_DEVICE_FAMILY = "1,2";
				TEST_HOST = "$(BUILT_PRODUCTS_DIR)/QRIZ.app/$(BUNDLE_EXECUTABLE_FOLDER_PATH)/QRIZ";
			};
			name = Debug;
		};
		E23963342D083B910092B39B /* Release */ = {
			isa = XCBuildConfiguration;
			buildSettings = {
				ALWAYS_EMBED_SWIFT_STANDARD_LIBRARIES = YES;
				BUNDLE_LOADER = "$(TEST_HOST)";
				CODE_SIGN_STYLE = Automatic;
				CURRENT_PROJECT_VERSION = 1;
				DEVELOPMENT_TEAM = 876W82FDBV;
				GENERATE_INFOPLIST_FILE = YES;
				IPHONEOS_DEPLOYMENT_TARGET = 17.5;
				MARKETING_VERSION = 1.0;
				PRODUCT_BUNDLE_IDENTIFIER = kr.QRIZTests;
				PRODUCT_NAME = "$(TARGET_NAME)";
				SWIFT_EMIT_LOC_STRINGS = NO;
				SWIFT_VERSION = 5.0;
				TARGETED_DEVICE_FAMILY = "1,2";
				TEST_HOST = "$(BUILT_PRODUCTS_DIR)/QRIZ.app/$(BUNDLE_EXECUTABLE_FOLDER_PATH)/QRIZ";
			};
			name = Release;
		};
		E23963362D083B910092B39B /* Debug */ = {
			isa = XCBuildConfiguration;
			buildSettings = {
				ALWAYS_EMBED_SWIFT_STANDARD_LIBRARIES = YES;
				CODE_SIGN_STYLE = Automatic;
				CURRENT_PROJECT_VERSION = 1;
				DEVELOPMENT_TEAM = 876W82FDBV;
				GENERATE_INFOPLIST_FILE = YES;
				MARKETING_VERSION = 1.0;
				PRODUCT_BUNDLE_IDENTIFIER = kr.QRIZUITests;
				PRODUCT_NAME = "$(TARGET_NAME)";
				SWIFT_EMIT_LOC_STRINGS = NO;
				SWIFT_VERSION = 5.0;
				TARGETED_DEVICE_FAMILY = "1,2";
				TEST_TARGET_NAME = QRIZ;
			};
			name = Debug;
		};
		E23963372D083B910092B39B /* Release */ = {
			isa = XCBuildConfiguration;
			buildSettings = {
				ALWAYS_EMBED_SWIFT_STANDARD_LIBRARIES = YES;
				CODE_SIGN_STYLE = Automatic;
				CURRENT_PROJECT_VERSION = 1;
				DEVELOPMENT_TEAM = 876W82FDBV;
				GENERATE_INFOPLIST_FILE = YES;
				MARKETING_VERSION = 1.0;
				PRODUCT_BUNDLE_IDENTIFIER = kr.QRIZUITests;
				PRODUCT_NAME = "$(TARGET_NAME)";
				SWIFT_EMIT_LOC_STRINGS = NO;
				SWIFT_VERSION = 5.0;
				TARGETED_DEVICE_FAMILY = "1,2";
				TEST_TARGET_NAME = QRIZ;
			};
			name = Release;
		};
		E23963432D083BC30092B39B /* Debug */ = {
			isa = XCBuildConfiguration;
			buildSettings = {
				BUNDLE_LOADER = "$(TEST_HOST)";
				CODE_SIGN_STYLE = Automatic;
				CURRENT_PROJECT_VERSION = 1;
				DEVELOPMENT_TEAM = 876W82FDBV;
				GENERATE_INFOPLIST_FILE = YES;
				MARKETING_VERSION = 1.0;
				PRODUCT_BUNDLE_IDENTIFIER = kr.QRIZUnitTests;
				PRODUCT_NAME = "$(TARGET_NAME)";
				SWIFT_EMIT_LOC_STRINGS = NO;
				SWIFT_VERSION = 5.0;
				TARGETED_DEVICE_FAMILY = "1,2";
				TEST_HOST = "$(BUILT_PRODUCTS_DIR)/QRIZ.app/$(BUNDLE_EXECUTABLE_FOLDER_PATH)/QRIZ";
			};
			name = Debug;
		};
		E23963442D083BC30092B39B /* Release */ = {
			isa = XCBuildConfiguration;
			buildSettings = {
				BUNDLE_LOADER = "$(TEST_HOST)";
				CODE_SIGN_STYLE = Automatic;
				CURRENT_PROJECT_VERSION = 1;
				DEVELOPMENT_TEAM = 876W82FDBV;
				GENERATE_INFOPLIST_FILE = YES;
				MARKETING_VERSION = 1.0;
				PRODUCT_BUNDLE_IDENTIFIER = kr.QRIZUnitTests;
				PRODUCT_NAME = "$(TARGET_NAME)";
				SWIFT_EMIT_LOC_STRINGS = NO;
				SWIFT_VERSION = 5.0;
				TARGETED_DEVICE_FAMILY = "1,2";
				TEST_HOST = "$(BUILT_PRODUCTS_DIR)/QRIZ.app/$(BUNDLE_EXECUTABLE_FOLDER_PATH)/QRIZ";
			};
			name = Release;
		};
/* End XCBuildConfiguration section */

/* Begin XCConfigurationList section */
		E23963002D083B8F0092B39B /* Build configuration list for PBXProject "QRIZ" */ = {
			isa = XCConfigurationList;
			buildConfigurations = (
				E239632D2D083B910092B39B /* Debug */,
				E239632E2D083B910092B39B /* Release */,
			);
			defaultConfigurationIsVisible = 0;
			defaultConfigurationName = Release;
		};
		E239632F2D083B910092B39B /* Build configuration list for PBXNativeTarget "QRIZ" */ = {
			isa = XCConfigurationList;
			buildConfigurations = (
				E23963302D083B910092B39B /* Debug */,
				E23963312D083B910092B39B /* Release */,
			);
			defaultConfigurationIsVisible = 0;
			defaultConfigurationName = Release;
		};
		E23963322D083B910092B39B /* Build configuration list for PBXNativeTarget "QRIZTests" */ = {
			isa = XCConfigurationList;
			buildConfigurations = (
				E23963332D083B910092B39B /* Debug */,
				E23963342D083B910092B39B /* Release */,
			);
			defaultConfigurationIsVisible = 0;
			defaultConfigurationName = Release;
		};
		E23963352D083B910092B39B /* Build configuration list for PBXNativeTarget "QRIZUITests" */ = {
			isa = XCConfigurationList;
			buildConfigurations = (
				E23963362D083B910092B39B /* Debug */,
				E23963372D083B910092B39B /* Release */,
			);
			defaultConfigurationIsVisible = 0;
			defaultConfigurationName = Release;
		};
		E23963422D083BC30092B39B /* Build configuration list for PBXNativeTarget "QRIZUnitTests" */ = {
			isa = XCConfigurationList;
			buildConfigurations = (
				E23963432D083BC30092B39B /* Debug */,
				E23963442D083BC30092B39B /* Release */,
			);
			defaultConfigurationIsVisible = 0;
			defaultConfigurationName = Release;
		};
/* End XCConfigurationList section */
	};
	rootObject = E23962FD2D083B8F0092B39B /* Project object */;
}
