// !$*UTF8*$!
{
	archiveVersion = 1;
	classes = {
	};
	objectVersion = 70;
	objects = {

/* Begin PBXBuildFile section */
		B12FEEEE2F46F98200280847 /* Network in Frameworks */ = {isa = PBXBuildFile; productRef = B12FEEED2F46F98200280847 /* Network */; };
		B13774AD2ED9D7AF001A614D /* GoogleService-Info.plist in Resources */ = {isa = PBXBuildFile; fileRef = B13774AC2ED9D7AF001A614D /* GoogleService-Info.plist */; };
		B13BC2F22F56E3B500E99FA2 /* Auth in Frameworks */ = {isa = PBXBuildFile; productRef = B13BC2F32F56E3B500E99FA2 /* Auth */; };
		B13BC73E2F58273500E99FA2 /* Conceptbook in Frameworks */ = {isa = PBXBuildFile; productRef = B13BC73F2F58273500E99FA2 /* Conceptbook */; };
		B1D7CE482F5EE18200E6C2CD /* MistakeNote in Frameworks */ = {isa = PBXBuildFile; productRef = B1D7CE492F5EE18200E6C2CD /* MistakeNote */; };
		2F7A758592D8472A94299C4B /* Onboarding in Frameworks */ = {isa = PBXBuildFile; productRef = E9849FEE34F04512AEA4EBE2 /* Onboarding */; };
		B151082A2DFFEA8C00657506 /* DeleteAccountViewController.swift in Sources */ = {isa = PBXBuildFile; fileRef = B15108262DFFEA8C00657506 /* DeleteAccountViewController.swift */; };
		B151082B2DFFEA8C00657506 /* MyPageViewController.swift in Sources */ = {isa = PBXBuildFile; fileRef = B15108272DFFEA8C00657506 /* MyPageViewController.swift */; };
		B151082C2DFFEA8C00657506 /* SettingsViewController.swift in Sources */ = {isa = PBXBuildFile; fileRef = B15108282DFFEA8C00657506 /* SettingsViewController.swift */; };
		B151083E2DFFEB2700657506 /* MyPageSection.swift in Sources */ = {isa = PBXBuildFile; fileRef = B15108312DFFEB2700657506 /* MyPageSection.swift */; };
		B151083F2DFFEB2700657506 /* ProfileCell.swift in Sources */ = {isa = PBXBuildFile; fileRef = B15108322DFFEB2700657506 /* ProfileCell.swift */; };
		B15108402DFFEB2700657506 /* QuickActionsCell.swift in Sources */ = {isa = PBXBuildFile; fileRef = B15108332DFFEB2700657506 /* QuickActionsCell.swift */; };
		B15108412DFFEB2700657506 /* SupportMenuCell.swift in Sources */ = {isa = PBXBuildFile; fileRef = B15108342DFFEB2700657506 /* SupportMenuCell.swift */; };
		B15108422DFFEB2700657506 /* ProfileHeaderView.swift in Sources */ = {isa = PBXBuildFile; fileRef = B15108362DFFEB2700657506 /* ProfileHeaderView.swift */; };
		B15108432DFFEB2700657506 /* SettingsOptionView.swift in Sources */ = {isa = PBXBuildFile; fileRef = B15108372DFFEB2700657506 /* SettingsOptionView.swift */; };
		B15108442DFFEB2700657506 /* DeleteAccountMainView.swift in Sources */ = {isa = PBXBuildFile; fileRef = B151083A2DFFEB2700657506 /* DeleteAccountMainView.swift */; };
		B15108452DFFEB2700657506 /* MyPageMainView.swift in Sources */ = {isa = PBXBuildFile; fileRef = B151083B2DFFEB2700657506 /* MyPageMainView.swift */; };
		B15108462DFFEB2700657506 /* SettingsMainView.swift in Sources */ = {isa = PBXBuildFile; fileRef = B151083C2DFFEB2700657506 /* SettingsMainView.swift */; };
		B151084F2E00346500657506 /* DeleteAccountViewModel.swift in Sources */ = {isa = PBXBuildFile; fileRef = B151084B2E00346500657506 /* DeleteAccountViewModel.swift */; };
		B15108502E00346500657506 /* MyPageViewModel.swift in Sources */ = {isa = PBXBuildFile; fileRef = B151084C2E00346500657506 /* MyPageViewModel.swift */; };
		B15108512E00346500657506 /* SettingsViewModel.swift in Sources */ = {isa = PBXBuildFile; fileRef = B151084D2E00346500657506 /* SettingsViewModel.swift */; };
		B151097F2E04DF0900657506 /* ChangePasswordViewController.swift in Sources */ = {isa = PBXBuildFile; fileRef = B151097E2E04DF0900657506 /* ChangePasswordViewController.swift */; };
		B15109812E04DF8700657506 /* ChangePasswordViewModel.swift in Sources */ = {isa = PBXBuildFile; fileRef = B15109802E04DF8700657506 /* ChangePasswordViewModel.swift */; };
		B15109832E04DFA400657506 /* ChangePasswordMainView.swift in Sources */ = {isa = PBXBuildFile; fileRef = B15109822E04DFA400657506 /* ChangePasswordMainView.swift */; };
		B15109852E05208B00657506 /* ChangePasswordInputView.swift in Sources */ = {isa = PBXBuildFile; fileRef = B15109842E05208B00657506 /* ChangePasswordInputView.swift */; };
		B17C0EC52F5AACD200C8219A /* Account in Frameworks */ = {isa = PBXBuildFile; productRef = B17C0EC42F5AACD200C8219A /* Account */; };
		B18CDE662F45AD2A00CB3AB4 /* QRIZUtils in Frameworks */ = {isa = PBXBuildFile; productRef = B18CDE652F45AD2A00CB3AB4 /* QRIZUtils */; };
		B19C4FC52D6C226500CD008A /* TabBarCoordinator.swift in Sources */ = {isa = PBXBuildFile; fileRef = B19C4FC42D6C226500CD008A /* TabBarCoordinator.swift */; };
		B1BDD0C72F4D26CD00834D57 /* DesignSystem in Frameworks */ = {isa = PBXBuildFile; productRef = B1BDD0C62F4D26CD00834D57 /* DesignSystem */; };
		B1BDD0CA2F4D2A5200834D57 /* Assets.xcassets in Resources */ = {isa = PBXBuildFile; fileRef = B1BDD0C82F4D2A5200834D57 /* Assets.xcassets */; };
		B1D813712D6E0C1F00A9D447 /* HomeCoordinator.swift in Sources */ = {isa = PBXBuildFile; fileRef = B1D813702D6E0C1F00A9D447 /* HomeCoordinator.swift */; };
		B1D813772D6E0CD700A9D447 /* MyPageCoordinator.swift in Sources */ = {isa = PBXBuildFile; fileRef = B1D813762D6E0CD700A9D447 /* MyPageCoordinator.swift */; };
		B1D8137A2D768D9B00A9D447 /* AppCoordinator.swift in Sources */ = {isa = PBXBuildFile; fileRef = B1D813792D768D9B00A9D447 /* AppCoordinator.swift */; };
		D52D2E306AD846D98D4E9CDF5B15473A /* ExamKit in Frameworks */ = {isa = PBXBuildFile; productRef = F4E578BDAC154F81A58E0781EEE6FBD1 /* ExamKit */; };
		E211ADFA2DE467A000AB24FE /* ExamResultViewController.swift in Sources */ = {isa = PBXBuildFile; fileRef = E211ADF92DE467A000AB24FE /* ExamResultViewController.swift */; };
		E211ADFC2DE467B700AB24FE /* ExamResultViewModel.swift in Sources */ = {isa = PBXBuildFile; fileRef = E211ADFB2DE467B700AB24FE /* ExamResultViewModel.swift */; };
		E211ADFE2DE47AED00AB24FE /* ExamResultHostingController.swift in Sources */ = {isa = PBXBuildFile; fileRef = E211ADFD2DE47AED00AB24FE /* ExamResultHostingController.swift */; };
		E211AE012DE47B2900AB24FE /* ExamResultView.swift in Sources */ = {isa = PBXBuildFile; fileRef = E211AE002DE47B2900AB24FE /* ExamResultView.swift */; };
		E211AE032DE47D4D00AB24FE /* ExamResultScoreView.swift in Sources */ = {isa = PBXBuildFile; fileRef = E211AE022DE47D4D00AB24FE /* ExamResultScoreView.swift */; };
		E211AE072DE48FE700AB24FE /* ExamScoresGraphView.swift in Sources */ = {isa = PBXBuildFile; fileRef = E211AE062DE48FE700AB24FE /* ExamScoresGraphView.swift */; };
		E217C3622D9BEA8D0095A3D8 /* DailyTestViewController.swift in Sources */ = {isa = PBXBuildFile; fileRef = E217C3612D9BEA8D0095A3D8 /* DailyTestViewController.swift */; };
		E217C3662D9BEAC50095A3D8 /* DailyTestViewModel.swift in Sources */ = {isa = PBXBuildFile; fileRef = E217C3652D9BEAC50095A3D8 /* DailyTestViewModel.swift */; };
		E217C3692D9BF0B20095A3D8 /* DailyResultViewModel.swift in Sources */ = {isa = PBXBuildFile; fileRef = E217C3682D9BF0B20095A3D8 /* DailyResultViewModel.swift */; };
		E217C36B2D9BF0C30095A3D8 /* DailyResultViewController.swift in Sources */ = {isa = PBXBuildFile; fileRef = E217C36A2D9BF0C30095A3D8 /* DailyResultViewController.swift */; };
		E217C3702D9BF2860095A3D8 /* DailyTestFooterView.swift in Sources */ = {isa = PBXBuildFile; fileRef = E217C36F2D9BF2860095A3D8 /* DailyTestFooterView.swift */; };
		E22341AD2DD4C35D00A67D04 /* ExamSummaryViewController.swift in Sources */ = {isa = PBXBuildFile; fileRef = E22341AC2DD4C35D00A67D04 /* ExamSummaryViewController.swift */; };
		E22341AF2DD4C5B000A67D04 /* ExamSummaryViewModel.swift in Sources */ = {isa = PBXBuildFile; fileRef = E22341AE2DD4C5B000A67D04 /* ExamSummaryViewModel.swift */; };
		E23824E12D0C3157009E7989 /* BeginOnboardingViewController.swift in Sources */ = {isa = PBXBuildFile; fileRef = E23824E02D0C3157009E7989 /* BeginOnboardingViewController.swift */; };
		E23963092D083B900092B39B /* AppDelegate.swift in Sources */ = {isa = PBXBuildFile; fileRef = E23963082D083B900092B39B /* AppDelegate.swift */; };
		E239630B2D083B900092B39B /* SceneDelegate.swift in Sources */ = {isa = PBXBuildFile; fileRef = E239630A2D083B900092B39B /* SceneDelegate.swift */; };
		E24674452D6C730B00697D34 /* CheckAllOrNoneButton.swift in Sources */ = {isa = PBXBuildFile; fileRef = E24674442D6C730B00697D34 /* CheckAllOrNoneButton.swift */; };
		E24907D32D619F39004D6E61 /* DailyLearnViewModel.swift in Sources */ = {isa = PBXBuildFile; fileRef = E24907D22D619F39004D6E61 /* DailyLearnViewModel.swift */; };
		E24907DA2D63698C004D6E61 /* DailyLearnSectionTitleLabel.swift in Sources */ = {isa = PBXBuildFile; fileRef = E24907D92D63698C004D6E61 /* DailyLearnSectionTitleLabel.swift */; };
		E25856D42D0D766900355667 /* CheckConceptViewController.swift in Sources */ = {isa = PBXBuildFile; fileRef = E25856D32D0D766900355667 /* CheckConceptViewController.swift */; };
		E25856DE2D0DADD300355667 /* BeginOnboardingViewModel.swift in Sources */ = {isa = PBXBuildFile; fileRef = E25856DD2D0DADD300355667 /* BeginOnboardingViewModel.swift */; };
		E258577F2DD093A700AE174C /* ExamListViewController.swift in Sources */ = {isa = PBXBuildFile; fileRef = E258577E2DD093A700AE174C /* ExamListViewController.swift */; };
		E25857862DD09ED600AE174C /* ExamListViewModel.swift in Sources */ = {isa = PBXBuildFile; fileRef = E25857852DD09ED600AE174C /* ExamListViewModel.swift */; };
		E258578D2DD0C7C300AE174C /* ExamListCell.swift in Sources */ = {isa = PBXBuildFile; fileRef = E258578C2DD0C7C300AE174C /* ExamListCell.swift */; };
		E258578F2DD1D22900AE174C /* ExamListFilterButton.swift in Sources */ = {isa = PBXBuildFile; fileRef = E258578E2DD1D22900AE174C /* ExamListFilterButton.swift */; };
		E25857912DD1DDA900AE174C /* ExamListFilterItemsView.swift in Sources */ = {isa = PBXBuildFile; fileRef = E25857902DD1DDA900AE174C /* ExamListFilterItemsView.swift */; };
		E25907C82D80732C0093121C /* PreviewResultScoreView.swift in Sources */ = {isa = PBXBuildFile; fileRef = E25907C72D80732C0093121C /* PreviewResultScoreView.swift */; };
		E25907CC2D8328FC0093121C /* PreviewResultView.swift in Sources */ = {isa = PBXBuildFile; fileRef = E25907CB2D8328FC0093121C /* PreviewResultView.swift */; };
		E25F335B2DAFBA97002347D4 /* DailyResultHostingController.swift in Sources */ = {isa = PBXBuildFile; fileRef = E25F335A2DAFBA97002347D4 /* DailyResultHostingController.swift */; };
		E25F335D2DAFBAF8002347D4 /* DailyResultView.swift in Sources */ = {isa = PBXBuildFile; fileRef = E25F335C2DAFBAF8002347D4 /* DailyResultView.swift */; };
		E25F335F2DAFC222002347D4 /* DailyResultScoreView.swift in Sources */ = {isa = PBXBuildFile; fileRef = E25F335E2DAFC222002347D4 /* DailyResultScoreView.swift */; };
		E25F94C82D0CAF1B00BA765F /* BeginPreviewTestViewController.swift in Sources */ = {isa = PBXBuildFile; fileRef = E25F94C72D0CAF1B00BA765F /* BeginPreviewTestViewController.swift */; };
		E25F94CB2D0CB1DB00BA765F /* OnboardingTitleLabel.swift in Sources */ = {isa = PBXBuildFile; fileRef = E25F94CA2D0CB1DB00BA765F /* OnboardingTitleLabel.swift */; };
		E25F94CD2D0CB50F00BA765F /* OnboardingSubtitleLabel.swift in Sources */ = {isa = PBXBuildFile; fileRef = E25F94CC2D0CB50F00BA765F /* OnboardingSubtitleLabel.swift */; };
		E25F94D12D0CB74700BA765F /* OnboardingButton.swift in Sources */ = {isa = PBXBuildFile; fileRef = E25F94D02D0CB74700BA765F /* OnboardingButton.swift */; };
		E278431F2DDE0E4000E9AD07 /* ExamTestViewModel.swift in Sources */ = {isa = PBXBuildFile; fileRef = E278431E2DDE0E4000E9AD07 /* ExamTestViewModel.swift */; };
		E27843212DDE13B600E9AD07 /* ExamTestViewController.swift in Sources */ = {isa = PBXBuildFile; fileRef = E27843202DDE13B600E9AD07 /* ExamTestViewController.swift */; };
		E27843242DDE152C00E9AD07 /* ExamTestFooterView.swift in Sources */ = {isa = PBXBuildFile; fileRef = E27843232DDE152C00E9AD07 /* ExamTestFooterView.swift */; };
		E27E54A92D6D74C500BF3B55 /* CheckListFoldButton.swift in Sources */ = {isa = PBXBuildFile; fileRef = E27E54A82D6D74C500BF3B55 /* CheckListFoldButton.swift */; };
		E2804CF32DFAABD800F5F05D /* DailyCoordinator.swift in Sources */ = {isa = PBXBuildFile; fileRef = E2804CF22DFAABD800F5F05D /* DailyCoordinator.swift */; };
		E2804CF52DFAD5D500F5F05D /* ExamCoordinator.swift in Sources */ = {isa = PBXBuildFile; fileRef = E2804CF42DFAD5D500F5F05D /* ExamCoordinator.swift */; };
		E28A93852D945F95006A15DB /* StudyContentCell.swift in Sources */ = {isa = PBXBuildFile; fileRef = E28A93842D945F94006A15DB /* StudyContentCell.swift */; };
		E2908E602DA2C49E00B8E81B /* DailyTestTimerLabel.swift in Sources */ = {isa = PBXBuildFile; fileRef = E2908E5F2DA2C49E00B8E81B /* DailyTestTimerLabel.swift */; };
		E292211E2E05478C00B6DC0D /* FirebaseAnalyticsWithoutAdIdSupport in Frameworks */ = {isa = PBXBuildFile; productRef = E292211D2E05478C00B6DC0D /* FirebaseAnalyticsWithoutAdIdSupport */; };
		E29CCD1C2D298303004AA30A /* PreviewTestViewController.swift in Sources */ = {isa = PBXBuildFile; fileRef = E29CCD1B2D298303004AA30A /* PreviewTestViewController.swift */; };
		E29CCD1E2D298316004AA30A /* PreviewTestViewModel.swift in Sources */ = {isa = PBXBuildFile; fileRef = E29CCD1D2D298316004AA30A /* PreviewTestViewModel.swift */; };
		E29CCD3C2D298656004AA30A /* PreviewResultBarGraphsView.swift in Sources */ = {isa = PBXBuildFile; fileRef = E29CCD312D298656004AA30A /* PreviewResultBarGraphsView.swift */; };
		E29CCD3D2D298656004AA30A /* PreviewResultViewHostingController.swift in Sources */ = {isa = PBXBuildFile; fileRef = E29CCD322D298656004AA30A /* PreviewResultViewHostingController.swift */; };
		E29CCD3E2D298656004AA30A /* PreviewResultConceptView.swift in Sources */ = {isa = PBXBuildFile; fileRef = E29CCD332D298656004AA30A /* PreviewResultConceptView.swift */; };
		E29CCD3F2D298656004AA30A /* PreviewResultIncorrectRankView.swift in Sources */ = {isa = PBXBuildFile; fileRef = E29CCD342D298656004AA30A /* PreviewResultIncorrectRankView.swift */; };
		E29CCD412D298656004AA30A /* PreviewResultViewController.swift in Sources */ = {isa = PBXBuildFile; fileRef = E29CCD362D298656004AA30A /* PreviewResultViewController.swift */; };
		E29CCD422D298656004AA30A /* PreviewResultViewModel.swift in Sources */ = {isa = PBXBuildFile; fileRef = E29CCD372D298656004AA30A /* PreviewResultViewModel.swift */; };
		E29CCD492D29867F004AA30A /* GreetingViewController.swift in Sources */ = {isa = PBXBuildFile; fileRef = E29CCD462D29867F004AA30A /* GreetingViewController.swift */; };
		E29CCD4A2D29867F004AA30A /* GreetingViewModel.swift in Sources */ = {isa = PBXBuildFile; fileRef = E29CCD472D29867F004AA30A /* GreetingViewModel.swift */; };
		E29CCD522D299AD5004AA30A /* PreviewResultIncorrectConceptsRankView.swift in Sources */ = {isa = PBXBuildFile; fileRef = E29CCD512D299AD5004AA30A /* PreviewResultIncorrectConceptsRankView.swift */; };
		E2C084BE2D89AF2C0096CE20 /* PreviewResultInfoView.swift in Sources */ = {isa = PBXBuildFile; fileRef = E2C084BD2D89AF2C0096CE20 /* PreviewResultInfoView.swift */; };
		E2C1016B2DF2E10200C3512E /* OnboardingCoordinator.swift in Sources */ = {isa = PBXBuildFile; fileRef = E2C1016A2DF2E10200C3512E /* OnboardingCoordinator.swift */; };
		E2D70FE82D0DD322005A3F51 /* BeginPreviewTestViewModel.swift in Sources */ = {isa = PBXBuildFile; fileRef = E2D70FE72D0DD322005A3F51 /* BeginPreviewTestViewModel.swift */; };
		E2D70FEC2D0EBDDD005A3F51 /* CheckListCell.swift in Sources */ = {isa = PBXBuildFile; fileRef = E2D70FEB2D0EBDDD005A3F51 /* CheckListCell.swift */; };
		E2D70FEE2D0EC037005A3F51 /* CheckConceptViewModel.swift in Sources */ = {isa = PBXBuildFile; fileRef = E2D70FED2D0EC037005A3F51 /* CheckConceptViewModel.swift */; };
		E2F18BCF2D6060E900DC6F82 /* DailyLearnViewController.swift in Sources */ = {isa = PBXBuildFile; fileRef = E2F18BCE2D6060E900DC6F82 /* DailyLearnViewController.swift */; };
/* End PBXBuildFile section */

/* Begin PBXFileReference section */
		B1004A992EC77C66000E4DE2 /* QRIZ.entitlements */ = {isa = PBXFileReference; lastKnownFileType = text.plist.entitlements; path = QRIZ.entitlements; sourceTree = "<group>"; };
		B13774AC2ED9D7AF001A614D /* GoogleService-Info.plist */ = {isa = PBXFileReference; lastKnownFileType = text.plist.xml; path = "GoogleService-Info.plist"; sourceTree = "<group>"; };
		B13BC2F12F56E3B500E99FA2 /* Auth */ = {isa = PBXFileReference; lastKnownFileType = wrapper; path = Auth; sourceTree = "<group>"; };
		B13BC73D2F58273500E99FA2 /* Conceptbook */ = {isa = PBXFileReference; lastKnownFileType = wrapper; path = Conceptbook; sourceTree = "<group>"; };
		B15108262DFFEA8C00657506 /* DeleteAccountViewController.swift */ = {isa = PBXFileReference; lastKnownFileType = sourcecode.swift; path = DeleteAccountViewController.swift; sourceTree = "<group>"; };
		B15108272DFFEA8C00657506 /* MyPageViewController.swift */ = {isa = PBXFileReference; lastKnownFileType = sourcecode.swift; path = MyPageViewController.swift; sourceTree = "<group>"; };
		B15108282DFFEA8C00657506 /* SettingsViewController.swift */ = {isa = PBXFileReference; lastKnownFileType = sourcecode.swift; path = SettingsViewController.swift; sourceTree = "<group>"; };
		B15108312DFFEB2700657506 /* MyPageSection.swift */ = {isa = PBXFileReference; lastKnownFileType = sourcecode.swift; path = MyPageSection.swift; sourceTree = "<group>"; };
		B15108322DFFEB2700657506 /* ProfileCell.swift */ = {isa = PBXFileReference; lastKnownFileType = sourcecode.swift; path = ProfileCell.swift; sourceTree = "<group>"; };
		B15108332DFFEB2700657506 /* QuickActionsCell.swift */ = {isa = PBXFileReference; lastKnownFileType = sourcecode.swift; path = QuickActionsCell.swift; sourceTree = "<group>"; };
		B15108342DFFEB2700657506 /* SupportMenuCell.swift */ = {isa = PBXFileReference; lastKnownFileType = sourcecode.swift; path = SupportMenuCell.swift; sourceTree = "<group>"; };
		B15108362DFFEB2700657506 /* ProfileHeaderView.swift */ = {isa = PBXFileReference; lastKnownFileType = sourcecode.swift; path = ProfileHeaderView.swift; sourceTree = "<group>"; };
		B15108372DFFEB2700657506 /* SettingsOptionView.swift */ = {isa = PBXFileReference; lastKnownFileType = sourcecode.swift; path = SettingsOptionView.swift; sourceTree = "<group>"; };
		B151083A2DFFEB2700657506 /* DeleteAccountMainView.swift */ = {isa = PBXFileReference; lastKnownFileType = sourcecode.swift; path = DeleteAccountMainView.swift; sourceTree = "<group>"; };
		B151083B2DFFEB2700657506 /* MyPageMainView.swift */ = {isa = PBXFileReference; lastKnownFileType = sourcecode.swift; path = MyPageMainView.swift; sourceTree = "<group>"; };
		B151083C2DFFEB2700657506 /* SettingsMainView.swift */ = {isa = PBXFileReference; lastKnownFileType = sourcecode.swift; path = SettingsMainView.swift; sourceTree = "<group>"; };
		B151084B2E00346500657506 /* DeleteAccountViewModel.swift */ = {isa = PBXFileReference; lastKnownFileType = sourcecode.swift; path = DeleteAccountViewModel.swift; sourceTree = "<group>"; };
		B151084C2E00346500657506 /* MyPageViewModel.swift */ = {isa = PBXFileReference; lastKnownFileType = sourcecode.swift; path = MyPageViewModel.swift; sourceTree = "<group>"; };
		B151084D2E00346500657506 /* SettingsViewModel.swift */ = {isa = PBXFileReference; lastKnownFileType = sourcecode.swift; path = SettingsViewModel.swift; sourceTree = "<group>"; };
		B151097E2E04DF0900657506 /* ChangePasswordViewController.swift */ = {isa = PBXFileReference; lastKnownFileType = sourcecode.swift; path = ChangePasswordViewController.swift; sourceTree = "<group>"; };
		B15109802E04DF8700657506 /* ChangePasswordViewModel.swift */ = {isa = PBXFileReference; lastKnownFileType = sourcecode.swift; path = ChangePasswordViewModel.swift; sourceTree = "<group>"; };
		B15109822E04DFA400657506 /* ChangePasswordMainView.swift */ = {isa = PBXFileReference; lastKnownFileType = sourcecode.swift; path = ChangePasswordMainView.swift; sourceTree = "<group>"; };
		B15109842E05208B00657506 /* ChangePasswordInputView.swift */ = {isa = PBXFileReference; lastKnownFileType = sourcecode.swift; path = ChangePasswordInputView.swift; sourceTree = "<group>"; };
		B17C0EC22F5AA88900C8219A /* Account */ = {isa = PBXFileReference; lastKnownFileType = wrapper; path = Account; sourceTree = "<group>"; };
		B18CDFE62F46F93A00CB3AB4 /* Network */ = {isa = PBXFileReference; lastKnownFileType = wrapper; path = Network; sourceTree = "<group>"; };
		B19C4FC42D6C226500CD008A /* TabBarCoordinator.swift */ = {isa = PBXFileReference; lastKnownFileType = sourcecode.swift; path = TabBarCoordinator.swift; sourceTree = "<group>"; };
		B1BDD0C42F4CCC5300834D57 /* DesignSystem */ = {isa = PBXFileReference; lastKnownFileType = wrapper; path = DesignSystem; sourceTree = "<group>"; };
		B1BDD0C82F4D2A5200834D57 /* Assets.xcassets */ = {isa = PBXFileReference; lastKnownFileType = folder.assetcatalog; path = Assets.xcassets; sourceTree = "<group>"; };
		B1BDD3572F4E459300834D57 /* ExamKit */ = {isa = PBXFileReference; lastKnownFileType = wrapper; path = ExamKit; sourceTree = "<group>"; };
		B1D7CE472F5EE18200E6C2CD /* MistakeNote */ = {isa = PBXFileReference; lastKnownFileType = wrapper; path = MistakeNote; sourceTree = "<group>"; };
		B0C014955974425CB1F19F0D /* Onboarding */ = {isa = PBXFileReference; lastKnownFileType = wrapper; path = Onboarding; sourceTree = "<group>"; };
		B1D813702D6E0C1F00A9D447 /* HomeCoordinator.swift */ = {isa = PBXFileReference; lastKnownFileType = sourcecode.swift; path = HomeCoordinator.swift; sourceTree = "<group>"; };
		B1D813762D6E0CD700A9D447 /* MyPageCoordinator.swift */ = {isa = PBXFileReference; lastKnownFileType = sourcecode.swift; path = MyPageCoordinator.swift; sourceTree = "<group>"; };
		B1D813792D768D9B00A9D447 /* AppCoordinator.swift */ = {isa = PBXFileReference; fileEncoding = 4; lastKnownFileType = sourcecode.swift; path = AppCoordinator.swift; sourceTree = "<group>"; };
		B1DD53A52F45A85A00B60C85 /* QRIZUtils */ = {isa = PBXFileReference; lastKnownFileType = wrapper; path = QRIZUtils; sourceTree = "<group>"; };
		E211ADF92DE467A000AB24FE /* ExamResultViewController.swift */ = {isa = PBXFileReference; lastKnownFileType = sourcecode.swift; path = ExamResultViewController.swift; sourceTree = "<group>"; };
		E211ADFB2DE467B700AB24FE /* ExamResultViewModel.swift */ = {isa = PBXFileReference; lastKnownFileType = sourcecode.swift; path = ExamResultViewModel.swift; sourceTree = "<group>"; };
		E211ADFD2DE47AED00AB24FE /* ExamResultHostingController.swift */ = {isa = PBXFileReference; lastKnownFileType = sourcecode.swift; path = ExamResultHostingController.swift; sourceTree = "<group>"; };
		E211AE002DE47B2900AB24FE /* ExamResultView.swift */ = {isa = PBXFileReference; lastKnownFileType = sourcecode.swift; path = ExamResultView.swift; sourceTree = "<group>"; };
		E211AE022DE47D4D00AB24FE /* ExamResultScoreView.swift */ = {isa = PBXFileReference; lastKnownFileType = sourcecode.swift; path = ExamResultScoreView.swift; sourceTree = "<group>"; };
		E211AE062DE48FE700AB24FE /* ExamScoresGraphView.swift */ = {isa = PBXFileReference; lastKnownFileType = sourcecode.swift; path = ExamScoresGraphView.swift; sourceTree = "<group>"; };
		E217C3612D9BEA8D0095A3D8 /* DailyTestViewController.swift */ = {isa = PBXFileReference; lastKnownFileType = sourcecode.swift; path = DailyTestViewController.swift; sourceTree = "<group>"; };
		E217C3652D9BEAC50095A3D8 /* DailyTestViewModel.swift */ = {isa = PBXFileReference; lastKnownFileType = sourcecode.swift; path = DailyTestViewModel.swift; sourceTree = "<group>"; };
		E217C3682D9BF0B20095A3D8 /* DailyResultViewModel.swift */ = {isa = PBXFileReference; lastKnownFileType = sourcecode.swift; path = DailyResultViewModel.swift; sourceTree = "<group>"; };
		E217C36A2D9BF0C30095A3D8 /* DailyResultViewController.swift */ = {isa = PBXFileReference; lastKnownFileType = sourcecode.swift; path = DailyResultViewController.swift; sourceTree = "<group>"; };
		E217C36F2D9BF2860095A3D8 /* DailyTestFooterView.swift */ = {isa = PBXFileReference; lastKnownFileType = sourcecode.swift; path = DailyTestFooterView.swift; sourceTree = "<group>"; };
		E22341AC2DD4C35D00A67D04 /* ExamSummaryViewController.swift */ = {isa = PBXFileReference; lastKnownFileType = sourcecode.swift; path = ExamSummaryViewController.swift; sourceTree = "<group>"; };
		E22341AE2DD4C5B000A67D04 /* ExamSummaryViewModel.swift */ = {isa = PBXFileReference; lastKnownFileType = sourcecode.swift; path = ExamSummaryViewModel.swift; sourceTree = "<group>"; };
		E23824E02D0C3157009E7989 /* BeginOnboardingViewController.swift */ = {isa = PBXFileReference; lastKnownFileType = sourcecode.swift; path = BeginOnboardingViewController.swift; sourceTree = "<group>"; };
		E23963052D083B8F0092B39B /* QRIZ.app */ = {isa = PBXFileReference; explicitFileType = wrapper.application; includeInIndex = 0; path = QRIZ.app; sourceTree = BUILT_PRODUCTS_DIR; };
		E23963082D083B900092B39B /* AppDelegate.swift */ = {isa = PBXFileReference; lastKnownFileType = sourcecode.swift; path = AppDelegate.swift; sourceTree = "<group>"; };
		E239630A2D083B900092B39B /* SceneDelegate.swift */ = {isa = PBXFileReference; lastKnownFileType = sourcecode.swift; path = SceneDelegate.swift; sourceTree = "<group>"; };
		E23963162D083B900092B39B /* Info.plist */ = {isa = PBXFileReference; lastKnownFileType = text.plist.xml; path = Info.plist; sourceTree = "<group>"; };
		E24674442D6C730B00697D34 /* CheckAllOrNoneButton.swift */ = {isa = PBXFileReference; lastKnownFileType = sourcecode.swift; path = CheckAllOrNoneButton.swift; sourceTree = "<group>"; };
		E24907D22D619F39004D6E61 /* DailyLearnViewModel.swift */ = {isa = PBXFileReference; lastKnownFileType = sourcecode.swift; path = DailyLearnViewModel.swift; sourceTree = "<group>"; };
		E24907D92D63698C004D6E61 /* DailyLearnSectionTitleLabel.swift */ = {isa = PBXFileReference; lastKnownFileType = sourcecode.swift; path = DailyLearnSectionTitleLabel.swift; sourceTree = "<group>"; };
		E25856D32D0D766900355667 /* CheckConceptViewController.swift */ = {isa = PBXFileReference; lastKnownFileType = sourcecode.swift; name = CheckConceptViewController.swift; path = QRIZ/Feature/Onboarding/CheckConcept/ViewController/CheckConceptViewController.swift; sourceTree = SOURCE_ROOT; };
		E25856DD2D0DADD300355667 /* BeginOnboardingViewModel.swift */ = {isa = PBXFileReference; lastKnownFileType = sourcecode.swift; path = BeginOnboardingViewModel.swift; sourceTree = "<group>"; };
		E258577E2DD093A700AE174C /* ExamListViewController.swift */ = {isa = PBXFileReference; lastKnownFileType = sourcecode.swift; path = ExamListViewController.swift; sourceTree = "<group>"; };
		E25857852DD09ED600AE174C /* ExamListViewModel.swift */ = {isa = PBXFileReference; lastKnownFileType = sourcecode.swift; path = ExamListViewModel.swift; sourceTree = "<group>"; };
		E258578C2DD0C7C300AE174C /* ExamListCell.swift */ = {isa = PBXFileReference; lastKnownFileType = sourcecode.swift; path = ExamListCell.swift; sourceTree = "<group>"; };
		E258578E2DD1D22900AE174C /* ExamListFilterButton.swift */ = {isa = PBXFileReference; lastKnownFileType = sourcecode.swift; path = ExamListFilterButton.swift; sourceTree = "<group>"; };
		E25857902DD1DDA900AE174C /* ExamListFilterItemsView.swift */ = {isa = PBXFileReference; lastKnownFileType = sourcecode.swift; path = ExamListFilterItemsView.swift; sourceTree = "<group>"; };
		E25907C72D80732C0093121C /* PreviewResultScoreView.swift */ = {isa = PBXFileReference; lastKnownFileType = sourcecode.swift; path = PreviewResultScoreView.swift; sourceTree = "<group>"; };
		E25907CB2D8328FC0093121C /* PreviewResultView.swift */ = {isa = PBXFileReference; lastKnownFileType = sourcecode.swift; path = PreviewResultView.swift; sourceTree = "<group>"; };
		E25F335A2DAFBA97002347D4 /* DailyResultHostingController.swift */ = {isa = PBXFileReference; lastKnownFileType = sourcecode.swift; path = DailyResultHostingController.swift; sourceTree = "<group>"; };
		E25F335C2DAFBAF8002347D4 /* DailyResultView.swift */ = {isa = PBXFileReference; lastKnownFileType = sourcecode.swift; path = DailyResultView.swift; sourceTree = "<group>"; };
		E25F335E2DAFC222002347D4 /* DailyResultScoreView.swift */ = {isa = PBXFileReference; lastKnownFileType = sourcecode.swift; path = DailyResultScoreView.swift; sourceTree = "<group>"; };
		E25F94C72D0CAF1B00BA765F /* BeginPreviewTestViewController.swift */ = {isa = PBXFileReference; lastKnownFileType = sourcecode.swift; path = BeginPreviewTestViewController.swift; sourceTree = "<group>"; };
		E25F94CA2D0CB1DB00BA765F /* OnboardingTitleLabel.swift */ = {isa = PBXFileReference; lastKnownFileType = sourcecode.swift; path = OnboardingTitleLabel.swift; sourceTree = "<group>"; };
		E25F94CC2D0CB50F00BA765F /* OnboardingSubtitleLabel.swift */ = {isa = PBXFileReference; lastKnownFileType = sourcecode.swift; path = OnboardingSubtitleLabel.swift; sourceTree = "<group>"; };
		E25F94D02D0CB74700BA765F /* OnboardingButton.swift */ = {isa = PBXFileReference; lastKnownFileType = sourcecode.swift; path = OnboardingButton.swift; sourceTree = "<group>"; };
		E26AF7012D918EFC006E3252 /* Release.xcconfig */ = {isa = PBXFileReference; lastKnownFileType = text.xcconfig; path = Release.xcconfig; sourceTree = "<group>"; };
		E26AF7022D918F03006E3252 /* Debug.xcconfig */ = {isa = PBXFileReference; lastKnownFileType = text.xcconfig; path = Debug.xcconfig; sourceTree = "<group>"; };
		E26AF7032D918F07006E3252 /* Shared.xcconfig */ = {isa = PBXFileReference; lastKnownFileType = text.xcconfig; path = Shared.xcconfig; sourceTree = "<group>"; };
		E278431E2DDE0E4000E9AD07 /* ExamTestViewModel.swift */ = {isa = PBXFileReference; lastKnownFileType = sourcecode.swift; path = ExamTestViewModel.swift; sourceTree = "<group>"; };
		E27843202DDE13B600E9AD07 /* ExamTestViewController.swift */ = {isa = PBXFileReference; lastKnownFileType = sourcecode.swift; path = ExamTestViewController.swift; sourceTree = "<group>"; };
		E27843232DDE152C00E9AD07 /* ExamTestFooterView.swift */ = {isa = PBXFileReference; lastKnownFileType = sourcecode.swift; path = ExamTestFooterView.swift; sourceTree = "<group>"; };
		E27E54A82D6D74C500BF3B55 /* CheckListFoldButton.swift */ = {isa = PBXFileReference; lastKnownFileType = sourcecode.swift; path = CheckListFoldButton.swift; sourceTree = "<group>"; };
		E2804CF22DFAABD800F5F05D /* DailyCoordinator.swift */ = {isa = PBXFileReference; lastKnownFileType = sourcecode.swift; path = DailyCoordinator.swift; sourceTree = "<group>"; };
		E2804CF42DFAD5D500F5F05D /* ExamCoordinator.swift */ = {isa = PBXFileReference; lastKnownFileType = sourcecode.swift; path = ExamCoordinator.swift; sourceTree = "<group>"; };
		E28A93842D945F94006A15DB /* StudyContentCell.swift */ = {isa = PBXFileReference; lastKnownFileType = sourcecode.swift; path = StudyContentCell.swift; sourceTree = "<group>"; };
		E2908E5F2DA2C49E00B8E81B /* DailyTestTimerLabel.swift */ = {isa = PBXFileReference; lastKnownFileType = sourcecode.swift; path = DailyTestTimerLabel.swift; sourceTree = "<group>"; };
		E29CCD1B2D298303004AA30A /* PreviewTestViewController.swift */ = {isa = PBXFileReference; lastKnownFileType = sourcecode.swift; path = PreviewTestViewController.swift; sourceTree = "<group>"; };
		E29CCD1D2D298316004AA30A /* PreviewTestViewModel.swift */ = {isa = PBXFileReference; lastKnownFileType = sourcecode.swift; path = PreviewTestViewModel.swift; sourceTree = "<group>"; };
		E29CCD312D298656004AA30A /* PreviewResultBarGraphsView.swift */ = {isa = PBXFileReference; fileEncoding = 4; lastKnownFileType = sourcecode.swift; path = PreviewResultBarGraphsView.swift; sourceTree = "<group>"; };
		E29CCD322D298656004AA30A /* PreviewResultViewHostingController.swift */ = {isa = PBXFileReference; fileEncoding = 4; lastKnownFileType = sourcecode.swift; path = PreviewResultViewHostingController.swift; sourceTree = "<group>"; };
		E29CCD332D298656004AA30A /* PreviewResultConceptView.swift */ = {isa = PBXFileReference; fileEncoding = 4; lastKnownFileType = sourcecode.swift; path = PreviewResultConceptView.swift; sourceTree = "<group>"; };
		E29CCD342D298656004AA30A /* PreviewResultIncorrectRankView.swift */ = {isa = PBXFileReference; fileEncoding = 4; lastKnownFileType = sourcecode.swift; path = PreviewResultIncorrectRankView.swift; sourceTree = "<group>"; };
		E29CCD362D298656004AA30A /* PreviewResultViewController.swift */ = {isa = PBXFileReference; fileEncoding = 4; lastKnownFileType = sourcecode.swift; path = PreviewResultViewController.swift; sourceTree = "<group>"; };
		E29CCD372D298656004AA30A /* PreviewResultViewModel.swift */ = {isa = PBXFileReference; fileEncoding = 4; lastKnownFileType = sourcecode.swift; path = PreviewResultViewModel.swift; sourceTree = "<group>"; };
		E29CCD462D29867F004AA30A /* GreetingViewController.swift */ = {isa = PBXFileReference; fileEncoding = 4; lastKnownFileType = sourcecode.swift; path = GreetingViewController.swift; sourceTree = "<group>"; };
		E29CCD472D29867F004AA30A /* GreetingViewModel.swift */ = {isa = PBXFileReference; fileEncoding = 4; lastKnownFileType = sourcecode.swift; path = GreetingViewModel.swift; sourceTree = "<group>"; };
		E29CCD512D299AD5004AA30A /* PreviewResultIncorrectConceptsRankView.swift */ = {isa = PBXFileReference; lastKnownFileType = sourcecode.swift; path = PreviewResultIncorrectConceptsRankView.swift; sourceTree = "<group>"; };
		E2C084BD2D89AF2C0096CE20 /* PreviewResultInfoView.swift */ = {isa = PBXFileReference; lastKnownFileType = sourcecode.swift; path = PreviewResultInfoView.swift; sourceTree = "<group>"; };
		E2C1016A2DF2E10200C3512E /* OnboardingCoordinator.swift */ = {isa = PBXFileReference; lastKnownFileType = sourcecode.swift; path = OnboardingCoordinator.swift; sourceTree = "<group>"; };
		E2D70FE72D0DD322005A3F51 /* BeginPreviewTestViewModel.swift */ = {isa = PBXFileReference; lastKnownFileType = sourcecode.swift; path = BeginPreviewTestViewModel.swift; sourceTree = "<group>"; };
		E2D70FEB2D0EBDDD005A3F51 /* CheckListCell.swift */ = {isa = PBXFileReference; lastKnownFileType = sourcecode.swift; path = CheckListCell.swift; sourceTree = "<group>"; };
		E2D70FED2D0EC037005A3F51 /* CheckConceptViewModel.swift */ = {isa = PBXFileReference; lastKnownFileType = sourcecode.swift; path = CheckConceptViewModel.swift; sourceTree = "<group>"; };
		E2F18BCE2D6060E900DC6F82 /* DailyLearnViewController.swift */ = {isa = PBXFileReference; lastKnownFileType = sourcecode.swift; path = DailyLearnViewController.swift; sourceTree = "<group>"; };
/* End PBXFileReference section */

/* Begin PBXFileSystemSynchronizedBuildFileExceptionSet section */
		B1872A172DB68F100050811C /* PBXFileSystemSynchronizedBuildFileExceptionSet */ = {
			isa = PBXFileSystemSynchronizedBuildFileExceptionSet;
			membershipExceptions = (
				DataModelAndSQL/NaturalAndSurrogate.pdf,
				DataModelAndSQL/Normalization.pdf,
				DataModelAndSQL/RelationAndJoin.pdf,
				DataModelAndSQL/UnderstandOfNull.pdf,
				DataModelAndSQL/UnderstandOfTransaction.pdf,
				DataModeling/Attribute.pdf,
				DataModeling/Entity.pdf,
				DataModeling/Identifier.pdf,
				DataModeling/Relation.pdf,
				DataModeling/UnderstandOfDataModel.pdf,
				SQLAdvanced/GroupFunction.pdf,
				SQLAdvanced/HierarchicalQueryAndSelfJoin.pdf,
				SQLAdvanced/PivotAndUnpivot.pdf,
				SQLAdvanced/RegularExpression.pdf,
				SQLAdvanced/SubQuery.pdf,
				SQLAdvanced/TopNQuery.pdf,
				SQLAdvanced/UnionOperator.pdf,
				SQLAdvanced/WindowFunction.pdf,
				SQLBasic/Function.pdf,
				SQLBasic/GroupByHavingQuery.pdf,
				SQLBasic/JoinQuery.pdf,
				SQLBasic/OrderByQuery.pdf,
				SQLBasic/RDBMS.pdf,
				SQLBasic/SelectQuery.pdf,
				SQLBasic/StandardJoin.pdf,
				SQLBasic/WhereQuery.pdf,
				SQLCommands/DCL.pdf,
				SQLCommands/DDL.pdf,
				SQLCommands/DML.pdf,
				SQLCommands/TCL.pdf,
				TermsAgreement/PrivacyPolicy.pdf,
				TermsAgreement/TermsOfService.pdf,
			);
			target = E23963042D083B8F0092B39B /* QRIZ */;
		};
/* End PBXFileSystemSynchronizedBuildFileExceptionSet section */

/* Begin PBXFileSystemSynchronizedRootGroup section */
		B127B6D52DECBE1A0048401F /* Splash */ = {isa = PBXFileSystemSynchronizedRootGroup; explicitFileTypes = {}; explicitFolders = (); path = Splash; sourceTree = "<group>"; };
		B18729F32DB5E5FB0050811C /* PDF */ = {isa = PBXFileSystemSynchronizedRootGroup; exceptions = (B1872A172DB68F100050811C /* PBXFileSystemSynchronizedBuildFileExceptionSet */, ); explicitFileTypes = {}; explicitFolders = (); path = PDF; sourceTree = "<group>"; };
		B190A2D92DBBC7C6008FDE86 /* View */ = {isa = PBXFileSystemSynchronizedRootGroup; explicitFileTypes = {}; explicitFolders = (); path = View; sourceTree = "<group>"; };
		B190A2EE2DC4EAAD008FDE86 /* ViewController */ = {isa = PBXFileSystemSynchronizedRootGroup; explicitFileTypes = {}; explicitFolders = (); path = ViewController; sourceTree = "<group>"; };
		B190A2EF2DC4EAC5008FDE86 /* ViewModel */ = {isa = PBXFileSystemSynchronizedRootGroup; explicitFileTypes = {}; explicitFolders = (); path = ViewModel; sourceTree = "<group>"; };
/* End PBXFileSystemSynchronizedRootGroup section */

/* Begin PBXFrameworksBuildPhase section */
		E23963022D083B8F0092B39B /* Frameworks */ = {
			isa = PBXFrameworksBuildPhase;
			buildActionMask = 2147483647;
			files = (
				B12FEEEE2F46F98200280847 /* Network in Frameworks */,
				E292211E2E05478C00B6DC0D /* FirebaseAnalyticsWithoutAdIdSupport in Frameworks */,
				B1BDD0C72F4D26CD00834D57 /* DesignSystem in Frameworks */,
				D52D2E306AD846D98D4E9CDF5B15473A /* ExamKit in Frameworks */,
				B17C0EC52F5AACD200C8219A /* Account in Frameworks */,
				B18CDE662F45AD2A00CB3AB4 /* QRIZUtils in Frameworks */,
				B13BC2F22F56E3B500E99FA2 /* Auth in Frameworks */,
				B13BC73E2F58273500E99FA2 /* Conceptbook in Frameworks */,
				B1D7CE482F5EE18200E6C2CD /* MistakeNote in Frameworks */,
				2F7A758592D8472A94299C4B /* Onboarding in Frameworks */,
			);
			runOnlyForDeploymentPostprocessing = 0;
		};
/* End PBXFrameworksBuildPhase section */

/* Begin PBXGroup section */
		54DB0D952D094FAA00ABD458 /* App */ = {
			isa = PBXGroup;
			children = (
				E23963082D083B900092B39B /* AppDelegate.swift */,
				E239630A2D083B900092B39B /* SceneDelegate.swift */,
			);
			path = App;
			sourceTree = "<group>";
		};
		54DB0D962D09506C00ABD458 /* Feature */ = {
			isa = PBXGroup;
			children = (
				B127B6D52DECBE1A0048401F /* Splash */,
				B19C4FC32D6C223E00CD008A /* TabBar */,
				E23824DF2D0C1FA7009E7989 /* Onboarding */,
				E25F33572DAFBA27002347D4 /* Daily */,
				E258577D2DD0939500AE174C /* Exam */,
				54DB0D972D0950A500ABD458 /* Home */,
				B19C4FB72D6A927C00CD008A /* MyPage */,
			);
			path = Feature;
			sourceTree = "<group>";
		};
		54DB0D972D0950A500ABD458 /* Home */ = {
			isa = PBXGroup;
			children = (
				B190A2D92DBBC7C6008FDE86 /* View */,
				B190A2EE2DC4EAAD008FDE86 /* ViewController */,
				B190A2EF2DC4EAC5008FDE86 /* ViewModel */,
				B1D813702D6E0C1F00A9D447 /* HomeCoordinator.swift */,
			);
			path = Home;
			sourceTree = "<group>";
		};
		54DB0DA32D09524E00ABD458 /* SupportingFiles */ = {
			isa = PBXGroup;
			children = (
				E23963162D083B900092B39B /* Info.plist */,
				B13774AC2ED9D7AF001A614D /* GoogleService-Info.plist */,
			);
			path = SupportingFiles;
			sourceTree = "<group>";
		};
		B15108292DFFEA8C00657506 /* ViewController */ = {
			isa = PBXGroup;
			children = (
				B15108272DFFEA8C00657506 /* MyPageViewController.swift */,
				B15108282DFFEA8C00657506 /* SettingsViewController.swift */,
				B15108262DFFEA8C00657506 /* DeleteAccountViewController.swift */,
				B151097E2E04DF0900657506 /* ChangePasswordViewController.swift */,
			);
			path = ViewController;
			sourceTree = "<group>";
		};
		B15108352DFFEB2700657506 /* MyPage */ = {
			isa = PBXGroup;
			children = (
				B15108312DFFEB2700657506 /* MyPageSection.swift */,
				B15108322DFFEB2700657506 /* ProfileCell.swift */,
				B15108332DFFEB2700657506 /* QuickActionsCell.swift */,
				B15108342DFFEB2700657506 /* SupportMenuCell.swift */,
			);
			path = MyPage;
			sourceTree = "<group>";
		};
		B15108382DFFEB2700657506 /* Settings */ = {
			isa = PBXGroup;
			children = (
				B15108362DFFEB2700657506 /* ProfileHeaderView.swift */,
				B15108372DFFEB2700657506 /* SettingsOptionView.swift */,
				B15109842E05208B00657506 /* ChangePasswordInputView.swift */,
			);
			path = Settings;
			sourceTree = "<group>";
		};
		B15108392DFFEB2700657506 /* Components */ = {
			isa = PBXGroup;
			children = (
				B15108352DFFEB2700657506 /* MyPage */,
				B15108382DFFEB2700657506 /* Settings */,
			);
			path = Components;
			sourceTree = "<group>";
		};
		B151083D2DFFEB2700657506 /* View */ = {
			isa = PBXGroup;
			children = (
				B15108392DFFEB2700657506 /* Components */,
				B151083B2DFFEB2700657506 /* MyPageMainView.swift */,
				B151083C2DFFEB2700657506 /* SettingsMainView.swift */,
				B151083A2DFFEB2700657506 /* DeleteAccountMainView.swift */,
				B15109822E04DFA400657506 /* ChangePasswordMainView.swift */,
			);
			path = View;
			sourceTree = "<group>";
		};
		B151084E2E00346500657506 /* ViewModel */ = {
			isa = PBXGroup;
			children = (
				B151084C2E00346500657506 /* MyPageViewModel.swift */,
				B151084D2E00346500657506 /* SettingsViewModel.swift */,
				B151084B2E00346500657506 /* DeleteAccountViewModel.swift */,
				B15109802E04DF8700657506 /* ChangePasswordViewModel.swift */,
			);
			path = ViewModel;
			sourceTree = "<group>";
		};
		B17C0EC32F5AACD200C8219A /* Frameworks */ = {
			isa = PBXGroup;
			children = (
			);
			name = Frameworks;
			sourceTree = "<group>";
		};
		B19C4FB72D6A927C00CD008A /* MyPage */ = {
			isa = PBXGroup;
			children = (
				B151083D2DFFEB2700657506 /* View */,
				B15108292DFFEA8C00657506 /* ViewController */,
				B151084E2E00346500657506 /* ViewModel */,
				B1D813762D6E0CD700A9D447 /* MyPageCoordinator.swift */,
			);
			path = MyPage;
			sourceTree = "<group>";
		};
		B19C4FC32D6C223E00CD008A /* TabBar */ = {
			isa = PBXGroup;
			children = (
				B19C4FC42D6C226500CD008A /* TabBarCoordinator.swift */,
			);
			path = TabBar;
			sourceTree = "<group>";
		};
		B1BDD0C92F4D2A5200834D57 /* Resources */ = {
			isa = PBXGroup;
			children = (
				B1BDD0C82F4D2A5200834D57 /* Assets.xcassets */,
			);
			path = Resources;
			sourceTree = "<group>";
		};
		B1D813782D768D3D00A9D447 /* Coordinator */ = {
			isa = PBXGroup;
			children = (
				B1D813792D768D9B00A9D447 /* AppCoordinator.swift */,
			);
			path = Coordinator;
			sourceTree = "<group>";
		};
		E211ADF42DE4673900AB24FE /* ExamResult */ = {
			isa = PBXGroup;
			children = (
				E211ADF72DE4677B00AB24FE /* HostingController */,
				E211ADFF2DE47B1C00AB24FE /* View */,
				E211ADF52DE4674000AB24FE /* ViewModel */,
				E211ADF62DE4674900AB24FE /* ViewController */,
			);
			path = ExamResult;
			sourceTree = "<group>";
		};
		E211ADF52DE4674000AB24FE /* ViewModel */ = {
			isa = PBXGroup;
			children = (
				E211ADFB2DE467B700AB24FE /* ExamResultViewModel.swift */,
			);
			path = ViewModel;
			sourceTree = "<group>";
		};
		E211ADF62DE4674900AB24FE /* ViewController */ = {
			isa = PBXGroup;
			children = (
				E211ADF92DE467A000AB24FE /* ExamResultViewController.swift */,
			);
			path = ViewController;
			sourceTree = "<group>";
		};
		E211ADF72DE4677B00AB24FE /* HostingController */ = {
			isa = PBXGroup;
			children = (
				E211ADFD2DE47AED00AB24FE /* ExamResultHostingController.swift */,
			);
			path = HostingController;
			sourceTree = "<group>";
		};
		E211ADFF2DE47B1C00AB24FE /* View */ = {
			isa = PBXGroup;
			children = (
				E211AE002DE47B2900AB24FE /* ExamResultView.swift */,
				E211AE022DE47D4D00AB24FE /* ExamResultScoreView.swift */,
				E211AE062DE48FE700AB24FE /* ExamScoresGraphView.swift */,
			);
			path = View;
			sourceTree = "<group>";
		};
		E217C35F2D9BEA500095A3D8 /* DailyTest */ = {
			isa = PBXGroup;
			children = (
				E217C36E2D9BF2660095A3D8 /* View */,
				E217C3642D9BEAA40095A3D8 /* ViewModel */,
				E217C3632D9BEA900095A3D8 /* ViewController */,
			);
			path = DailyTest;
			sourceTree = "<group>";
		};
		E217C3632D9BEA900095A3D8 /* ViewController */ = {
			isa = PBXGroup;
			children = (
				E217C3612D9BEA8D0095A3D8 /* DailyTestViewController.swift */,
			);
			path = ViewController;
			sourceTree = "<group>";
		};
		E217C3642D9BEAA40095A3D8 /* ViewModel */ = {
			isa = PBXGroup;
			children = (
				E217C3652D9BEAC50095A3D8 /* DailyTestViewModel.swift */,
			);
			path = ViewModel;
			sourceTree = "<group>";
		};
		E217C3672D9BF0A10095A3D8 /* DailyResult */ = {
			isa = PBXGroup;
			children = (
				E25F33592DAFBA82002347D4 /* HostingController */,
				E25F33582DAFBA76002347D4 /* View */,
				E217C36D2D9BF0CF0095A3D8 /* ViewModel */,
				E217C36C2D9BF0C60095A3D8 /* ViewController */,
			);
			path = DailyResult;
			sourceTree = "<group>";
		};
		E217C36C2D9BF0C60095A3D8 /* ViewController */ = {
			isa = PBXGroup;
			children = (
				E217C36A2D9BF0C30095A3D8 /* DailyResultViewController.swift */,
			);
			path = ViewController;
			sourceTree = "<group>";
		};
		E217C36D2D9BF0CF0095A3D8 /* ViewModel */ = {
			isa = PBXGroup;
			children = (
				E217C3682D9BF0B20095A3D8 /* DailyResultViewModel.swift */,
			);
			path = ViewModel;
			sourceTree = "<group>";
		};
		E217C36E2D9BF2660095A3D8 /* View */ = {
			isa = PBXGroup;
			children = (
				E217C36F2D9BF2860095A3D8 /* DailyTestFooterView.swift */,
				E2908E5F2DA2C49E00B8E81B /* DailyTestTimerLabel.swift */,
			);
			path = View;
			sourceTree = "<group>";
		};
		E22341A92DD4C26300A67D04 /* ExamSummary */ = {
			isa = PBXGroup;
			children = (
				E22341AB2DD4C34100A67D04 /* ViewModel */,
				E22341AA2DD4C33A00A67D04 /* ViewController */,
			);
			path = ExamSummary;
			sourceTree = "<group>";
		};
		E22341AA2DD4C33A00A67D04 /* ViewController */ = {
			isa = PBXGroup;
			children = (
				E22341AC2DD4C35D00A67D04 /* ExamSummaryViewController.swift */,
			);
			path = ViewController;
			sourceTree = "<group>";
		};
		E22341AB2DD4C34100A67D04 /* ViewModel */ = {
			isa = PBXGroup;
			children = (
				E22341AE2DD4C5B000A67D04 /* ExamSummaryViewModel.swift */,
			);
			path = ViewModel;
			sourceTree = "<group>";
		};
		E23824DF2D0C1FA7009E7989 /* Onboarding */ = {
			isa = PBXGroup;
			children = (
				E25F94C92D0CB1BF00BA765F /* OnboardingComponents */,
				E25856D72D0DA97400355667 /* BeginOnboarding */,
				E25856D82D0DAA0400355667 /* CheckConcept */,
				E25856D92D0DAA2800355667 /* BeginPreviewTest */,
				E29CCD182D2982AD004AA30A /* PreviewTest */,
				E29CCD3B2D298656004AA30A /* PreviewResult */,
				E29CCD482D29867F004AA30A /* Greeting */,
				E2C1016A2DF2E10200C3512E /* OnboardingCoordinator.swift */,
			);
			path = Onboarding;
			sourceTree = "<group>";
		};
		E23962FC2D083B8F0092B39B = {
			isa = PBXGroup;
			children = (
				B1D7CE472F5EE18200E6C2CD /* MistakeNote */,
				B0C014955974425CB1F19F0D /* Onboarding */,
				B17C0EC22F5AA88900C8219A /* Account */,
				B18729F32DB5E5FB0050811C /* PDF */,
				E26AF7042D918F97006E3252 /* XCConfig */,
				E23963072D083B8F0092B39B /* QRIZ */,
				B13BC73D2F58273500E99FA2 /* Conceptbook */,
				B1BDD3572F4E459300834D57 /* ExamKit */,
				B18CDFE62F46F93A00CB3AB4 /* Network */,
				B13BC2F12F56E3B500E99FA2 /* Auth */,
				B1BDD0C42F4CCC5300834D57 /* DesignSystem */,
				B1DD53A52F45A85A00B60C85 /* QRIZUtils */,
				B17C0EC32F5AACD200C8219A /* Frameworks */,
				E23963062D083B8F0092B39B /* Products */,
			);
			sourceTree = "<group>";
		};
		E23963062D083B8F0092B39B /* Products */ = {
			isa = PBXGroup;
			children = (
				E23963052D083B8F0092B39B /* QRIZ.app */,
			);
			name = Products;
			sourceTree = "<group>";
		};
		E23963072D083B8F0092B39B /* QRIZ */ = {
			isa = PBXGroup;
			children = (
				B1004A992EC77C66000E4DE2 /* QRIZ.entitlements */,
				54DB0D952D094FAA00ABD458 /* App */,
				54DB0D962D09506C00ABD458 /* Feature */,
				B1D813782D768D3D00A9D447 /* Coordinator */,
				B1BDD0C92F4D2A5200834D57 /* Resources */,
				54DB0DA32D09524E00ABD458 /* SupportingFiles */,
			);
			path = QRIZ;
			sourceTree = "<group>";
		};
		E24907D02D619F22004D6E61 /* ViewModel */ = {
			isa = PBXGroup;
			children = (
				E24907D22D619F39004D6E61 /* DailyLearnViewModel.swift */,
			);
			path = ViewModel;
			sourceTree = "<group>";
		};
		E24907D12D619F2C004D6E61 /* View */ = {
			isa = PBXGroup;
			children = (
				E24907D92D63698C004D6E61 /* DailyLearnSectionTitleLabel.swift */,
				E28A93842D945F94006A15DB /* StudyContentCell.swift */,
			);
			path = View;
			sourceTree = "<group>";
		};
		E25856D72D0DA97400355667 /* BeginOnboarding */ = {
			isa = PBXGroup;
			children = (
				E29CCD122D2980B9004AA30A /* ViewModel */,
				E29CCD112D2980A3004AA30A /* ViewController */,
			);
			path = BeginOnboarding;
			sourceTree = "<group>";
		};
		E25856D82D0DAA0400355667 /* CheckConcept */ = {
			isa = PBXGroup;
			children = (
				E29CCD152D298124004AA30A /* View */,
				E29CCD142D29811E004AA30A /* ViewModel */,
				E29CCD132D298116004AA30A /* ViewController */,
			);
			path = CheckConcept;
			sourceTree = "<group>";
		};
		E25856D92D0DAA2800355667 /* BeginPreviewTest */ = {
			isa = PBXGroup;
			children = (
				E29CCD172D298152004AA30A /* ViewModel */,
				E29CCD162D29814A004AA30A /* ViewController */,
			);
			path = BeginPreviewTest;
			sourceTree = "<group>";
		};
		E258577D2DD0939500AE174C /* Exam */ = {
			isa = PBXGroup;
			children = (
				E211ADF42DE4673900AB24FE /* ExamResult */,
				E278431A2DDE0DE800E9AD07 /* ExamTest */,
				E22341A92DD4C26300A67D04 /* ExamSummary */,
				E25857822DD09E9800AE174C /* ExamList */,
				E2804CF42DFAD5D500F5F05D /* ExamCoordinator.swift */,
			);
			path = Exam;
			sourceTree = "<group>";
		};
		E25857822DD09E9800AE174C /* ExamList */ = {
			isa = PBXGroup;
			children = (
				E258578A2DD0C76B00AE174C /* View */,
				E25857832DD09E9E00AE174C /* ViewModel */,
				E25857842DD09EA400AE174C /* ViewController */,
			);
			path = ExamList;
			sourceTree = "<group>";
		};
		E25857832DD09E9E00AE174C /* ViewModel */ = {
			isa = PBXGroup;
			children = (
				E25857852DD09ED600AE174C /* ExamListViewModel.swift */,
			);
			path = ViewModel;
			sourceTree = "<group>";
		};
		E25857842DD09EA400AE174C /* ViewController */ = {
			isa = PBXGroup;
			children = (
				E258577E2DD093A700AE174C /* ExamListViewController.swift */,
			);
			path = ViewController;
			sourceTree = "<group>";
		};
		E258578A2DD0C76B00AE174C /* View */ = {
			isa = PBXGroup;
			children = (
				E258578C2DD0C7C300AE174C /* ExamListCell.swift */,
				E258578E2DD1D22900AE174C /* ExamListFilterButton.swift */,
				E25857902DD1DDA900AE174C /* ExamListFilterItemsView.swift */,
			);
			path = View;
			sourceTree = "<group>";
		};
		E25F33572DAFBA27002347D4 /* Daily */ = {
			isa = PBXGroup;
			children = (
				E2F18BCA2D60606A00DC6F82 /* DailyLearn */,
				E217C35F2D9BEA500095A3D8 /* DailyTest */,
				E217C3672D9BF0A10095A3D8 /* DailyResult */,
				E2804CF22DFAABD800F5F05D /* DailyCoordinator.swift */,
			);
			path = Daily;
			sourceTree = "<group>";
		};
		E25F33582DAFBA76002347D4 /* View */ = {
			isa = PBXGroup;
			children = (
				E25F335C2DAFBAF8002347D4 /* DailyResultView.swift */,
				E25F335E2DAFC222002347D4 /* DailyResultScoreView.swift */,
			);
			path = View;
			sourceTree = "<group>";
		};
		E25F33592DAFBA82002347D4 /* HostingController */ = {
			isa = PBXGroup;
			children = (
				E25F335A2DAFBA97002347D4 /* DailyResultHostingController.swift */,
			);
			path = HostingController;
			sourceTree = "<group>";
		};
		E25F94C92D0CB1BF00BA765F /* OnboardingComponents */ = {
			isa = PBXGroup;
			children = (
				E25F94CA2D0CB1DB00BA765F /* OnboardingTitleLabel.swift */,
				E25F94CC2D0CB50F00BA765F /* OnboardingSubtitleLabel.swift */,
				E25F94D02D0CB74700BA765F /* OnboardingButton.swift */,
			);
			path = OnboardingComponents;
			sourceTree = "<group>";
		};
		E26AF7042D918F97006E3252 /* XCConfig */ = {
			isa = PBXGroup;
			children = (
				E26AF7012D918EFC006E3252 /* Release.xcconfig */,
				E26AF7022D918F03006E3252 /* Debug.xcconfig */,
				E26AF7032D918F07006E3252 /* Shared.xcconfig */,
			);
			path = XCConfig;
			sourceTree = "<group>";
		};
		E278431A2DDE0DE800E9AD07 /* ExamTest */ = {
			isa = PBXGroup;
			children = (
				E27843222DDE151A00E9AD07 /* View */,
				E278431C2DDE0E2E00E9AD07 /* ViewModel */,
				E278431B2DDE0E2600E9AD07 /* ViewController */,
			);
			path = ExamTest;
			sourceTree = "<group>";
		};
		E278431B2DDE0E2600E9AD07 /* ViewController */ = {
			isa = PBXGroup;
			children = (
				E27843202DDE13B600E9AD07 /* ExamTestViewController.swift */,
			);
			path = ViewController;
			sourceTree = "<group>";
		};
		E278431C2DDE0E2E00E9AD07 /* ViewModel */ = {
			isa = PBXGroup;
			children = (
				E278431E2DDE0E4000E9AD07 /* ExamTestViewModel.swift */,
			);
			path = ViewModel;
			sourceTree = "<group>";
		};
		E27843222DDE151A00E9AD07 /* View */ = {
			isa = PBXGroup;
			children = (
				E27843232DDE152C00E9AD07 /* ExamTestFooterView.swift */,
			);
			path = View;
			sourceTree = "<group>";
		};
		E28BB1772D6AB3C200C7A003 /* ViewController */ = {
			isa = PBXGroup;
			children = (
				E29CCD462D29867F004AA30A /* GreetingViewController.swift */,
			);
			path = ViewController;
			sourceTree = "<group>";
		};
		E28BB1782D6AB3C900C7A003 /* ViewModel */ = {
			isa = PBXGroup;
			children = (
				E29CCD472D29867F004AA30A /* GreetingViewModel.swift */,
			);
			path = ViewModel;
			sourceTree = "<group>";
		};
		E29CCD112D2980A3004AA30A /* ViewController */ = {
			isa = PBXGroup;
			children = (
				E23824E02D0C3157009E7989 /* BeginOnboardingViewController.swift */,
			);
			path = ViewController;
			sourceTree = "<group>";
		};
		E29CCD122D2980B9004AA30A /* ViewModel */ = {
			isa = PBXGroup;
			children = (
				E25856DD2D0DADD300355667 /* BeginOnboardingViewModel.swift */,
			);
			path = ViewModel;
			sourceTree = "<group>";
		};
		E29CCD132D298116004AA30A /* ViewController */ = {
			isa = PBXGroup;
			children = (
				E25856D32D0D766900355667 /* CheckConceptViewController.swift */,
			);
			path = ViewController;
			sourceTree = "<group>";
		};
		E29CCD142D29811E004AA30A /* ViewModel */ = {
			isa = PBXGroup;
			children = (
				E2D70FED2D0EC037005A3F51 /* CheckConceptViewModel.swift */,
			);
			path = ViewModel;
			sourceTree = "<group>";
		};
		E29CCD152D298124004AA30A /* View */ = {
			isa = PBXGroup;
			children = (
				E2D70FEB2D0EBDDD005A3F51 /* CheckListCell.swift */,
				E24674442D6C730B00697D34 /* CheckAllOrNoneButton.swift */,
				E27E54A82D6D74C500BF3B55 /* CheckListFoldButton.swift */,
			);
			path = View;
			sourceTree = "<group>";
		};
		E29CCD162D29814A004AA30A /* ViewController */ = {
			isa = PBXGroup;
			children = (
				E25F94C72D0CAF1B00BA765F /* BeginPreviewTestViewController.swift */,
			);
			path = ViewController;
			sourceTree = "<group>";
		};
		E29CCD172D298152004AA30A /* ViewModel */ = {
			isa = PBXGroup;
			children = (
				E2D70FE72D0DD322005A3F51 /* BeginPreviewTestViewModel.swift */,
			);
			path = ViewModel;
			sourceTree = "<group>";
		};
		E29CCD182D2982AD004AA30A /* PreviewTest */ = {
			isa = PBXGroup;
			children = (
				E29CCD1A2D2982D1004AA30A /* ViewModel */,
				E29CCD192D2982C9004AA30A /* ViewController */,
			);
			path = PreviewTest;
			sourceTree = "<group>";
		};
		E29CCD192D2982C9004AA30A /* ViewController */ = {
			isa = PBXGroup;
			children = (
				E29CCD1B2D298303004AA30A /* PreviewTestViewController.swift */,
			);
			path = ViewController;
			sourceTree = "<group>";
		};
		E29CCD1A2D2982D1004AA30A /* ViewModel */ = {
			isa = PBXGroup;
			children = (
				E29CCD1D2D298316004AA30A /* PreviewTestViewModel.swift */,
			);
			path = ViewModel;
			sourceTree = "<group>";
		};
		E29CCD3B2D298656004AA30A /* PreviewResult */ = {
			isa = PBXGroup;
			children = (
				E29CCD502D2995F5004AA30A /* HostingController */,
				E29CCD4F2D2995BC004AA30A /* ViewController */,
				E29CCD4E2D2995B7004AA30A /* ViewModel */,
				E29CCD4D2D2995B2004AA30A /* View */,
			);
			path = PreviewResult;
			sourceTree = "<group>";
		};
		E29CCD482D29867F004AA30A /* Greeting */ = {
			isa = PBXGroup;
			children = (
				E28BB1772D6AB3C200C7A003 /* ViewController */,
				E28BB1782D6AB3C900C7A003 /* ViewModel */,
			);
			path = Greeting;
			sourceTree = "<group>";
		};
		E29CCD4D2D2995B2004AA30A /* View */ = {
			isa = PBXGroup;
			children = (
				E29CCD312D298656004AA30A /* PreviewResultBarGraphsView.swift */,
				E29CCD332D298656004AA30A /* PreviewResultConceptView.swift */,
				E29CCD512D299AD5004AA30A /* PreviewResultIncorrectConceptsRankView.swift */,
				E29CCD342D298656004AA30A /* PreviewResultIncorrectRankView.swift */,
				E25907C72D80732C0093121C /* PreviewResultScoreView.swift */,
				E25907CB2D8328FC0093121C /* PreviewResultView.swift */,
				E2C084BD2D89AF2C0096CE20 /* PreviewResultInfoView.swift */,
			);
			path = View;
			sourceTree = "<group>";
		};
		E29CCD4E2D2995B7004AA30A /* ViewModel */ = {
			isa = PBXGroup;
			children = (
				E29CCD372D298656004AA30A /* PreviewResultViewModel.swift */,
			);
			path = ViewModel;
			sourceTree = "<group>";
		};
		E29CCD4F2D2995BC004AA30A /* ViewController */ = {
			isa = PBXGroup;
			children = (
				E29CCD362D298656004AA30A /* PreviewResultViewController.swift */,
			);
			path = ViewController;
			sourceTree = "<group>";
		};
		E29CCD502D2995F5004AA30A /* HostingController */ = {
			isa = PBXGroup;
			children = (
				E29CCD322D298656004AA30A /* PreviewResultViewHostingController.swift */,
			);
			path = HostingController;
			sourceTree = "<group>";
		};
		E2F18BCA2D60606A00DC6F82 /* DailyLearn */ = {
			isa = PBXGroup;
			children = (
				E24907D12D619F2C004D6E61 /* View */,
				E24907D02D619F22004D6E61 /* ViewModel */,
				E2F18BCD2D6060B700DC6F82 /* ViewController */,
			);
			path = DailyLearn;
			sourceTree = "<group>";
		};
		E2F18BCD2D6060B700DC6F82 /* ViewController */ = {
			isa = PBXGroup;
			children = (
				E2F18BCE2D6060E900DC6F82 /* DailyLearnViewController.swift */,
			);
			path = ViewController;
			sourceTree = "<group>";
		};
/* End PBXGroup section */

/* Begin PBXNativeTarget section */
		E23963042D083B8F0092B39B /* QRIZ */ = {
			isa = PBXNativeTarget;
			buildConfigurationList = E239632F2D083B910092B39B /* Build configuration list for PBXNativeTarget "QRIZ" */;
			buildPhases = (
				E23963012D083B8F0092B39B /* Sources */,
				E23963022D083B8F0092B39B /* Frameworks */,
				E23963032D083B8F0092B39B /* Resources */,
			);
			buildRules = (
			);
			dependencies = (
			);
			fileSystemSynchronizedGroups = (
				B127B6D52DECBE1A0048401F /* Splash */,
				B190A2D92DBBC7C6008FDE86 /* View */,
				B190A2EE2DC4EAAD008FDE86 /* ViewController */,
				B190A2EF2DC4EAC5008FDE86 /* ViewModel */,
			);
			name = QRIZ;
			packageProductDependencies = (
				E292211D2E05478C00B6DC0D /* FirebaseAnalyticsWithoutAdIdSupport */,
				B18CDE652F45AD2A00CB3AB4 /* QRIZUtils */,
				B12FEEED2F46F98200280847 /* Network */,
				B1BDD0C62F4D26CD00834D57 /* DesignSystem */,
				F4E578BDAC154F81A58E0781EEE6FBD1 /* ExamKit */,
				B13BC2F32F56E3B500E99FA2 /* Auth */,
				B13BC73F2F58273500E99FA2 /* Conceptbook */,
				B17C0EC42F5AACD200C8219A /* Account */,
				B1D7CE492F5EE18200E6C2CD /* MistakeNote */,
				E9849FEE34F04512AEA4EBE2 /* Onboarding */,
			);
			productName = QRIZ;
			productReference = E23963052D083B8F0092B39B /* QRIZ.app */;
			productType = "com.apple.product-type.application";
		};
/* End PBXNativeTarget section */

/* Begin PBXProject section */
		E23962FD2D083B8F0092B39B /* Project object */ = {
			isa = PBXProject;
			attributes = {
				BuildIndependentTargetsInParallel = 1;
				LastSwiftUpdateCheck = 1540;
				LastUpgradeCheck = 1620;
				TargetAttributes = {
					E23963042D083B8F0092B39B = {
						CreatedOnToolsVersion = 15.4;
					};
				};
			};
			buildConfigurationList = E23963002D083B8F0092B39B /* Build configuration list for PBXProject "QRIZ" */;
			compatibilityVersion = "Xcode 14.0";
			developmentRegion = en;
			hasScannedForEncodings = 0;
			knownRegions = (
				en,
				Base,
			);
			mainGroup = E23962FC2D083B8F0092B39B;
			packageReferences = (
				E292211C2E05478C00B6DC0D /* XCRemoteSwiftPackageReference "firebase-ios-sdk" */,
			);
			productRefGroup = E23963062D083B8F0092B39B /* Products */;
			projectDirPath = "";
			projectRoot = "";
			targets = (
				E23963042D083B8F0092B39B /* QRIZ */,
			);
		};
/* End PBXProject section */

/* Begin PBXResourcesBuildPhase section */
		E23963032D083B8F0092B39B /* Resources */ = {
			isa = PBXResourcesBuildPhase;
			buildActionMask = 2147483647;
			files = (
				B13774AD2ED9D7AF001A614D /* GoogleService-Info.plist in Resources */,
				B1BDD0CA2F4D2A5200834D57 /* Assets.xcassets in Resources */,
			);
			runOnlyForDeploymentPostprocessing = 0;
		};
/* End PBXResourcesBuildPhase section */

/* Begin PBXSourcesBuildPhase section */
		E23963012D083B8F0092B39B /* Sources */ = {
			isa = PBXSourcesBuildPhase;
			buildActionMask = 2147483647;
			files = (
				E25F94CB2D0CB1DB00BA765F /* OnboardingTitleLabel.swift in Sources */,
				E258578D2DD0C7C300AE174C /* ExamListCell.swift in Sources */,
				E25F94D12D0CB74700BA765F /* OnboardingButton.swift in Sources */,
				E25907CC2D8328FC0093121C /* PreviewResultView.swift in Sources */,
				B1D8137A2D768D9B00A9D447 /* AppCoordinator.swift in Sources */,
				E211ADFE2DE47AED00AB24FE /* ExamResultHostingController.swift in Sources */,
				E25F335F2DAFC222002347D4 /* DailyResultScoreView.swift in Sources */,
				E22341AD2DD4C35D00A67D04 /* ExamSummaryViewController.swift in Sources */,
				E29CCD3C2D298656004AA30A /* PreviewResultBarGraphsView.swift in Sources */,
				E2C084BE2D89AF2C0096CE20 /* PreviewResultInfoView.swift in Sources */,
				B15109832E04DFA400657506 /* ChangePasswordMainView.swift in Sources */,
				E29CCD522D299AD5004AA30A /* PreviewResultIncorrectConceptsRankView.swift in Sources */,
				E29CCD492D29867F004AA30A /* GreetingViewController.swift in Sources */,
				B15109812E04DF8700657506 /* ChangePasswordViewModel.swift in Sources */,
				E29CCD1C2D298303004AA30A /* PreviewTestViewController.swift in Sources */,
				E25907C82D80732C0093121C /* PreviewResultScoreView.swift in Sources */,
				E29CCD4A2D29867F004AA30A /* GreetingViewModel.swift in Sources */,
				E29CCD3D2D298656004AA30A /* PreviewResultViewHostingController.swift in Sources */,
				B1D813772D6E0CD700A9D447 /* MyPageCoordinator.swift in Sources */,
				E27843242DDE152C00E9AD07 /* ExamTestFooterView.swift in Sources */,
				E2F18BCF2D6060E900DC6F82 /* DailyLearnViewController.swift in Sources */,
				B1D813712D6E0C1F00A9D447 /* HomeCoordinator.swift in Sources */,
				E23824E12D0C3157009E7989 /* BeginOnboardingViewController.swift in Sources */,
				E2D70FEE2D0EC037005A3F51 /* CheckConceptViewModel.swift in Sources */,
				E2804CF52DFAD5D500F5F05D /* ExamCoordinator.swift in Sources */,
				B15109852E05208B00657506 /* ChangePasswordInputView.swift in Sources */,
				E217C3692D9BF0B20095A3D8 /* DailyResultViewModel.swift in Sources */,
				E27E54A92D6D74C500BF3B55 /* CheckListFoldButton.swift in Sources */,
				E22341AF2DD4C5B000A67D04 /* ExamSummaryViewModel.swift in Sources */,
				E211AE032DE47D4D00AB24FE /* ExamResultScoreView.swift in Sources */,
				E29CCD422D298656004AA30A /* PreviewResultViewModel.swift in Sources */,
				E258577F2DD093A700AE174C /* ExamListViewController.swift in Sources */,
				E29CCD412D298656004AA30A /* PreviewResultViewController.swift in Sources */,
				E211ADFA2DE467A000AB24FE /* ExamResultViewController.swift in Sources */,
				E278431F2DDE0E4000E9AD07 /* ExamTestViewModel.swift in Sources */,
				E25F335B2DAFBA97002347D4 /* DailyResultHostingController.swift in Sources */,
				E23963092D083B900092B39B /* AppDelegate.swift in Sources */,
				E2D70FE82D0DD322005A3F51 /* BeginPreviewTestViewModel.swift in Sources */,
				E211AE072DE48FE700AB24FE /* ExamScoresGraphView.swift in Sources */,
				B151097F2E04DF0900657506 /* ChangePasswordViewController.swift in Sources */,
				E25856D42D0D766900355667 /* CheckConceptViewController.swift in Sources */,
				E25F94C82D0CAF1B00BA765F /* BeginPreviewTestViewController.swift in Sources */,
				E24674452D6C730B00697D34 /* CheckAllOrNoneButton.swift in Sources */,
				E25F335D2DAFBAF8002347D4 /* DailyResultView.swift in Sources */,
				E217C3622D9BEA8D0095A3D8 /* DailyTestViewController.swift in Sources */,
				B19C4FC52D6C226500CD008A /* TabBarCoordinator.swift in Sources */,
				E25857912DD1DDA900AE174C /* ExamListFilterItemsView.swift in Sources */,
				E29CCD3F2D298656004AA30A /* PreviewResultIncorrectRankView.swift in Sources */,
				E211ADFC2DE467B700AB24FE /* ExamResultViewModel.swift in Sources */,
				E239630B2D083B900092B39B /* SceneDelegate.swift in Sources */,
				E2D70FEC2D0EBDDD005A3F51 /* CheckListCell.swift in Sources */,
				E25857862DD09ED600AE174C /* ExamListViewModel.swift in Sources */,
				E258578F2DD1D22900AE174C /* ExamListFilterButton.swift in Sources */,
				E25856DE2D0DADD300355667 /* BeginOnboardingViewModel.swift in Sources */,
				E27843212DDE13B600E9AD07 /* ExamTestViewController.swift in Sources */,
				E2C1016B2DF2E10200C3512E /* OnboardingCoordinator.swift in Sources */,
				B151082A2DFFEA8C00657506 /* DeleteAccountViewController.swift in Sources */,
				B151082B2DFFEA8C00657506 /* MyPageViewController.swift in Sources */,
				B151082C2DFFEA8C00657506 /* SettingsViewController.swift in Sources */,
				E217C36B2D9BF0C30095A3D8 /* DailyResultViewController.swift in Sources */,
				E24907D32D619F39004D6E61 /* DailyLearnViewModel.swift in Sources */,
				E211AE012DE47B2900AB24FE /* ExamResultView.swift in Sources */,
				E29CCD3E2D298656004AA30A /* PreviewResultConceptView.swift in Sources */,
				E25F94CD2D0CB50F00BA765F /* OnboardingSubtitleLabel.swift in Sources */,
				E29CCD1E2D298316004AA30A /* PreviewTestViewModel.swift in Sources */,
				B151083E2DFFEB2700657506 /* MyPageSection.swift in Sources */,
				B151083F2DFFEB2700657506 /* ProfileCell.swift in Sources */,
				B15108402DFFEB2700657506 /* QuickActionsCell.swift in Sources */,
				B15108412DFFEB2700657506 /* SupportMenuCell.swift in Sources */,
				B15108422DFFEB2700657506 /* ProfileHeaderView.swift in Sources */,
				B15108432DFFEB2700657506 /* SettingsOptionView.swift in Sources */,
				B15108442DFFEB2700657506 /* DeleteAccountMainView.swift in Sources */,
				B15108452DFFEB2700657506 /* MyPageMainView.swift in Sources */,
				B15108462DFFEB2700657506 /* SettingsMainView.swift in Sources */,
				E28A93852D945F95006A15DB /* StudyContentCell.swift in Sources */,
				E217C3702D9BF2860095A3D8 /* DailyTestFooterView.swift in Sources */,
				E24907DA2D63698C004D6E61 /* DailyLearnSectionTitleLabel.swift in Sources */,
				E217C3662D9BEAC50095A3D8 /* DailyTestViewModel.swift in Sources */,
				E2804CF32DFAABD800F5F05D /* DailyCoordinator.swift in Sources */,
				E2908E602DA2C49E00B8E81B /* DailyTestTimerLabel.swift in Sources */,
				B151084F2E00346500657506 /* DeleteAccountViewModel.swift in Sources */,
				B15108502E00346500657506 /* MyPageViewModel.swift in Sources */,
				B15108512E00346500657506 /* SettingsViewModel.swift in Sources */,
			);
			runOnlyForDeploymentPostprocessing = 0;
		};
/* End PBXSourcesBuildPhase section */

/* Begin XCBuildConfiguration section */
		E239632D2D083B910092B39B /* Debug */ = {
			isa = XCBuildConfiguration;
			baseConfigurationReference = E26AF7022D918F03006E3252 /* Debug.xcconfig */;
			buildSettings = {
				ALWAYS_SEARCH_USER_PATHS = NO;
				ASSETCATALOG_COMPILER_GENERATE_SWIFT_ASSET_SYMBOL_EXTENSIONS = YES;
				CLANG_ANALYZER_NONNULL = YES;
				CLANG_ANALYZER_NUMBER_OBJECT_CONVERSION = YES_AGGRESSIVE;
				CLANG_CXX_LANGUAGE_STANDARD = "gnu++20";
				CLANG_ENABLE_MODULES = YES;
				CLANG_ENABLE_OBJC_ARC = YES;
				CLANG_ENABLE_OBJC_WEAK = YES;
				CLANG_WARN_BLOCK_CAPTURE_AUTORELEASING = YES;
				CLANG_WARN_BOOL_CONVERSION = YES;
				CLANG_WARN_COMMA = YES;
				CLANG_WARN_CONSTANT_CONVERSION = YES;
				CLANG_WARN_DEPRECATED_OBJC_IMPLEMENTATIONS = YES;
				CLANG_WARN_DIRECT_OBJC_ISA_USAGE = YES_ERROR;
				CLANG_WARN_DOCUMENTATION_COMMENTS = YES;
				CLANG_WARN_EMPTY_BODY = YES;
				CLANG_WARN_ENUM_CONVERSION = YES;
				CLANG_WARN_INFINITE_RECURSION = YES;
				CLANG_WARN_INT_CONVERSION = YES;
				CLANG_WARN_NON_LITERAL_NULL_CONVERSION = YES;
				CLANG_WARN_OBJC_IMPLICIT_RETAIN_SELF = YES;
				CLANG_WARN_OBJC_LITERAL_CONVERSION = YES;
				CLANG_WARN_OBJC_ROOT_CLASS = YES_ERROR;
				CLANG_WARN_QUOTED_INCLUDE_IN_FRAMEWORK_HEADER = YES;
				CLANG_WARN_RANGE_LOOP_ANALYSIS = YES;
				CLANG_WARN_STRICT_PROTOTYPES = YES;
				CLANG_WARN_SUSPICIOUS_MOVE = YES;
				CLANG_WARN_UNGUARDED_AVAILABILITY = YES_AGGRESSIVE;
				CLANG_WARN_UNREACHABLE_CODE = YES;
				CLANG_WARN__DUPLICATE_METHOD_MATCH = YES;
				COPY_PHASE_STRIP = NO;
				DEBUG_INFORMATION_FORMAT = dwarf;
				ENABLE_STRICT_OBJC_MSGSEND = YES;
				ENABLE_TESTABILITY = YES;
				ENABLE_USER_SCRIPT_SANDBOXING = YES;
				GCC_C_LANGUAGE_STANDARD = gnu17;
				GCC_DYNAMIC_NO_PIC = NO;
				GCC_NO_COMMON_BLOCKS = YES;
				GCC_OPTIMIZATION_LEVEL = 0;
				GCC_PREPROCESSOR_DEFINITIONS = (
					"DEBUG=1",
					"$(inherited)",
				);
				GCC_WARN_64_TO_32_BIT_CONVERSION = YES;
				GCC_WARN_ABOUT_RETURN_TYPE = YES_ERROR;
				GCC_WARN_UNDECLARED_SELECTOR = YES;
				GCC_WARN_UNINITIALIZED_AUTOS = YES_AGGRESSIVE;
				GCC_WARN_UNUSED_FUNCTION = YES;
				GCC_WARN_UNUSED_VARIABLE = YES;
				IPHONEOS_DEPLOYMENT_TARGET = 17.0;
				LOCALIZATION_PREFERS_STRING_CATALOGS = YES;
				MTL_ENABLE_DEBUG_INFO = INCLUDE_SOURCE;
				MTL_FAST_MATH = YES;
				ONLY_ACTIVE_ARCH = YES;
				SDKROOT = iphoneos;
				SWIFT_ACTIVE_COMPILATION_CONDITIONS = "DEBUG $(inherited)";
				SWIFT_OPTIMIZATION_LEVEL = "-Onone";
			};
			name = Debug;
		};
		E239632E2D083B910092B39B /* Release */ = {
			isa = XCBuildConfiguration;
			baseConfigurationReference = E26AF7012D918EFC006E3252 /* Release.xcconfig */;
			buildSettings = {
				ALWAYS_SEARCH_USER_PATHS = NO;
				ASSETCATALOG_COMPILER_GENERATE_SWIFT_ASSET_SYMBOL_EXTENSIONS = YES;
				CLANG_ANALYZER_NONNULL = YES;
				CLANG_ANALYZER_NUMBER_OBJECT_CONVERSION = YES_AGGRESSIVE;
				CLANG_CXX_LANGUAGE_STANDARD = "gnu++20";
				CLANG_ENABLE_MODULES = YES;
				CLANG_ENABLE_OBJC_ARC = YES;
				CLANG_ENABLE_OBJC_WEAK = YES;
				CLANG_WARN_BLOCK_CAPTURE_AUTORELEASING = YES;
				CLANG_WARN_BOOL_CONVERSION = YES;
				CLANG_WARN_COMMA = YES;
				CLANG_WARN_CONSTANT_CONVERSION = YES;
				CLANG_WARN_DEPRECATED_OBJC_IMPLEMENTATIONS = YES;
				CLANG_WARN_DIRECT_OBJC_ISA_USAGE = YES_ERROR;
				CLANG_WARN_DOCUMENTATION_COMMENTS = YES;
				CLANG_WARN_EMPTY_BODY = YES;
				CLANG_WARN_ENUM_CONVERSION = YES;
				CLANG_WARN_INFINITE_RECURSION = YES;
				CLANG_WARN_INT_CONVERSION = YES;
				CLANG_WARN_NON_LITERAL_NULL_CONVERSION = YES;
				CLANG_WARN_OBJC_IMPLICIT_RETAIN_SELF = YES;
				CLANG_WARN_OBJC_LITERAL_CONVERSION = YES;
				CLANG_WARN_OBJC_ROOT_CLASS = YES_ERROR;
				CLANG_WARN_QUOTED_INCLUDE_IN_FRAMEWORK_HEADER = YES;
				CLANG_WARN_RANGE_LOOP_ANALYSIS = YES;
				CLANG_WARN_STRICT_PROTOTYPES = YES;
				CLANG_WARN_SUSPICIOUS_MOVE = YES;
				CLANG_WARN_UNGUARDED_AVAILABILITY = YES_AGGRESSIVE;
				CLANG_WARN_UNREACHABLE_CODE = YES;
				CLANG_WARN__DUPLICATE_METHOD_MATCH = YES;
				COPY_PHASE_STRIP = NO;
				DEBUG_INFORMATION_FORMAT = "dwarf-with-dsym";
				ENABLE_NS_ASSERTIONS = NO;
				ENABLE_STRICT_OBJC_MSGSEND = YES;
				ENABLE_USER_SCRIPT_SANDBOXING = YES;
				GCC_C_LANGUAGE_STANDARD = gnu17;
				GCC_NO_COMMON_BLOCKS = YES;
				GCC_WARN_64_TO_32_BIT_CONVERSION = YES;
				GCC_WARN_ABOUT_RETURN_TYPE = YES_ERROR;
				GCC_WARN_UNDECLARED_SELECTOR = YES;
				GCC_WARN_UNINITIALIZED_AUTOS = YES_AGGRESSIVE;
				GCC_WARN_UNUSED_FUNCTION = YES;
				GCC_WARN_UNUSED_VARIABLE = YES;
				IPHONEOS_DEPLOYMENT_TARGET = 17.0;
				LOCALIZATION_PREFERS_STRING_CATALOGS = YES;
				MTL_ENABLE_DEBUG_INFO = NO;
				MTL_FAST_MATH = YES;
				SDKROOT = iphoneos;
				SWIFT_COMPILATION_MODE = wholemodule;
				VALIDATE_PRODUCT = YES;
			};
			name = Release;
		};
		E23963302D083B910092B39B /* Debug */ = {
			isa = XCBuildConfiguration;
			baseConfigurationReference = E26AF7022D918F03006E3252 /* Debug.xcconfig */;
			buildSettings = {
				ASSETCATALOG_COMPILER_APPICON_NAME = AppIcon;
				ASSETCATALOG_COMPILER_GLOBAL_ACCENT_COLOR_NAME = AccentColor;
				CODE_SIGN_ENTITLEMENTS = QRIZ/QRIZ.entitlements;
				CODE_SIGN_IDENTITY = "Apple Development";
				CODE_SIGN_STYLE = Automatic;
				CURRENT_PROJECT_VERSION = 1;
				DEVELOPMENT_TEAM = 7G8HP2JBMK;
				GENERATE_INFOPLIST_FILE = YES;
				INFOPLIST_FILE = QRIZ/SupportingFiles/Info.plist;
				INFOPLIST_KEY_UIApplicationSupportsIndirectInputEvents = YES;
				INFOPLIST_KEY_UILaunchStoryboardName = LaunchScreen;
				INFOPLIST_KEY_UISupportedInterfaceOrientations = UIInterfaceOrientationPortrait;
				INFOPLIST_KEY_UISupportedInterfaceOrientations_iPad = "UIInterfaceOrientationLandscapeLeft UIInterfaceOrientationLandscapeRight UIInterfaceOrientationPortrait UIInterfaceOrientationPortraitUpsideDown";
				IPHONEOS_DEPLOYMENT_TARGET = 17.0;
				LD_RUNPATH_SEARCH_PATHS = (
					"$(inherited)",
					"@executable_path/Frameworks",
				);
				MARKETING_VERSION = 1.1.1;
				PRODUCT_BUNDLE_IDENTIFIER = com.ksh.qriz;
				PRODUCT_NAME = "$(TARGET_NAME)";
				PROVISIONING_PROFILE_SPECIFIER = "";
				SUPPORTED_PLATFORMS = "iphoneos iphonesimulator";
				SUPPORTS_MACCATALYST = NO;
				SUPPORTS_MAC_DESIGNED_FOR_IPHONE_IPAD = NO;
				SUPPORTS_XR_DESIGNED_FOR_IPHONE_IPAD = NO;
				SWIFT_EMIT_LOC_STRINGS = YES;
				SWIFT_VERSION = 5.0;
				TARGETED_DEVICE_FAMILY = 1;
			};
			name = Debug;
		};
		E23963312D083B910092B39B /* Release */ = {
			isa = XCBuildConfiguration;
			baseConfigurationReference = E26AF7012D918EFC006E3252 /* Release.xcconfig */;
			buildSettings = {
				ASSETCATALOG_COMPILER_APPICON_NAME = AppIcon;
				ASSETCATALOG_COMPILER_GLOBAL_ACCENT_COLOR_NAME = AccentColor;
				CODE_SIGN_ENTITLEMENTS = QRIZ/QRIZ.entitlements;
				CODE_SIGN_IDENTITY = "Apple Development";
				CODE_SIGN_STYLE = Automatic;
				CURRENT_PROJECT_VERSION = 1;
				DEVELOPMENT_TEAM = 7G8HP2JBMK;
				GENERATE_INFOPLIST_FILE = YES;
				INFOPLIST_FILE = QRIZ/SupportingFiles/Info.plist;
				INFOPLIST_KEY_UIApplicationSupportsIndirectInputEvents = YES;
				INFOPLIST_KEY_UILaunchStoryboardName = LaunchScreen;
				INFOPLIST_KEY_UISupportedInterfaceOrientations = UIInterfaceOrientationPortrait;
				INFOPLIST_KEY_UISupportedInterfaceOrientations_iPad = "UIInterfaceOrientationLandscapeLeft UIInterfaceOrientationLandscapeRight UIInterfaceOrientationPortrait UIInterfaceOrientationPortraitUpsideDown";
				IPHONEOS_DEPLOYMENT_TARGET = 17.0;
				LD_RUNPATH_SEARCH_PATHS = (
					"$(inherited)",
					"@executable_path/Frameworks",
				);
				MARKETING_VERSION = 1.1.1;
				PRODUCT_BUNDLE_IDENTIFIER = com.ksh.qriz;
				PRODUCT_NAME = "$(TARGET_NAME)";
				PROVISIONING_PROFILE_SPECIFIER = "";
				SUPPORTED_PLATFORMS = "iphoneos iphonesimulator";
				SUPPORTS_MACCATALYST = NO;
				SUPPORTS_MAC_DESIGNED_FOR_IPHONE_IPAD = NO;
				SUPPORTS_XR_DESIGNED_FOR_IPHONE_IPAD = NO;
				SWIFT_EMIT_LOC_STRINGS = YES;
				SWIFT_VERSION = 5.0;
				TARGETED_DEVICE_FAMILY = 1;
			};
			name = Release;
		};
/* End XCBuildConfiguration section */

/* Begin XCConfigurationList section */
		E23963002D083B8F0092B39B /* Build configuration list for PBXProject "QRIZ" */ = {
			isa = XCConfigurationList;
			buildConfigurations = (
				E239632D2D083B910092B39B /* Debug */,
				E239632E2D083B910092B39B /* Release */,
			);
			defaultConfigurationIsVisible = 0;
			defaultConfigurationName = Release;
		};
		E239632F2D083B910092B39B /* Build configuration list for PBXNativeTarget "QRIZ" */ = {
			isa = XCConfigurationList;
			buildConfigurations = (
				E23963302D083B910092B39B /* Debug */,
				E23963312D083B910092B39B /* Release */,
			);
			defaultConfigurationIsVisible = 0;
			defaultConfigurationName = Release;
		};
/* End XCConfigurationList section */

/* Begin XCRemoteSwiftPackageReference section */
		E292211C2E05478C00B6DC0D /* XCRemoteSwiftPackageReference "firebase-ios-sdk" */ = {
			isa = XCRemoteSwiftPackageReference;
			repositoryURL = "https://github.com/firebase/firebase-ios-sdk";
			requirement = {
				kind = upToNextMajorVersion;
				minimumVersion = 11.14.0;
			};
		};
/* End XCRemoteSwiftPackageReference section */

/* Begin XCSwiftPackageProductDependency section */
		B12FEEED2F46F98200280847 /* Network */ = {
			isa = XCSwiftPackageProductDependency;
			productName = Network;
		};
		B13BC2F32F56E3B500E99FA2 /* Auth */ = {
			isa = XCSwiftPackageProductDependency;
			productName = Auth;
		};
		B13BC73F2F58273500E99FA2 /* Conceptbook */ = {
			isa = XCSwiftPackageProductDependency;
			productName = Conceptbook;
		};
		B17C0EC42F5AACD200C8219A /* Account */ = {
			isa = XCSwiftPackageProductDependency;
			productName = Account;
		};
		B1D7CE492F5EE18200E6C2CD /* MistakeNote */ = {
			isa = XCSwiftPackageProductDependency;
			productName = MistakeNote;
		};
		E9849FEE34F04512AEA4EBE2 /* Onboarding */ = {
			isa = XCSwiftPackageProductDependency;
			productName = Onboarding;
		};
		B18CDE652F45AD2A00CB3AB4 /* QRIZUtils */ = {
			isa = XCSwiftPackageProductDependency;
			productName = QRIZUtils;
		};
		B1BDD0C62F4D26CD00834D57 /* DesignSystem */ = {
			isa = XCSwiftPackageProductDependency;
			productName = DesignSystem;
		};
		E292211D2E05478C00B6DC0D /* FirebaseAnalyticsWithoutAdIdSupport */ = {
			isa = XCSwiftPackageProductDependency;
			package = E292211C2E05478C00B6DC0D /* XCRemoteSwiftPackageReference "firebase-ios-sdk" */;
			productName = FirebaseAnalyticsWithoutAdIdSupport;
		};
		F4E578BDAC154F81A58E0781EEE6FBD1 /* ExamKit */ = {
			isa = XCSwiftPackageProductDependency;
			productName = ExamKit;
		};
/* End XCSwiftPackageProductDependency section */
	};
	rootObject = E23962FD2D083B8F0092B39B /* Project object */;
}
